{
  "version": 4,
  "terraform_version": "1.11.2",
  "serial": 33,
  "lineage": "5ca707ee-a504-6c44-e618-37527e1d1442",
  "outputs": {
    "api_url": {
      "value": "https://apim-external-aks-0420.azure-api.net/albums",
      "type": "string"
    }
  },
  "resources": [
    {
      "mode": "data",
      "type": "azurerm_client_config",
      "name": "current",
      "provider": "provider[\"registry.terraform.io/hashicorp/azurerm\"]",
      "instances": [
        {
          "schema_version": 0,
          "attributes": {
            "client_id": "04b07795-8ddb-461a-bbee-02f9e1bf7b46",
            "id": "Y2xpZW50Q29uZmlncy9jbGllbnRJZD0wNGIwNzc5NS04ZGRiLTQ2MWEtYmJlZS0wMmY5ZTFiZjdiNDY7b2JqZWN0SWQ9ODhhMGFlOWEtY2FkYy00ZTFlLWFkNmMtN2U2YWRmYTBkMjYzO3N1YnNjcmlwdGlvbklkPWVkY2NiZDNlLWZiMTQtNDQ0ZC05MmFlLWU0M2RhMjAwOGM2OTt0ZW5hbnRJZD05ZDQyN2FmMi0xNGY1LTRhMjEtYWQyOS05YmY4NjgzZGExNTU=",
            "object_id": "88a0ae9a-cadc-4e1e-ad6c-7e6adfa0d263",
            "subscription_id": "edccbd3e-fb14-444d-92ae-e43da2008c69",
            "tenant_id": "9d427af2-14f5-4a21-ad29-9bf8683da155",
            "timeouts": null
          },
          "sensitive_attributes": []
        }
      ]
    },
    {
      "mode": "managed",
      "type": "azurerm_api_management",
      "name": "apim",
      "provider": "provider[\"registry.terraform.io/hashicorp/azurerm\"]",
      "instances": [
        {
          "schema_version": 0,
          "attributes": {
            "additional_location": [],
            "certificate": [],
            "client_certificate_enabled": false,
            "delegation": [
              {
                "subscriptions_enabled": false,
                "url": "",
                "user_registration_enabled": false,
                "validation_key": ""
              }
            ],
            "developer_portal_url": "https://apim-external-aks-0420.developer.azure-api.net",
            "gateway_disabled": false,
            "gateway_regional_url": "https://apim-external-aks-0420-eastasia-01.regional.azure-api.net",
            "gateway_url": "https://apim-external-aks-0420.azure-api.net",
            "hostname_configuration": [
              {
                "developer_portal": [],
                "management": [],
                "portal": [],
                "proxy": [
                  {
                    "certificate": "",
                    "certificate_password": "",
                    "certificate_source": "BuiltIn",
                    "certificate_status": "",
                    "default_ssl_binding": true,
                    "expiry": "",
                    "host_name": "apim-external-aks-0420.azure-api.net",
                    "key_vault_id": "",
                    "negotiate_client_certificate": false,
                    "ssl_keyvault_identity_client_id": "",
                    "subject": "",
                    "thumbprint": ""
                  }
                ],
                "scm": []
              }
            ],
            "id": "/subscriptions/edccbd3e-fb14-444d-92ae-e43da2008c69/resourceGroups/rg-aks-apim-0420/providers/Microsoft.ApiManagement/service/apim-external-aks-0420",
            "identity": [],
            "location": "eastasia",
            "management_api_url": "https://apim-external-aks-0420.management.azure-api.net",
            "min_api_version": "",
            "name": "apim-external-aks-0420",
            "notification_sender_email": "apimgmt-noreply@mail.windowsazure.com",
            "policy": [
              {
                "xml_content": "\u003c!--\r\n    IMPORTANT:\r\n    - Policy elements can appear only within the \u003cinbound\u003e, \u003coutbound\u003e, \u003cbackend\u003e section elements.\r\n    - Only the \u003cforward-request\u003e policy element can appear within the \u003cbackend\u003e section element.\r\n    - To apply a policy to the incoming request (before it is forwarded to the backend service), place a corresponding policy element within the \u003cinbound\u003e section element.\r\n    - To apply a policy to the outgoing response (before it is sent back to the caller), place a corresponding policy element within the \u003coutbound\u003e section element.\r\n    - To add a policy position the cursor at the desired insertion point and click on the round button associated with the policy.\r\n    - To remove a policy, delete the corresponding policy statement from the policy document.\r\n    - Policies are applied in the order of their appearance, from the top down.\r\n--\u003e\r\n\u003cpolicies\u003e\r\n\t\u003cinbound /\u003e\r\n\t\u003cbackend\u003e\r\n\t\t\u003cforward-request /\u003e\r\n\t\u003c/backend\u003e\r\n\t\u003coutbound /\u003e\r\n\u003c/policies\u003e",
                "xml_link": ""
              }
            ],
            "portal_url": "https://apim-external-aks-0420.portal.azure-api.net",
            "private_ip_addresses": [],
            "protocols": [
              {
                "enable_http2": false
              }
            ],
            "public_ip_address_id": "/subscriptions/edccbd3e-fb14-444d-92ae-e43da2008c69/resourceGroups/rg-aks-apim-0420/providers/Microsoft.Network/publicIPAddresses/pip-apim",
            "public_ip_addresses": [
              "20.2.211.56"
            ],
            "public_network_access_enabled": true,
            "publisher_email": "zephoonyu@protonmail.com",
            "publisher_name": "zephoonyu",
            "resource_group_name": "rg-aks-apim-0420",
            "scm_url": "https://apim-external-aks-0420.scm.azure-api.net",
            "security": [
              {
                "enable_backend_ssl30": false,
                "enable_backend_tls10": false,
                "enable_backend_tls11": false,
                "enable_frontend_ssl30": false,
                "enable_frontend_tls10": false,
                "enable_frontend_tls11": false,
                "tls_ecdhe_ecdsa_with_aes128_cbc_sha_ciphers_enabled": false,
                "tls_ecdhe_ecdsa_with_aes256_cbc_sha_ciphers_enabled": false,
                "tls_ecdhe_rsa_with_aes128_cbc_sha_ciphers_enabled": false,
                "tls_ecdhe_rsa_with_aes256_cbc_sha_ciphers_enabled": false,
                "tls_rsa_with_aes128_cbc_sha256_ciphers_enabled": false,
                "tls_rsa_with_aes128_cbc_sha_ciphers_enabled": false,
                "tls_rsa_with_aes128_gcm_sha256_ciphers_enabled": false,
                "tls_rsa_with_aes256_cbc_sha256_ciphers_enabled": false,
                "tls_rsa_with_aes256_cbc_sha_ciphers_enabled": false,
                "tls_rsa_with_aes256_gcm_sha384_ciphers_enabled": false,
                "triple_des_ciphers_enabled": false
              }
            ],
            "sign_in": [
              {
                "enabled": false
              }
            ],
            "sign_up": [
              {
                "enabled": false,
                "terms_of_service": [
                  {
                    "consent_required": false,
                    "enabled": false,
                    "text": ""
                  }
                ]
              }
            ],
            "sku_name": "Developer_1",
            "tags": {},
            "tenant_access": [
              {
                "enabled": false,
                "primary_key": "a9qq9nuPipnI877FF6mTKes5TosFJua6OCY7Hvy8Q9bw+MoPQ88HAw844tVvK1p7+r4mTHGEyshMHwsNegJz2A==",
                "secondary_key": "nLMBVlk5d0UFLjtuGpmPGQxMQuXT8UATnqJouY/Zg7/zu5O5nPWA09qcf0WPLN1t6wWE8Ib/BzzwZtEelTBSiQ==",
                "tenant_id": "/tenant/access"
              }
            ],
            "timeouts": null,
            "virtual_network_configuration": [
              {
                "subnet_id": "/subscriptions/edccbd3e-fb14-444d-92ae-e43da2008c69/resourceGroups/rg-aks-apim-0420/providers/Microsoft.Network/virtualNetworks/vnet-spoke/subnets/snet-apim"
              }
            ],
            "virtual_network_type": "External",
            "zones": []
          },
          "sensitive_attributes": [
            [
              {
                "type": "get_attr",
                "value": "delegation"
              },
              {
                "type": "index",
                "value": {
                  "value": 0,
                  "type": "number"
                }
              },
              {
                "type": "get_attr",
                "value": "validation_key"
              }
            ],
            [
              {
                "type": "get_attr",
                "value": "tenant_access"
              },
              {
                "type": "index",
                "value": {
                  "value": 0,
                  "type": "number"
                }
              },
              {
                "type": "get_attr",
                "value": "primary_key"
              }
            ],
            [
              {
                "type": "get_attr",
                "value": "tenant_access"
              },
              {
                "type": "index",
                "value": {
                  "value": 0,
                  "type": "number"
                }
              },
              {
                "type": "get_attr",
                "value": "secondary_key"
              }
            ],
            [
              {
                "type": "get_attr",
                "value": "hostname_configuration"
              },
              {
                "type": "index",
                "value": {
                  "value": 0,
                  "type": "number"
                }
              },
              {
                "type": "get_attr",
                "value": "proxy"
              },
              {
                "type": "index",
                "value": {
                  "value": 0,
                  "type": "number"
                }
              },
              {
                "type": "get_attr",
                "value": "certificate_password"
              }
            ],
            [
              {
                "type": "get_attr",
                "value": "hostname_configuration"
              },
              {
                "type": "index",
                "value": {
                  "value": 0,
                  "type": "number"
                }
              },
              {
                "type": "get_attr",
                "value": "proxy"
              },
              {
                "type": "index",
                "value": {
                  "value": 0,
                  "type": "number"
                }
              },
              {
                "type": "get_attr",
                "value": "certificate"
              }
            ]
          ],
          "private": "eyJlMmJmYjczMC1lY2FhLTExZTYtOGY4OC0zNDM2M2JjN2M0YzAiOnsiY3JlYXRlIjoxMDgwMDAwMDAwMDAwMCwiZGVsZXRlIjoxMDgwMDAwMDAwMDAwMCwicmVhZCI6MzAwMDAwMDAwMDAwLCJ1cGRhdGUiOjEwODAwMDAwMDAwMDAwfX0=",
          "dependencies": [
            "azurerm_network_security_group.nsg-apim",
            "azurerm_public_ip.pip-apim",
            "azurerm_resource_group.rg",
            "azurerm_subnet.snet-apim",
            "azurerm_subnet_network_security_group_association.nsg-association",
            "azurerm_virtual_network.vnet-spoke"
          ]
        }
      ]
    },
    {
      "mode": "managed",
      "type": "azurerm_api_management_api",
      "name": "api-albums",
      "provider": "provider[\"registry.terraform.io/hashicorp/azurerm\"]",
      "instances": [
        {
          "schema_version": 1,
          "attributes": {
            "api_management_name": "apim-external-aks-0420",
            "api_type": "http",
            "contact": [],
            "description": "",
            "display_name": "api-albums",
            "id": "/subscriptions/edccbd3e-fb14-444d-92ae-e43da2008c69/resourceGroups/rg-aks-apim-0420/providers/Microsoft.ApiManagement/service/apim-external-aks-0420/apis/api-albums;rev=1",
            "import": [],
            "is_current": true,
            "is_online": false,
            "license": [],
            "name": "api-albums",
            "oauth2_authorization": [],
            "openid_authentication": [],
            "path": "albums",
            "protocols": [
              "http",
              "https"
            ],
            "resource_group_name": "rg-aks-apim-0420",
            "revision": "1",
            "revision_description": "",
            "service_url": "http://webapi_dns.internal.webapi/api/v1/hello",
            "soap_pass_through": false,
            "source_api_id": null,
            "subscription_key_parameter_names": [
              {
                "header": "Ocp-Apim-Subscription-Key",
                "query": "subscription-key"
              }
            ],
            "subscription_required": false,
            "terms_of_service_url": "",
            "timeouts": null,
            "version": "",
            "version_description": "",
            "version_set_id": ""
          },
          "sensitive_attributes": [],
          "private": "eyJlMmJmYjczMC1lY2FhLTExZTYtOGY4OC0zNDM2M2JjN2M0YzAiOnsiY3JlYXRlIjoxODAwMDAwMDAwMDAwLCJkZWxldGUiOjE4MDAwMDAwMDAwMDAsInJlYWQiOjMwMDAwMDAwMDAwMCwidXBkYXRlIjoxODAwMDAwMDAwMDAwfSwic2NoZW1hX3ZlcnNpb24iOiIxIn0=",
          "dependencies": [
            "azurerm_api_management.apim",
            "azurerm_network_security_group.nsg-apim",
            "azurerm_public_ip.pip-apim",
            "azurerm_resource_group.rg",
            "azurerm_subnet.snet-apim",
            "azurerm_subnet_network_security_group_association.nsg-association",
            "azurerm_virtual_network.vnet-spoke"
          ]
        }
      ]
    },
    {
      "mode": "managed",
      "type": "azurerm_api_management_api_operation",
      "name": "operation-get-albums",
      "provider": "provider[\"registry.terraform.io/hashicorp/azurerm\"]",
      "instances": [
        {
          "schema_version": 0,
          "attributes": {
            "api_management_name": "apim-external-aks-0420",
            "api_name": "api-albums",
            "description": "GET returns sample JSON file.",
            "display_name": "GET",
            "id": "/subscriptions/edccbd3e-fb14-444d-92ae-e43da2008c69/resourceGroups/rg-aks-apim-0420/providers/Microsoft.ApiManagement/service/apim-external-aks-0420/apis/api-albums/operations/api-albums-get",
            "method": "GET",
            "operation_id": "api-albums-get",
            "request": [
              {
                "description": "",
                "header": [],
                "query_parameter": [],
                "representation": []
              }
            ],
            "resource_group_name": "rg-aks-apim-0420",
            "response": [],
            "template_parameter": [],
            "timeouts": null,
            "url_template": "/"
          },
          "sensitive_attributes": [],
          "private": "eyJlMmJmYjczMC1lY2FhLTExZTYtOGY4OC0zNDM2M2JjN2M0YzAiOnsiY3JlYXRlIjoxODAwMDAwMDAwMDAwLCJkZWxldGUiOjE4MDAwMDAwMDAwMDAsInJlYWQiOjMwMDAwMDAwMDAwMCwidXBkYXRlIjoxODAwMDAwMDAwMDAwfX0=",
          "dependencies": [
            "azurerm_api_management.apim",
            "azurerm_api_management_api.api-albums",
            "azurerm_network_security_group.nsg-apim",
            "azurerm_public_ip.pip-apim",
            "azurerm_resource_group.rg",
            "azurerm_subnet.snet-apim",
            "azurerm_subnet_network_security_group_association.nsg-association",
            "azurerm_virtual_network.vnet-spoke"
          ]
        }
      ]
    },
    {
      "mode": "managed",
      "type": "azurerm_key_vault",
      "name": "keyvault",
      "provider": "provider[\"registry.terraform.io/hashicorp/azurerm\"]",
      "instances": [
        {
          "schema_version": 2,
          "attributes": {
            "access_policy": [],
            "contact": [],
            "enable_rbac_authorization": true,
            "enabled_for_deployment": false,
            "enabled_for_disk_encryption": false,
            "enabled_for_template_deployment": false,
            "id": "/subscriptions/edccbd3e-fb14-444d-92ae-e43da2008c69/resourceGroups/rg-aks-apim-0420/providers/Microsoft.KeyVault/vaults/kv4aks0420",
            "location": "eastasia",
            "name": "kv4aks0420",
            "network_acls": [
              {
                "bypass": "AzureServices",
                "default_action": "Allow",
                "ip_rules": [],
                "virtual_network_subnet_ids": []
              }
            ],
            "public_network_access_enabled": true,
            "purge_protection_enabled": false,
            "resource_group_name": "rg-aks-apim-0420",
            "sku_name": "standard",
            "soft_delete_retention_days": 7,
            "tags": {},
            "tenant_id": "9d427af2-14f5-4a21-ad29-9bf8683da155",
            "timeouts": null,
            "vault_uri": "https://kv4aks0420.vault.azure.net/"
          },
          "sensitive_attributes": [],
          "private": "eyJlMmJmYjczMC1lY2FhLTExZTYtOGY4OC0zNDM2M2JjN2M0YzAiOnsiY3JlYXRlIjoxODAwMDAwMDAwMDAwLCJkZWxldGUiOjE4MDAwMDAwMDAwMDAsInJlYWQiOjMwMDAwMDAwMDAwMCwidXBkYXRlIjoxODAwMDAwMDAwMDAwfSwic2NoZW1hX3ZlcnNpb24iOiIyIn0=",
          "dependencies": [
            "azurerm_resource_group.rg",
            "data.azurerm_client_config.current"
          ]
        }
      ]
    },
    {
      "mode": "managed",
      "type": "azurerm_key_vault_certificate",
      "name": "aks-ingress-tls-01",
      "provider": "provider[\"registry.terraform.io/hashicorp/azurerm\"]",
      "instances": [
        {
          "schema_version": 0,
          "attributes": {
            "certificate": [],
            "certificate_attribute": [
              {
                "created": "2025-04-20T09:03:06Z",
                "enabled": true,
                "expires": "2026-04-20T09:03:05Z",
                "not_before": "2025-04-20T08:53:05Z",
                "recovery_level": "CustomizedRecoverable+Purgeable",
                "updated": "2025-04-20T09:03:06Z"
              }
            ],
            "certificate_data": "308203333082021BA00302010202101E777E311EFE429CA52AC0EEA9F83330300D06092A864886F70D01010B05003011310F300D06035504031306776562617069301E170D3235303432303038353330355A170D3236303432303039303330355A3011310F300D0603550403130677656261706930820122300D06092A864886F70D01010105000382010F003082010A0282010100A63DB786D572CD030373C0AFDF3247199C4DAC5D80B2D614086837F92F48348EA3D87C7150821405050AFD58196BD537A92B6B0234A2C410A4B35E13AD45CD30BC2CC988E3F689C86A74607F81A7AB69895AC71C580A07C052A9D4406415D84AB4C530105E7C55AAF3D0BA26DBD764ABE6F15DA5C154B61A584EFA489545308F464475812698BFE6F82F118363FB9F8A519C1542A848DFB04E17E877BE96B2FBD750471E87BFFDB5A4AA6949A1A97002F3CB83CADE43EC7D6A4F9DF9A48B437620C3B1EBD47E1C16355179C5F4E08F4AAD2DE0566F6D7BC09DE9420FDABBA21EDA67C89595A32152C78B74A03E7375153DEFE43C838329C7D83E6876D6BF7E3D0203010001A38186308183300E0603551D0F0101FF0404030201BE30090603551D130402300030130603551D25040C300A06082B0601050507030130110603551D11040A30088206776562617069301F0603551D2304183016801407B162356B9FF938BEC81D7FFEF8B1DB5D636E2C301D0603551D0E0416041407B162356B9FF938BEC81D7FFEF8B1DB5D636E2C300D06092A864886F70D01010B0500038201010041671709C34D345E7C1078E2067C0378F72E2CF665CD7FF15F22D5D7D06FADD5308133334F6EE7B1A48F41038B26D4A6F055702D74552DA1479E626C58FB36575CC2191B2910FDC45937D5F4E5A064A32ED73BFAC6A1B9EEDA9D51B76C485C8CA773E3B2D73A34ABC66D4FEA899E1F9FFA002CAFE5FCB76FF569C1218671BC7D9AB21AE4DF7E0CF7A2121287C85E52FF2CAD1E65433FE128A5C8990D5C3489773FE3DC381074517DBF972A3900E28BA1BA90BE97C3B989AA3532C4FF4166461B34B616094896B04416A5B400141AC6B5BB7AF0F102D029BB88AA8F96158A9ACFE5718FE3FADB4B5FCAB112017B71B45D90B81C1A0AED32B980638D67796140E5",
            "certificate_data_base64": "MIIDMzCCAhugAwIBAgIQHnd+MR7+QpylKsDuqfgzMDANBgkqhkiG9w0BAQsFADARMQ8wDQYDVQQDEwZ3ZWJhcGkwHhcNMjUwNDIwMDg1MzA1WhcNMjYwNDIwMDkwMzA1WjARMQ8wDQYDVQQDEwZ3ZWJhcGkwggEiMA0GCSqGSIb3DQEBAQUAA4IBDwAwggEKAoIBAQCmPbeG1XLNAwNzwK/fMkcZnE2sXYCy1hQIaDf5L0g0jqPYfHFQghQFBQr9WBlr1TepK2sCNKLEEKSzXhOtRc0wvCzJiOP2ichqdGB/gaeraYlaxxxYCgfAUqnUQGQV2Eq0xTAQXnxVqvPQuibb12Sr5vFdpcFUthpYTvpIlUUwj0ZEdYEmmL/m+C8Rg2P7n4pRnBVCqEjfsE4X6He+lrL711BHHoe//bWkqmlJoalwAvPLg8reQ+x9ak+d+aSLQ3Ygw7Hr1H4cFjVRecX04I9KrS3gVm9te8Cd6UIP2ruiHtpnyJWVoyFSx4t0oD5zdRU97+Q8g4Mpx9g+aHbWv349AgMBAAGjgYYwgYMwDgYDVR0PAQH/BAQDAgG+MAkGA1UdEwQCMAAwEwYDVR0lBAwwCgYIKwYBBQUHAwEwEQYDVR0RBAowCIIGd2ViYXBpMB8GA1UdIwQYMBaAFAexYjVrn/k4vsgdf/74sdtdY24sMB0GA1UdDgQWBBQHsWI1a5/5OL7IHX/++LHbXWNuLDANBgkqhkiG9w0BAQsFAAOCAQEAQWcXCcNNNF58EHjiBnwDePcuLPZlzX/xXyLV19BvrdUwgTMzT27nsaSPQQOLJtSm8FVwLXRVLaFHnmJsWPs2V1zCGRspEP3EWTfV9OWgZKMu1zv6xqG57tqdUbdsSFyMp3Pjstc6NKvGbU/qiZ4fn/oALK/l/Ldv9WnBIYZxvH2ashrk334M96ISEofIXlL/LK0eZUM/4SilyJkNXDSJdz/j3DgQdFF9v5cqOQDii6G6kL6Xw7mJqjUyxP9BZkYbNLYWCUiWsEQWpbQAFBrGtbt68PEC0Cm7iKqPlhWKms/lcY/j+ttLX8qxEgF7cbRdkLgcGgrtMrmAY41neWFA5Q==",
            "certificate_policy": [
              {
                "issuer_parameters": [
                  {
                    "name": "Self"
                  }
                ],
                "key_properties": [
                  {
                    "curve": "",
                    "exportable": true,
                    "key_size": 2048,
                    "key_type": "RSA",
                    "reuse_key": true
                  }
                ],
                "lifetime_action": [
                  {
                    "action": [
                      {
                        "action_type": "AutoRenew"
                      }
                    ],
                    "trigger": [
                      {
                        "days_before_expiry": 30,
                        "lifetime_percentage": 0
                      }
                    ]
                  }
                ],
                "secret_properties": [
                  {
                    "content_type": "application/x-pkcs12"
                  }
                ],
                "x509_certificate_properties": [
                  {
                    "extended_key_usage": [
                      "1.3.6.1.5.5.7.3.1"
                    ],
                    "key_usage": [
                      "cRLSign",
                      "dataEncipherment",
                      "digitalSignature",
                      "keyAgreement",
                      "keyCertSign",
                      "keyEncipherment"
                    ],
                    "subject": "CN=webapi",
                    "subject_alternative_names": [
                      {
                        "dns_names": [
                          "webapi"
                        ],
                        "emails": [],
                        "upns": []
                      }
                    ],
                    "validity_in_months": 12
                  }
                ]
              }
            ],
            "id": "https://kv4aks0420.vault.azure.net/certificates/aks-ingress-tls-01/93df771c763340d0ae8bccc9112f12f5",
            "key_vault_id": "/subscriptions/edccbd3e-fb14-444d-92ae-e43da2008c69/resourceGroups/rg-aks-apim-0420/providers/Microsoft.KeyVault/vaults/kv4aks0420",
            "name": "aks-ingress-tls-01",
            "resource_manager_id": "/subscriptions/edccbd3e-fb14-444d-92ae-e43da2008c69/resourceGroups/rg-aks-apim-0420/providers/Microsoft.KeyVault/vaults/kv4aks0420/certificates/aks-ingress-tls-01/versions/93df771c763340d0ae8bccc9112f12f5",
            "resource_manager_versionless_id": "/subscriptions/edccbd3e-fb14-444d-92ae-e43da2008c69/resourceGroups/rg-aks-apim-0420/providers/Microsoft.KeyVault/vaults/kv4aks0420/certificates/aks-ingress-tls-01",
            "secret_id": "https://kv4aks0420.vault.azure.net/secrets/aks-ingress-tls-01/93df771c763340d0ae8bccc9112f12f5",
            "tags": {},
            "thumbprint": "F117A2395591D803040D1DF6D78E5BC953A2C582",
            "timeouts": null,
            "version": "93df771c763340d0ae8bccc9112f12f5",
            "versionless_id": "https://kv4aks0420.vault.azure.net/certificates/aks-ingress-tls-01",
            "versionless_secret_id": "https://kv4aks0420.vault.azure.net/secrets/aks-ingress-tls-01"
          },
          "sensitive_attributes": [],
          "private": "eyJlMmJmYjczMC1lY2FhLTExZTYtOGY4OC0zNDM2M2JjN2M0YzAiOnsiY3JlYXRlIjozNjAwMDAwMDAwMDAwLCJkZWxldGUiOjE4MDAwMDAwMDAwMDAsInJlYWQiOjE4MDAwMDAwMDAwMDAsInVwZGF0ZSI6MTgwMDAwMDAwMDAwMH19",
          "dependencies": [
            "azurerm_key_vault.keyvault",
            "azurerm_resource_group.rg",
            "azurerm_role_assignment.keyvault-admin",
            "data.azurerm_client_config.current"
          ]
        }
      ]
    },
    {
      "mode": "managed",
      "type": "azurerm_kubernetes_cluster",
      "name": "aks",
      "provider": "provider[\"registry.terraform.io/hashicorp/azurerm\"]",
      "instances": [
        {
          "schema_version": 2,
          "attributes": {
            "aci_connector_linux": [],
            "api_server_access_profile": [],
            "api_server_authorized_ip_ranges": [],
            "auto_scaler_profile": [],
            "automatic_channel_upgrade": "",
            "azure_active_directory_role_based_access_control": [
              {
                "admin_group_object_ids": [
                  "ec0b1339-db05-4fd9-ae72-f64c223aa401",
                  "91fc859d-2740-4ca5-b84e-0ac36172dedf"
                ],
                "azure_rbac_enabled": true,
                "client_app_id": "",
                "managed": true,
                "server_app_id": "",
                "server_app_secret": "",
                "tenant_id": "9d427af2-14f5-4a21-ad29-9bf8683da155"
              }
            ],
            "azure_policy_enabled": false,
            "confidential_computing": [],
            "cost_analysis_enabled": false,
            "current_kubernetes_version": "1.30.0",
            "custom_ca_trust_certificates_base64": null,
            "default_node_pool": [
              {
                "capacity_reservation_group_id": "",
                "custom_ca_trust_enabled": false,
                "enable_auto_scaling": false,
                "enable_host_encryption": false,
                "enable_node_public_ip": false,
                "fips_enabled": false,
                "gpu_instance": "",
                "host_group_id": "",
                "kubelet_config": [],
                "kubelet_disk_type": "OS",
                "linux_os_config": [],
                "max_count": 0,
                "max_pods": 30,
                "message_of_the_day": "",
                "min_count": 0,
                "name": "mainpool",
                "node_count": 1,
                "node_labels": {},
                "node_network_profile": [],
                "node_public_ip_prefix_id": "",
                "node_taints": null,
                "only_critical_addons_enabled": false,
                "orchestrator_version": "1.30.0",
                "os_disk_size_gb": 128,
                "os_disk_type": "Managed",
                "os_sku": "AzureLinux",
                "pod_subnet_id": "",
                "proximity_placement_group_id": "",
                "scale_down_mode": "Delete",
                "snapshot_id": "",
                "tags": null,
                "temporary_name_for_rotation": "",
                "type": "VirtualMachineScaleSets",
                "ultra_ssd_enabled": false,
                "upgrade_settings": [
                  {
                    "drain_timeout_in_minutes": 0,
                    "max_surge": "10%",
                    "node_soak_duration_in_minutes": 0
                  }
                ],
                "vm_size": "Standard_A4_v2",
                "vnet_subnet_id": "/subscriptions/edccbd3e-fb14-444d-92ae-e43da2008c69/resourceGroups/rg-aks-apim-0420/providers/Microsoft.Network/virtualNetworks/vnet-spoke/subnets/snet-aks",
                "workload_runtime": "",
                "zones": null
              }
            ],
            "disk_encryption_set_id": "",
            "dns_prefix": "aks",
            "dns_prefix_private_cluster": "",
            "edge_zone": "",
            "enable_pod_security_policy": false,
            "fqdn": "aks-995im18d.hcp.eastasia.azmk8s.io",
            "http_application_routing_enabled": false,
            "http_application_routing_zone_name": "",
            "http_proxy_config": [],
            "id": "/subscriptions/edccbd3e-fb14-444d-92ae-e43da2008c69/resourceGroups/rg-aks-apim-0420/providers/Microsoft.ContainerService/managedClusters/aks-cluster-01",
            "identity": [
              {
                "identity_ids": null,
                "principal_id": "47511f13-b92c-4ce5-b67d-84d3e08f7ab5",
                "tenant_id": "9d427af2-14f5-4a21-ad29-9bf8683da155",
                "type": "SystemAssigned"
              }
            ],
            "image_cleaner_enabled": false,
            "image_cleaner_interval_hours": 48,
            "ingress_application_gateway": [],
            "key_management_service": [],
            "key_vault_secrets_provider": [
              {
                "secret_identity": [
                  {
                    "client_id": "b0aafd6f-f15f-4d97-a442-ffd338fdab9a",
                    "object_id": "0e3fe78d-dbb1-43c6-8af2-63409651e257",
                    "user_assigned_identity_id": "/subscriptions/edccbd3e-fb14-444d-92ae-e43da2008c69/resourcegroups/MC_rg-aks-apim-0420_aks-cluster-01_eastasia/providers/Microsoft.ManagedIdentity/userAssignedIdentities/azurekeyvaultsecretsprovider-aks-cluster-01"
                  }
                ],
                "secret_rotation_enabled": true,
                "secret_rotation_interval": "2m"
              }
            ],
            "kube_admin_config": [
              {
                "client_certificate": "LS0tLS1CRUdJTiBDRVJUSUZJQ0FURS0tLS0tCk1JSUZIVENDQXdXZ0F3SUJBZ0lRV0xwL0tvaFpweWNWa1h2OWgvU1VQVEFOQmdrcWhraUc5dzBCQVFzRkFEQU4KTVFzd0NRWURWUVFERXdKallUQWVGdzB5TlRBME1qQXdPVEkyTkRaYUZ3MHlOekEwTWpBd09UTTJORFphTURBeApGekFWQmdOVkJBb1REbk41YzNSbGJUcHRZWE4wWlhKek1SVXdFd1lEVlFRREV3eHRZWE4wWlhKamJHbGxiblF3CmdnSWlNQTBHQ1NxR1NJYjNEUUVCQVFVQUE0SUNEd0F3Z2dJS0FvSUNBUURQZ3h2SVhabzQ2NFJSMWp0ODhHdk4KZ21RUUphM2dQQnQvWVJvelFMQTNsUGNZdjZKTTlzYVZveVdqcTkzVWF3OU9ta2gxMldSTmExOW5hM0VJV1hUdwptWmtzbVhPSUxLbDZXNkp1RXFlOGtxVjRKSGtGeDFlWFZId29zeitFNTNwWDV6TUxMOEZaaHJzM1NzeHJJQmp0CkIvN0J0VDVnTVVES0VyVlFNRDN5Uk9SN0FyN3AraTlRRWtPOWg2aE4xYnljb0VsOUFmT05ydWd3L0dxTjN0bysKMExvdWN0ZDEyUW8vMEhTOFdCRWVqMU1ETUluRUIwbHpnWVRVcURUMWdiNjczOU14eWxmcmR3YjAvSTJReXByNwp6dmJQNi9pWWtTN24yQmQ2MTNKVUNud3BJc2hESWtzeUJTbjB3a1FTTFlVNVdSY3lwa2xURlBUL3NMV1FzTnpuCk02WlgwVmlBUy9TRVdvZVFoVW15Vm1WUExjRTdNbHdCRk56TThnQVl6MXFIYzVvYTlBWVZjRWI2Rk8ydW9VcG0KbUYzajdvV1pQdEo3L3ZZTjI1RnFtVUI2a1FmUlhlRUllMzZKUUlINXVZOVk3cTB3QTBoN1pPbTBhNDd6dlYrNAptWndFN2g2SDJGVStQTksycS91bVNPUUN0dy94S3pNczZ1RjVEWksvM1JnR21GamJySVBrSHdIdU5PVU9xZFhRCk90UjVId3JnTlRLWU83S3VBOWNaUXA4NTNjUlA0OE04Smh5UWl2UjBOaWhDMWNTVFVsNTdJZ0oyc0ZTamtGMkYKclNQRHFRUnZDcFQxbzE5MGtNbHExRTM0Y0ZMOGJQeEFydENjZy9ZeThOb3hyTmxscTVCc2p3RUdWVHVtUExCYwpSVTVHT2l5ZXdzYmZSVkwzQkRsT0x3SURBUUFCbzFZd1ZEQU9CZ05WSFE4QkFmOEVCQU1DQmFBd0V3WURWUjBsCkJBd3dDZ1lJS3dZQkJRVUhBd0l3REFZRFZSMFRBUUgvQkFJd0FEQWZCZ05WSFNNRUdEQVdnQlJ4eUpjOVdNVjUKZ1dsVHdQNXZKUWUrdlVCckFEQU5CZ2txaGtpRzl3MEJBUXNGQUFPQ0FnRUFXMmx0M0lwOTJrRnBOUTZMc2VsNQorQzNmNHpjODVJQWJSczR3VFRqMlRVVVNpS1dXU3BnaTUvVTdKQ0pVR1d4bUVKbmJLUjJGZmlmRDc1YVhaS00vCkR3SEx5emNKTHBDenV5NUhhZEdNZE1teTYzWGVZaWZ1Wk9pbFZ5N1VSZ2dwcTFiVTQ5NHN3MW5QWjZ2YWg2RE8KRElXMVh2ZWwvT0sveHRvanZpWkZTWUg2N1hJdlF1djU1T3ZzM1lWdUZ6aDByMHJHbkMrMHd6MnA0cGF6OEhqUQpTREVTOVY3aWgwYU9UYVM2S3BrMi9KSGdzQ1dod1dRYzh0S05xaTZ1T0NXdHVBZUNJWnZJdFhZV3B3U1NWaDdsCjJ1RE1IdTFvK2JOY0tmeFc5cFd1Zm1mNkREZ0luanJYdCtONUtvdllxQ2dDWUdWZGVpMHR6NzdTYThlS3EvSVMKZWN2dUUxOXdPaHM4cm4rc2ZkWmxKK1RVR3p3cUZHWEZsak1rbUQrczVFRHY1anFuYmxlSURrVlg0Y1hnNUZ2cApPM0Q1L1grclEvc2Q0S0RDSk1QcFBYRGRaZXpBMjRiSVgwM0RyS2ltKzFOQStwYWc0K090ZFVpYXdrVHZVSm1LCkR1ZFNNVWxwQzI0QzVuc1dNOTF1Uk5QWU1vMFpVREEza2RqWDJBcGhSY0NnUFZFQ1UzN0RqV2J3MWxDOGEvNDQKRjNZeXBUcjhPWnJ6Zk9ncUx4cjBDY0I4WDJTRmVVREhJOFBHV1FySml3ejV2eGZIbUsyRjB3WXdOZTd4ckFONwptRUZmUVU1R1p5aXRmcTJwb0VvVnNjUlErenMzNlI5MUhZNGkzb1BGRUFlMm1SS0o5djY4QWZLdnNOam10WVBjCkh2NHZuMGtydUd1eEVudVZic2FVZ3RvPQotLS0tLUVORCBDRVJUSUZJQ0FURS0tLS0tCg==",
                "client_key": "LS0tLS1CRUdJTiBSU0EgUFJJVkFURSBLRVktLS0tLQpNSUlKS0FJQkFBS0NBZ0VBejRNYnlGMmFPT3VFVWRZN2ZQQnJ6WUprRUNXdDREd2JmMkVhTTBDd041VDNHTCtpClRQYkdsYU1sbzZ2ZDFHc1BUcHBJZGRsa1RXdGZaMnR4Q0ZsMDhKbVpMSmx6aUN5cGVsdWliaEtudkpLbGVDUjUKQmNkWGwxUjhLTE0vaE9kNlYrY3pDeS9CV1lhN04wck1heUFZN1FmK3diVStZREZBeWhLMVVEQTk4a1RrZXdLKwo2Zm92VUJKRHZZZW9UZFc4bktCSmZRSHpqYTdvTVB4cWpkN2FQdEM2TG5MWGRka0tQOUIwdkZnUkhvOVRBekNKCnhBZEpjNEdFMUtnMDlZRyt1OS9UTWNwWDYzY0c5UHlOa01xYSs4NzJ6K3Y0bUpFdTU5Z1hldGR5VkFwOEtTTEkKUXlKTE1nVXA5TUpFRWkyRk9Wa1hNcVpKVXhUMC83QzFrTERjNXpPbVY5RllnRXYwaEZxSGtJVkpzbFpsVHkzQgpPekpjQVJUY3pQSUFHTTlhaDNPYUd2UUdGWEJHK2hUdHJxRktacGhkNCs2Rm1UN1NlLzcyRGR1UmFwbEFlcEVICjBWM2hDSHQraVVDQitibVBXTzZ0TUFOSWUyVHB0R3VPODcxZnVKbWNCTzRlaDloVlBqelN0cXY3cGtqa0FyY1AKOFNzekxPcmhlUTJTdjkwWUJwaFkyNnlENUI4QjdqVGxEcW5WMERyVWVSOEs0RFV5bUR1eXJnUFhHVUtmT2QzRQpUK1BEUENZY2tJcjBkRFlvUXRYRWsxSmVleUlDZHJCVW81QmRoYTBqdzZrRWJ3cVU5YU5mZEpESmF0Uk4rSEJTCi9HejhRSzdRbklQMk12RGFNYXpaWmF1UWJJOEJCbFU3cGp5d1hFVk9Sam9zbnNMRzMwVlM5d1E1VGk4Q0F3RUEKQVFLQ0FnQWZFVzRUYlpBdGZYVnVHemtFMTZvTU5yMXNmWGV1M3REdkhVYWk3Y2gwU2VWRTIwd2RZY1VSbWorRQpaYkxzbnFySUJlbGJXNVRjMG5xU0xVL2JCQ214N0EwMjFES3I3S1BqSWQwTHhkYy9NR1Y5dTFnek9Va3Y2d0k3CnhicDQxMzlGc2VPK2hRUFp0NFpJSFBiR0F5UTRPTDQzbWo4Z2Y3OUhnYzJMbCsxdVhFb284SnhNdzV4WnpLSS8KdWhQRXMzOXRvOEhjNlhIaGdKSmE0eS9BMWVDdkR1a1JFemlXK0V2RWloMHdKYTlLZUFMaHMxNnM3cnBjaE1PeQpZd3lxeFNZZFVzRjM3dWVDNVdzeE9xNm5RdTQ1VFI4K3VnR2FOZ0pqeThLWUxiRjhTNldUTXhYd2x5M1M2MXNBCnZpVWE0NTNTbkRnUTZUeUpKOVlXZ2dwdEEwM1BPcXc5cjBXQ29pWVA0Y1RCVC9PYkJCZjdCV2RJRCtIUlhVK3oKQVgxUTcvREFSNU9VTFpCRzk2akFncERlbjIzNElUVXpyeml5eERGbS9aK3NxbWh3ejJYbkJsL1pqTnIzQzJqMAp6aWI5cWVQYS9Jd01pcTcxUlJmR1ZPRWZLSTF6UXNOUzZ4TWVVbXM4aWJ2TXRiR0pPbDh4SUVHSHpYRkxvVjFxCldyTEJ2QmdzU2xhdVFCbFVBSVRJZjJLUi90VndGK1kxSUt6TEFvZmd4SnhrenlCcG9EeFRjRlpxaklxWnRpM2sKVWZpcDN0V2o5UzlmRDBWK1ZhaDdZOWNxQXVwSk92SnNOZVRDbGtidGJ3VkNzeHdnWDRDeEdvTENYTk92UFNLMwpVYnFPRlk2WGt6UHQrNmFTK1dqd3BYUVpuaU1ITkIvQXRHbk1aVlFYTysyUi9YQmFnUUtDQVFFQTdaRHM5SjB5CkxReGhsQlpPWmhOQXpmNmFiMGhRMDJXMTBWQW1vK3RueE5ZRzFLWEdXNzhVNUkrT3ZEcFJXMWVYVDVia2ExcTQKbmwzbHZxaXgxSGZGekJCNmQrdVJsc3BTMU5wQ1dxeXpFTmplbWhja3U5QlVKTklDcENlZWxTdE9hR3NseUo4UwpubnpPaisveWJaUDRhazVVQitMcHRWd2sveDc1THJ2VmFqWWc3OWNLMXoxeDlHcXFYYUt6dmE1L2pieEJGY0xiCnc0SjhpWEEzUmxCazBIckVSNEV1OEYxY2pFd1M2MUN2NTJhN1JxQmhQblFhR2ZKMXVBaWYzYUJqZjVUR0diemkKRkV5V1VkZ1Q0N3RxZXhtd1gxR2F6MjEyYWxkNVdxM1J4N1Fpa1FSVjg3V2p4ekNJZVdYN2g0WjZiUm8yYW5HQwpnRTJieXIxbzc1MGRId0tDQVFFQTM1MHUzZWFRMFNPUnQyWE5iVUJpZ3pXVEduV2tYYWtqVU9GSGFLOUs4VGZLClpYUmpsOWtZVjRyMDZkVUswY2N5cUl3Q29kY0YzRnJVcjJEUXdTWVZUdGExS0xDTXJKRTdzYlE5SEd0MUxuY2IKZEhFU1RmUHRpVzZKNVVQejg4eVVXVTJIQUpyZVlmdnlUNjZGbG0yTk5PR1JEMVFQR3dReEV4T3pVV1ptKzR2LwpSQWlJSCtldXdLU1l5WUg2MzIrcWZ6ZzdNajdYZTFGNFcyWnVnaHpCL3ZydWhuU0ZYOHpSNkxqeHJYNkRndzNaCmc1TWdSRzN3QjVKVEdDcEIxL3ovejRtVjY0S2JZNTFVbjJxODBXYytqdEdLQzBUaGVEOUR1VFFKcjNHQXg0MXoKeFc3MjVCYnV4TXBIMTFQZFhvYTZ1eDBVbTViRmRBaHUvMC9LaUM2YzhRS0NBUUVBMk1iNEVqWW5CUWhaT2lJbwpvK2hKcUM3OWlUSTUzc3plM2dML1gzQjluaFdXNGcvck11am9EYkFabFJTNkRGbWZEdGNuMC9aU3BPQVZ0cWFFCnJ0WWtQWk9EelUyOTZoVHhCSjJ0RXNTb0dXVnJxcndYbnZINDlpaFVsS282Z08rbGVvN2JTWGd1SzBURDBJQXAKZldnYXRCYUpnekRDQmVYeE5JTjA2Zm9vUWVUbXBUUmJCaEZobktDQW1UVFFRdk9xSFJGOWFuZ0d4UjZhdVdjVwphU2tPOVZZeEtQWnVlSk1ZMGtUUXRyMUg1aVhPR2lKYTJmeGpuTzJzRWFSOURHVkFwYmlDRkJaUlRpaWN1azRyCnlCREtsMDNYclFMdit2dHRwSmZ4ZXBkRjU2OHVJNW9MUEhtdzJ5QWtTSEtRMVJnWE90dENjRnJudEdBZEd5RS8KVWZiU0RRS0NBUUIzM1UvVUR0V3Q1YjBrYStPVUhxRXY2RFgwUnY5V1hXWGE0d2RlTENpbDZOd0xTanBnbVRTZApLSlZrQ3BrRUhoMGZqLzJSTnl1akZPVlJKVHFCYnFLWllpbzFwMzJndXpFZWJwa2JkTmFaazZzWjNjcU1FcWRQCnRmc2c5QzMrajdrdHJZc2lYZUc2OEV6UlBhSEtJdXRBWDNGY29CaUF5Tnh0ZDIvMXdFaVBxbG1vNUZIam1GTnEKWEZDeUk0U1E1TkNsNVVTR0NIMkZVd1NMS2ZzdXI2K2x1R2pIbGdvd2NpQksrV2hETWIvWkxrRmNjQzhwdnl5ZApRbWhjV2JwMXh0NXhKelUveXdEMGdzOXJyTkdPQmlQWWRxWGlxSWViNTMycjl5TUI4bnV2ZkRtRXFaaWFaMWlTCkVFUTJQblE1U1VzckpjbDRKWGV1WFI3eXFKak9LdjVoQW9JQkFFVmdFOW5zUSt1cnR5NHZxeUtBdGU2bE9NVmYKL0NiNCsyaTBqVVc1MTNFOHVQNXVlZm9qLzZRTjA4UURJTUlVU29mUlMzNWtiSHF5QkM1bXVuUDJMeUIrZ0VFWgpuQmpQcjlDWlVzSHQxclNBWTFBeXhxTFBBbDRvRlNZTmNkVzBVK1JTQ2JFOWZRN0tzTzFoTFlUT3VkalB5aTZDCk1UQVBMMEhkWmJqZTJrajNOVm9KK2FHMEt4VnRFT3BwaXNDK0VHNkoxMDFxT1IrMUdCNytpWEJZSGNSbThBRXEKbVZHUk1TZExGc0RROFhHSnlBU0pCYTE0dXRna2grcm1rZUpqMEg5QStUQm42ay9IT2dWZU9XTE15TnJOUmt4dgpSUG9nRmpvSDVJL1I2aS9UV1Fla1FXaXdQWmRuWVpEYTVjRzF0RmpnVVNhVDM2d3UyMkVlM2FBd05KVT0KLS0tLS1FTkQgUlNBIFBSSVZBVEUgS0VZLS0tLS0K",
                "cluster_ca_certificate": "LS0tLS1CRUdJTiBDRVJUSUZJQ0FURS0tLS0tCk1JSUU2RENDQXRDZ0F3SUJBZ0lRQmdWSVN6MURhaGZEWFRDaGRYeXFtREFOQmdrcWhraUc5dzBCQVFzRkFEQU4KTVFzd0NRWURWUVFERXdKallUQWdGdzB5TlRBME1qQXdPVEkyTkRaYUdBOHlNRFUxTURReU1EQTVNelkwTmxvdwpEVEVMTUFrR0ExVUVBeE1DWTJFd2dnSWlNQTBHQ1NxR1NJYjNEUUVCQVFVQUE0SUNEd0F3Z2dJS0FvSUNBUUM4CjFNMlRhTW12VVVlT2MyMW9RbGdHc2l2TFZGMURSNE95a29Ra3RGcjBHWWtJMUI1L2FuUlZ6SmJLYUFDa1JmeUYKVU1HZTBIaU5SQkdQTWhMbnhhVkdKanVNSjlHZDFleUJJQnl5U3Z3Wnd0S0tkMDB2S0FNakFudHpmM0JhdkhCVAo3RGY2ZkhhVnR3UURNay9FNGw2MDZ6YVAzOFhEZ1c0cS91QStUZVB0WEpOenpZV0NGakNUL2FYWkFSTklXbmVDCmt5eG9iekw5VXNHMlN4azY3WmlId0N0U3F0Ny9RbHlNNVJnQnF6dnYwNmZFczFxR2YxWGVpUU5OSDM4YVdVMm0KWkpUMTNqd0Z3MDhVRzBrYUZXUDJ1V2VDNEFrZ1VFMlpRblBBSWxDMUJIdWtLRW1FeUhReXZkbWxiYzRaS2RmSQp4MEhPdWpidmlHa2hvRlFkcTFySFFRdkdlT2s0UXc0MUNlMkdhNFkxRFA1YzI1Y2RPcFFtcWg4aml6RlRvWEdkCndXVWFXSytJc1RSbzJuRHRUc3g3MGRRTkR5V2ZtTFAyR29SaW16bFZtcFF0Uk00bm02ZlBKbmozdVFkekNtTTAKK3ZVYjZESkluQzF0TjRFREtzUFgxSlpOamo4QWdReDNYWVozT3RNUzJMVmNRVEYvbko4MUo2cXhoQlRVbE5STgpTcWcwa1JJZCtqWGN0Um5yTS9rTmJ2N21uc05Ndml2bUNyQXd0OGdGTzN4QVBzT0hhMTRKV0doOFB6UW1lbDJXCi83RHFubmIzTUZuTmdhNmxuWFpDVTNSbUdLQ3loZkl4VWx4OHIxRXdidWlxZDI3OEdnN25CSGxnaUdDK0h6MGEKNE10Y2xqSEFzb3UyYmg3dVNsa1ZYYmdRZTJYT0dTQUYraGlWTzNGalJRSURBUUFCbzBJd1FEQU9CZ05WSFE4QgpBZjhFQkFNQ0FxUXdEd1lEVlIwVEFRSC9CQVV3QXdFQi96QWRCZ05WSFE0RUZnUVVjY2lYUFZqRmVZRnBVOEQrCmJ5VUh2cjFBYXdBd0RRWUpLb1pJaHZjTkFRRUxCUUFEZ2dJQkFBd2x5ZWtzZVYvL1E3bUhnSk9SK3o4aVZ6Vk0KZFNKV0dlcTJHWUFnVy9HQ3dUVGppdVlFMWxCWXRqSmk4NDVCRXpkczBiNTV6dkZoUDhScGROYjBDSXYveDFqbQpSTlkrZHlRa2xzd2VCNU9sZ09oNEhYcStxTC85ejk4amxTVWRwd3A5anAzR0xOT2dtWkQvR0hDN084bDlURjdKCmJMdVVVY2lKQW5qOTk2bVdpVU5ER2taZVhYOFRtU0RsNTVXSzNYRFIvMEZIK2hhcWlnRlVoM2hFSWRLQ1dnNGsKanczbFF2VGE1Y1huNTRrMlFmbFRieVI5Ylo3KzJxU3V1eTB3TWJ2RDhFNVZFc1JXbFBIR2hZWmRDZ3ZoTElPNwpETm82UXNiaER4Rm0yd2xNS0ZnME40N0JnOXpWa2JmQk0ybjMySGpPWm9kUUNoNTM0SmNlNm1xRDRxaDRxbG0yCkNPMThnQXRDcHM5SlZ2WG0yYm9wSlk2cEpYUG12cnR5eHVuWFlsZDNPbG1hMXhaTnJ3RkIzbFVGL2g2ZFFpejUKNXIvdFVMdGZDRXNPT1RSMlFDQTl1ZzMzKzFkbm5oaitoK2daWStFVS8zZ3N6MGVHL3I4RTVLV0ZPMDZyQ0xPVwp1TGdlUytkWTlwS1BRbnFpVHh1bDN2SFpQMWVGOHluT3JUMW92eVNSMG5icTh2RXRWVHFMbGV6eXBtR1NQamozCkhnMXdCMXhpOWdMbkZjWkVPUnhDOWN1NVRXUnZwMHhkREtLWHU5cjV5NkhWL2VzRUx5TllVNXJ5dmo4d1NJNGQKRjROWFdRQXRPZHdMeUpzQlZqMlRmdUxEbmVmV2wvc2pEdTdFRVdRWXBrbEpnQnhBMjRDeGNuT05kd2luQmlKWgpGN2MwZFAxOVN4UzNFZjl4Ci0tLS0tRU5EIENFUlRJRklDQVRFLS0tLS0K",
                "host": "https://aks-995im18d.hcp.eastasia.azmk8s.io:443",
                "password": "fixl3re6ncpfohru5bghsdvjvnrpypxz9382q3j2fpvs7i60kr76xp8r9ys7ebde7r2pmq7pigjr8l5sg9cwifh2o3wktzq7rdsnh8abgi5n345i2kj9ua3kyxfvraq1",
                "username": "clusterAdmin_rg-aks-apim-0420_aks-cluster-01"
              }
            ],
            "kube_admin_config_raw": "apiVersion: v1\nclusters:\n- cluster:\n    certificate-authority-data: LS0tLS1CRUdJTiBDRVJUSUZJQ0FURS0tLS0tCk1JSUU2RENDQXRDZ0F3SUJBZ0lRQmdWSVN6MURhaGZEWFRDaGRYeXFtREFOQmdrcWhraUc5dzBCQVFzRkFEQU4KTVFzd0NRWURWUVFERXdKallUQWdGdzB5TlRBME1qQXdPVEkyTkRaYUdBOHlNRFUxTURReU1EQTVNelkwTmxvdwpEVEVMTUFrR0ExVUVBeE1DWTJFd2dnSWlNQTBHQ1NxR1NJYjNEUUVCQVFVQUE0SUNEd0F3Z2dJS0FvSUNBUUM4CjFNMlRhTW12VVVlT2MyMW9RbGdHc2l2TFZGMURSNE95a29Ra3RGcjBHWWtJMUI1L2FuUlZ6SmJLYUFDa1JmeUYKVU1HZTBIaU5SQkdQTWhMbnhhVkdKanVNSjlHZDFleUJJQnl5U3Z3Wnd0S0tkMDB2S0FNakFudHpmM0JhdkhCVAo3RGY2ZkhhVnR3UURNay9FNGw2MDZ6YVAzOFhEZ1c0cS91QStUZVB0WEpOenpZV0NGakNUL2FYWkFSTklXbmVDCmt5eG9iekw5VXNHMlN4azY3WmlId0N0U3F0Ny9RbHlNNVJnQnF6dnYwNmZFczFxR2YxWGVpUU5OSDM4YVdVMm0KWkpUMTNqd0Z3MDhVRzBrYUZXUDJ1V2VDNEFrZ1VFMlpRblBBSWxDMUJIdWtLRW1FeUhReXZkbWxiYzRaS2RmSQp4MEhPdWpidmlHa2hvRlFkcTFySFFRdkdlT2s0UXc0MUNlMkdhNFkxRFA1YzI1Y2RPcFFtcWg4aml6RlRvWEdkCndXVWFXSytJc1RSbzJuRHRUc3g3MGRRTkR5V2ZtTFAyR29SaW16bFZtcFF0Uk00bm02ZlBKbmozdVFkekNtTTAKK3ZVYjZESkluQzF0TjRFREtzUFgxSlpOamo4QWdReDNYWVozT3RNUzJMVmNRVEYvbko4MUo2cXhoQlRVbE5STgpTcWcwa1JJZCtqWGN0Um5yTS9rTmJ2N21uc05Ndml2bUNyQXd0OGdGTzN4QVBzT0hhMTRKV0doOFB6UW1lbDJXCi83RHFubmIzTUZuTmdhNmxuWFpDVTNSbUdLQ3loZkl4VWx4OHIxRXdidWlxZDI3OEdnN25CSGxnaUdDK0h6MGEKNE10Y2xqSEFzb3UyYmg3dVNsa1ZYYmdRZTJYT0dTQUYraGlWTzNGalJRSURBUUFCbzBJd1FEQU9CZ05WSFE4QgpBZjhFQkFNQ0FxUXdEd1lEVlIwVEFRSC9CQVV3QXdFQi96QWRCZ05WSFE0RUZnUVVjY2lYUFZqRmVZRnBVOEQrCmJ5VUh2cjFBYXdBd0RRWUpLb1pJaHZjTkFRRUxCUUFEZ2dJQkFBd2x5ZWtzZVYvL1E3bUhnSk9SK3o4aVZ6Vk0KZFNKV0dlcTJHWUFnVy9HQ3dUVGppdVlFMWxCWXRqSmk4NDVCRXpkczBiNTV6dkZoUDhScGROYjBDSXYveDFqbQpSTlkrZHlRa2xzd2VCNU9sZ09oNEhYcStxTC85ejk4amxTVWRwd3A5anAzR0xOT2dtWkQvR0hDN084bDlURjdKCmJMdVVVY2lKQW5qOTk2bVdpVU5ER2taZVhYOFRtU0RsNTVXSzNYRFIvMEZIK2hhcWlnRlVoM2hFSWRLQ1dnNGsKanczbFF2VGE1Y1huNTRrMlFmbFRieVI5Ylo3KzJxU3V1eTB3TWJ2RDhFNVZFc1JXbFBIR2hZWmRDZ3ZoTElPNwpETm82UXNiaER4Rm0yd2xNS0ZnME40N0JnOXpWa2JmQk0ybjMySGpPWm9kUUNoNTM0SmNlNm1xRDRxaDRxbG0yCkNPMThnQXRDcHM5SlZ2WG0yYm9wSlk2cEpYUG12cnR5eHVuWFlsZDNPbG1hMXhaTnJ3RkIzbFVGL2g2ZFFpejUKNXIvdFVMdGZDRXNPT1RSMlFDQTl1ZzMzKzFkbm5oaitoK2daWStFVS8zZ3N6MGVHL3I4RTVLV0ZPMDZyQ0xPVwp1TGdlUytkWTlwS1BRbnFpVHh1bDN2SFpQMWVGOHluT3JUMW92eVNSMG5icTh2RXRWVHFMbGV6eXBtR1NQamozCkhnMXdCMXhpOWdMbkZjWkVPUnhDOWN1NVRXUnZwMHhkREtLWHU5cjV5NkhWL2VzRUx5TllVNXJ5dmo4d1NJNGQKRjROWFdRQXRPZHdMeUpzQlZqMlRmdUxEbmVmV2wvc2pEdTdFRVdRWXBrbEpnQnhBMjRDeGNuT05kd2luQmlKWgpGN2MwZFAxOVN4UzNFZjl4Ci0tLS0tRU5EIENFUlRJRklDQVRFLS0tLS0K\n    server: https://aks-995im18d.hcp.eastasia.azmk8s.io:443\n  name: aks-cluster-01\ncontexts:\n- context:\n    cluster: aks-cluster-01\n    user: clusterAdmin_rg-aks-apim-0420_aks-cluster-01\n  name: aks-cluster-01\ncurrent-context: aks-cluster-01\nkind: Config\npreferences: {}\nusers:\n- name: clusterAdmin_rg-aks-apim-0420_aks-cluster-01\n  user:\n    client-certificate-data: LS0tLS1CRUdJTiBDRVJUSUZJQ0FURS0tLS0tCk1JSUZIVENDQXdXZ0F3SUJBZ0lRV0xwL0tvaFpweWNWa1h2OWgvU1VQVEFOQmdrcWhraUc5dzBCQVFzRkFEQU4KTVFzd0NRWURWUVFERXdKallUQWVGdzB5TlRBME1qQXdPVEkyTkRaYUZ3MHlOekEwTWpBd09UTTJORFphTURBeApGekFWQmdOVkJBb1REbk41YzNSbGJUcHRZWE4wWlhKek1SVXdFd1lEVlFRREV3eHRZWE4wWlhKamJHbGxiblF3CmdnSWlNQTBHQ1NxR1NJYjNEUUVCQVFVQUE0SUNEd0F3Z2dJS0FvSUNBUURQZ3h2SVhabzQ2NFJSMWp0ODhHdk4KZ21RUUphM2dQQnQvWVJvelFMQTNsUGNZdjZKTTlzYVZveVdqcTkzVWF3OU9ta2gxMldSTmExOW5hM0VJV1hUdwptWmtzbVhPSUxLbDZXNkp1RXFlOGtxVjRKSGtGeDFlWFZId29zeitFNTNwWDV6TUxMOEZaaHJzM1NzeHJJQmp0CkIvN0J0VDVnTVVES0VyVlFNRDN5Uk9SN0FyN3AraTlRRWtPOWg2aE4xYnljb0VsOUFmT05ydWd3L0dxTjN0bysKMExvdWN0ZDEyUW8vMEhTOFdCRWVqMU1ETUluRUIwbHpnWVRVcURUMWdiNjczOU14eWxmcmR3YjAvSTJReXByNwp6dmJQNi9pWWtTN24yQmQ2MTNKVUNud3BJc2hESWtzeUJTbjB3a1FTTFlVNVdSY3lwa2xURlBUL3NMV1FzTnpuCk02WlgwVmlBUy9TRVdvZVFoVW15Vm1WUExjRTdNbHdCRk56TThnQVl6MXFIYzVvYTlBWVZjRWI2Rk8ydW9VcG0KbUYzajdvV1pQdEo3L3ZZTjI1RnFtVUI2a1FmUlhlRUllMzZKUUlINXVZOVk3cTB3QTBoN1pPbTBhNDd6dlYrNAptWndFN2g2SDJGVStQTksycS91bVNPUUN0dy94S3pNczZ1RjVEWksvM1JnR21GamJySVBrSHdIdU5PVU9xZFhRCk90UjVId3JnTlRLWU83S3VBOWNaUXA4NTNjUlA0OE04Smh5UWl2UjBOaWhDMWNTVFVsNTdJZ0oyc0ZTamtGMkYKclNQRHFRUnZDcFQxbzE5MGtNbHExRTM0Y0ZMOGJQeEFydENjZy9ZeThOb3hyTmxscTVCc2p3RUdWVHVtUExCYwpSVTVHT2l5ZXdzYmZSVkwzQkRsT0x3SURBUUFCbzFZd1ZEQU9CZ05WSFE4QkFmOEVCQU1DQmFBd0V3WURWUjBsCkJBd3dDZ1lJS3dZQkJRVUhBd0l3REFZRFZSMFRBUUgvQkFJd0FEQWZCZ05WSFNNRUdEQVdnQlJ4eUpjOVdNVjUKZ1dsVHdQNXZKUWUrdlVCckFEQU5CZ2txaGtpRzl3MEJBUXNGQUFPQ0FnRUFXMmx0M0lwOTJrRnBOUTZMc2VsNQorQzNmNHpjODVJQWJSczR3VFRqMlRVVVNpS1dXU3BnaTUvVTdKQ0pVR1d4bUVKbmJLUjJGZmlmRDc1YVhaS00vCkR3SEx5emNKTHBDenV5NUhhZEdNZE1teTYzWGVZaWZ1Wk9pbFZ5N1VSZ2dwcTFiVTQ5NHN3MW5QWjZ2YWg2RE8KRElXMVh2ZWwvT0sveHRvanZpWkZTWUg2N1hJdlF1djU1T3ZzM1lWdUZ6aDByMHJHbkMrMHd6MnA0cGF6OEhqUQpTREVTOVY3aWgwYU9UYVM2S3BrMi9KSGdzQ1dod1dRYzh0S05xaTZ1T0NXdHVBZUNJWnZJdFhZV3B3U1NWaDdsCjJ1RE1IdTFvK2JOY0tmeFc5cFd1Zm1mNkREZ0luanJYdCtONUtvdllxQ2dDWUdWZGVpMHR6NzdTYThlS3EvSVMKZWN2dUUxOXdPaHM4cm4rc2ZkWmxKK1RVR3p3cUZHWEZsak1rbUQrczVFRHY1anFuYmxlSURrVlg0Y1hnNUZ2cApPM0Q1L1grclEvc2Q0S0RDSk1QcFBYRGRaZXpBMjRiSVgwM0RyS2ltKzFOQStwYWc0K090ZFVpYXdrVHZVSm1LCkR1ZFNNVWxwQzI0QzVuc1dNOTF1Uk5QWU1vMFpVREEza2RqWDJBcGhSY0NnUFZFQ1UzN0RqV2J3MWxDOGEvNDQKRjNZeXBUcjhPWnJ6Zk9ncUx4cjBDY0I4WDJTRmVVREhJOFBHV1FySml3ejV2eGZIbUsyRjB3WXdOZTd4ckFONwptRUZmUVU1R1p5aXRmcTJwb0VvVnNjUlErenMzNlI5MUhZNGkzb1BGRUFlMm1SS0o5djY4QWZLdnNOam10WVBjCkh2NHZuMGtydUd1eEVudVZic2FVZ3RvPQotLS0tLUVORCBDRVJUSUZJQ0FURS0tLS0tCg==\n    client-key-data: LS0tLS1CRUdJTiBSU0EgUFJJVkFURSBLRVktLS0tLQpNSUlKS0FJQkFBS0NBZ0VBejRNYnlGMmFPT3VFVWRZN2ZQQnJ6WUprRUNXdDREd2JmMkVhTTBDd041VDNHTCtpClRQYkdsYU1sbzZ2ZDFHc1BUcHBJZGRsa1RXdGZaMnR4Q0ZsMDhKbVpMSmx6aUN5cGVsdWliaEtudkpLbGVDUjUKQmNkWGwxUjhLTE0vaE9kNlYrY3pDeS9CV1lhN04wck1heUFZN1FmK3diVStZREZBeWhLMVVEQTk4a1RrZXdLKwo2Zm92VUJKRHZZZW9UZFc4bktCSmZRSHpqYTdvTVB4cWpkN2FQdEM2TG5MWGRka0tQOUIwdkZnUkhvOVRBekNKCnhBZEpjNEdFMUtnMDlZRyt1OS9UTWNwWDYzY0c5UHlOa01xYSs4NzJ6K3Y0bUpFdTU5Z1hldGR5VkFwOEtTTEkKUXlKTE1nVXA5TUpFRWkyRk9Wa1hNcVpKVXhUMC83QzFrTERjNXpPbVY5RllnRXYwaEZxSGtJVkpzbFpsVHkzQgpPekpjQVJUY3pQSUFHTTlhaDNPYUd2UUdGWEJHK2hUdHJxRktacGhkNCs2Rm1UN1NlLzcyRGR1UmFwbEFlcEVICjBWM2hDSHQraVVDQitibVBXTzZ0TUFOSWUyVHB0R3VPODcxZnVKbWNCTzRlaDloVlBqelN0cXY3cGtqa0FyY1AKOFNzekxPcmhlUTJTdjkwWUJwaFkyNnlENUI4QjdqVGxEcW5WMERyVWVSOEs0RFV5bUR1eXJnUFhHVUtmT2QzRQpUK1BEUENZY2tJcjBkRFlvUXRYRWsxSmVleUlDZHJCVW81QmRoYTBqdzZrRWJ3cVU5YU5mZEpESmF0Uk4rSEJTCi9HejhRSzdRbklQMk12RGFNYXpaWmF1UWJJOEJCbFU3cGp5d1hFVk9Sam9zbnNMRzMwVlM5d1E1VGk4Q0F3RUEKQVFLQ0FnQWZFVzRUYlpBdGZYVnVHemtFMTZvTU5yMXNmWGV1M3REdkhVYWk3Y2gwU2VWRTIwd2RZY1VSbWorRQpaYkxzbnFySUJlbGJXNVRjMG5xU0xVL2JCQ214N0EwMjFES3I3S1BqSWQwTHhkYy9NR1Y5dTFnek9Va3Y2d0k3CnhicDQxMzlGc2VPK2hRUFp0NFpJSFBiR0F5UTRPTDQzbWo4Z2Y3OUhnYzJMbCsxdVhFb284SnhNdzV4WnpLSS8KdWhQRXMzOXRvOEhjNlhIaGdKSmE0eS9BMWVDdkR1a1JFemlXK0V2RWloMHdKYTlLZUFMaHMxNnM3cnBjaE1PeQpZd3lxeFNZZFVzRjM3dWVDNVdzeE9xNm5RdTQ1VFI4K3VnR2FOZ0pqeThLWUxiRjhTNldUTXhYd2x5M1M2MXNBCnZpVWE0NTNTbkRnUTZUeUpKOVlXZ2dwdEEwM1BPcXc5cjBXQ29pWVA0Y1RCVC9PYkJCZjdCV2RJRCtIUlhVK3oKQVgxUTcvREFSNU9VTFpCRzk2akFncERlbjIzNElUVXpyeml5eERGbS9aK3NxbWh3ejJYbkJsL1pqTnIzQzJqMAp6aWI5cWVQYS9Jd01pcTcxUlJmR1ZPRWZLSTF6UXNOUzZ4TWVVbXM4aWJ2TXRiR0pPbDh4SUVHSHpYRkxvVjFxCldyTEJ2QmdzU2xhdVFCbFVBSVRJZjJLUi90VndGK1kxSUt6TEFvZmd4SnhrenlCcG9EeFRjRlpxaklxWnRpM2sKVWZpcDN0V2o5UzlmRDBWK1ZhaDdZOWNxQXVwSk92SnNOZVRDbGtidGJ3VkNzeHdnWDRDeEdvTENYTk92UFNLMwpVYnFPRlk2WGt6UHQrNmFTK1dqd3BYUVpuaU1ITkIvQXRHbk1aVlFYTysyUi9YQmFnUUtDQVFFQTdaRHM5SjB5CkxReGhsQlpPWmhOQXpmNmFiMGhRMDJXMTBWQW1vK3RueE5ZRzFLWEdXNzhVNUkrT3ZEcFJXMWVYVDVia2ExcTQKbmwzbHZxaXgxSGZGekJCNmQrdVJsc3BTMU5wQ1dxeXpFTmplbWhja3U5QlVKTklDcENlZWxTdE9hR3NseUo4UwpubnpPaisveWJaUDRhazVVQitMcHRWd2sveDc1THJ2VmFqWWc3OWNLMXoxeDlHcXFYYUt6dmE1L2pieEJGY0xiCnc0SjhpWEEzUmxCazBIckVSNEV1OEYxY2pFd1M2MUN2NTJhN1JxQmhQblFhR2ZKMXVBaWYzYUJqZjVUR0diemkKRkV5V1VkZ1Q0N3RxZXhtd1gxR2F6MjEyYWxkNVdxM1J4N1Fpa1FSVjg3V2p4ekNJZVdYN2g0WjZiUm8yYW5HQwpnRTJieXIxbzc1MGRId0tDQVFFQTM1MHUzZWFRMFNPUnQyWE5iVUJpZ3pXVEduV2tYYWtqVU9GSGFLOUs4VGZLClpYUmpsOWtZVjRyMDZkVUswY2N5cUl3Q29kY0YzRnJVcjJEUXdTWVZUdGExS0xDTXJKRTdzYlE5SEd0MUxuY2IKZEhFU1RmUHRpVzZKNVVQejg4eVVXVTJIQUpyZVlmdnlUNjZGbG0yTk5PR1JEMVFQR3dReEV4T3pVV1ptKzR2LwpSQWlJSCtldXdLU1l5WUg2MzIrcWZ6ZzdNajdYZTFGNFcyWnVnaHpCL3ZydWhuU0ZYOHpSNkxqeHJYNkRndzNaCmc1TWdSRzN3QjVKVEdDcEIxL3ovejRtVjY0S2JZNTFVbjJxODBXYytqdEdLQzBUaGVEOUR1VFFKcjNHQXg0MXoKeFc3MjVCYnV4TXBIMTFQZFhvYTZ1eDBVbTViRmRBaHUvMC9LaUM2YzhRS0NBUUVBMk1iNEVqWW5CUWhaT2lJbwpvK2hKcUM3OWlUSTUzc3plM2dML1gzQjluaFdXNGcvck11am9EYkFabFJTNkRGbWZEdGNuMC9aU3BPQVZ0cWFFCnJ0WWtQWk9EelUyOTZoVHhCSjJ0RXNTb0dXVnJxcndYbnZINDlpaFVsS282Z08rbGVvN2JTWGd1SzBURDBJQXAKZldnYXRCYUpnekRDQmVYeE5JTjA2Zm9vUWVUbXBUUmJCaEZobktDQW1UVFFRdk9xSFJGOWFuZ0d4UjZhdVdjVwphU2tPOVZZeEtQWnVlSk1ZMGtUUXRyMUg1aVhPR2lKYTJmeGpuTzJzRWFSOURHVkFwYmlDRkJaUlRpaWN1azRyCnlCREtsMDNYclFMdit2dHRwSmZ4ZXBkRjU2OHVJNW9MUEhtdzJ5QWtTSEtRMVJnWE90dENjRnJudEdBZEd5RS8KVWZiU0RRS0NBUUIzM1UvVUR0V3Q1YjBrYStPVUhxRXY2RFgwUnY5V1hXWGE0d2RlTENpbDZOd0xTanBnbVRTZApLSlZrQ3BrRUhoMGZqLzJSTnl1akZPVlJKVHFCYnFLWllpbzFwMzJndXpFZWJwa2JkTmFaazZzWjNjcU1FcWRQCnRmc2c5QzMrajdrdHJZc2lYZUc2OEV6UlBhSEtJdXRBWDNGY29CaUF5Tnh0ZDIvMXdFaVBxbG1vNUZIam1GTnEKWEZDeUk0U1E1TkNsNVVTR0NIMkZVd1NMS2ZzdXI2K2x1R2pIbGdvd2NpQksrV2hETWIvWkxrRmNjQzhwdnl5ZApRbWhjV2JwMXh0NXhKelUveXdEMGdzOXJyTkdPQmlQWWRxWGlxSWViNTMycjl5TUI4bnV2ZkRtRXFaaWFaMWlTCkVFUTJQblE1U1VzckpjbDRKWGV1WFI3eXFKak9LdjVoQW9JQkFFVmdFOW5zUSt1cnR5NHZxeUtBdGU2bE9NVmYKL0NiNCsyaTBqVVc1MTNFOHVQNXVlZm9qLzZRTjA4UURJTUlVU29mUlMzNWtiSHF5QkM1bXVuUDJMeUIrZ0VFWgpuQmpQcjlDWlVzSHQxclNBWTFBeXhxTFBBbDRvRlNZTmNkVzBVK1JTQ2JFOWZRN0tzTzFoTFlUT3VkalB5aTZDCk1UQVBMMEhkWmJqZTJrajNOVm9KK2FHMEt4VnRFT3BwaXNDK0VHNkoxMDFxT1IrMUdCNytpWEJZSGNSbThBRXEKbVZHUk1TZExGc0RROFhHSnlBU0pCYTE0dXRna2grcm1rZUpqMEg5QStUQm42ay9IT2dWZU9XTE15TnJOUmt4dgpSUG9nRmpvSDVJL1I2aS9UV1Fla1FXaXdQWmRuWVpEYTVjRzF0RmpnVVNhVDM2d3UyMkVlM2FBd05KVT0KLS0tLS1FTkQgUlNBIFBSSVZBVEUgS0VZLS0tLS0K\n    token: fixl3re6ncpfohru5bghsdvjvnrpypxz9382q3j2fpvs7i60kr76xp8r9ys7ebde7r2pmq7pigjr8l5sg9cwifh2o3wktzq7rdsnh8abgi5n345i2kj9ua3kyxfvraq1\n",
            "kube_config": [
              {
                "client_certificate": "",
                "client_key": "",
                "cluster_ca_certificate": "LS0tLS1CRUdJTiBDRVJUSUZJQ0FURS0tLS0tCk1JSUU2RENDQXRDZ0F3SUJBZ0lRQmdWSVN6MURhaGZEWFRDaGRYeXFtREFOQmdrcWhraUc5dzBCQVFzRkFEQU4KTVFzd0NRWURWUVFERXdKallUQWdGdzB5TlRBME1qQXdPVEkyTkRaYUdBOHlNRFUxTURReU1EQTVNelkwTmxvdwpEVEVMTUFrR0ExVUVBeE1DWTJFd2dnSWlNQTBHQ1NxR1NJYjNEUUVCQVFVQUE0SUNEd0F3Z2dJS0FvSUNBUUM4CjFNMlRhTW12VVVlT2MyMW9RbGdHc2l2TFZGMURSNE95a29Ra3RGcjBHWWtJMUI1L2FuUlZ6SmJLYUFDa1JmeUYKVU1HZTBIaU5SQkdQTWhMbnhhVkdKanVNSjlHZDFleUJJQnl5U3Z3Wnd0S0tkMDB2S0FNakFudHpmM0JhdkhCVAo3RGY2ZkhhVnR3UURNay9FNGw2MDZ6YVAzOFhEZ1c0cS91QStUZVB0WEpOenpZV0NGakNUL2FYWkFSTklXbmVDCmt5eG9iekw5VXNHMlN4azY3WmlId0N0U3F0Ny9RbHlNNVJnQnF6dnYwNmZFczFxR2YxWGVpUU5OSDM4YVdVMm0KWkpUMTNqd0Z3MDhVRzBrYUZXUDJ1V2VDNEFrZ1VFMlpRblBBSWxDMUJIdWtLRW1FeUhReXZkbWxiYzRaS2RmSQp4MEhPdWpidmlHa2hvRlFkcTFySFFRdkdlT2s0UXc0MUNlMkdhNFkxRFA1YzI1Y2RPcFFtcWg4aml6RlRvWEdkCndXVWFXSytJc1RSbzJuRHRUc3g3MGRRTkR5V2ZtTFAyR29SaW16bFZtcFF0Uk00bm02ZlBKbmozdVFkekNtTTAKK3ZVYjZESkluQzF0TjRFREtzUFgxSlpOamo4QWdReDNYWVozT3RNUzJMVmNRVEYvbko4MUo2cXhoQlRVbE5STgpTcWcwa1JJZCtqWGN0Um5yTS9rTmJ2N21uc05Ndml2bUNyQXd0OGdGTzN4QVBzT0hhMTRKV0doOFB6UW1lbDJXCi83RHFubmIzTUZuTmdhNmxuWFpDVTNSbUdLQ3loZkl4VWx4OHIxRXdidWlxZDI3OEdnN25CSGxnaUdDK0h6MGEKNE10Y2xqSEFzb3UyYmg3dVNsa1ZYYmdRZTJYT0dTQUYraGlWTzNGalJRSURBUUFCbzBJd1FEQU9CZ05WSFE4QgpBZjhFQkFNQ0FxUXdEd1lEVlIwVEFRSC9CQVV3QXdFQi96QWRCZ05WSFE0RUZnUVVjY2lYUFZqRmVZRnBVOEQrCmJ5VUh2cjFBYXdBd0RRWUpLb1pJaHZjTkFRRUxCUUFEZ2dJQkFBd2x5ZWtzZVYvL1E3bUhnSk9SK3o4aVZ6Vk0KZFNKV0dlcTJHWUFnVy9HQ3dUVGppdVlFMWxCWXRqSmk4NDVCRXpkczBiNTV6dkZoUDhScGROYjBDSXYveDFqbQpSTlkrZHlRa2xzd2VCNU9sZ09oNEhYcStxTC85ejk4amxTVWRwd3A5anAzR0xOT2dtWkQvR0hDN084bDlURjdKCmJMdVVVY2lKQW5qOTk2bVdpVU5ER2taZVhYOFRtU0RsNTVXSzNYRFIvMEZIK2hhcWlnRlVoM2hFSWRLQ1dnNGsKanczbFF2VGE1Y1huNTRrMlFmbFRieVI5Ylo3KzJxU3V1eTB3TWJ2RDhFNVZFc1JXbFBIR2hZWmRDZ3ZoTElPNwpETm82UXNiaER4Rm0yd2xNS0ZnME40N0JnOXpWa2JmQk0ybjMySGpPWm9kUUNoNTM0SmNlNm1xRDRxaDRxbG0yCkNPMThnQXRDcHM5SlZ2WG0yYm9wSlk2cEpYUG12cnR5eHVuWFlsZDNPbG1hMXhaTnJ3RkIzbFVGL2g2ZFFpejUKNXIvdFVMdGZDRXNPT1RSMlFDQTl1ZzMzKzFkbm5oaitoK2daWStFVS8zZ3N6MGVHL3I4RTVLV0ZPMDZyQ0xPVwp1TGdlUytkWTlwS1BRbnFpVHh1bDN2SFpQMWVGOHluT3JUMW92eVNSMG5icTh2RXRWVHFMbGV6eXBtR1NQamozCkhnMXdCMXhpOWdMbkZjWkVPUnhDOWN1NVRXUnZwMHhkREtLWHU5cjV5NkhWL2VzRUx5TllVNXJ5dmo4d1NJNGQKRjROWFdRQXRPZHdMeUpzQlZqMlRmdUxEbmVmV2wvc2pEdTdFRVdRWXBrbEpnQnhBMjRDeGNuT05kd2luQmlKWgpGN2MwZFAxOVN4UzNFZjl4Ci0tLS0tRU5EIENFUlRJRklDQVRFLS0tLS0K",
                "host": "https://aks-995im18d.hcp.eastasia.azmk8s.io:443",
                "password": "",
                "username": "clusterUser_rg-aks-apim-0420_aks-cluster-01"
              }
            ],
            "kube_config_raw": "apiVersion: v1\nclusters:\n- cluster:\n    certificate-authority-data: LS0tLS1CRUdJTiBDRVJUSUZJQ0FURS0tLS0tCk1JSUU2RENDQXRDZ0F3SUJBZ0lRQmdWSVN6MURhaGZEWFRDaGRYeXFtREFOQmdrcWhraUc5dzBCQVFzRkFEQU4KTVFzd0NRWURWUVFERXdKallUQWdGdzB5TlRBME1qQXdPVEkyTkRaYUdBOHlNRFUxTURReU1EQTVNelkwTmxvdwpEVEVMTUFrR0ExVUVBeE1DWTJFd2dnSWlNQTBHQ1NxR1NJYjNEUUVCQVFVQUE0SUNEd0F3Z2dJS0FvSUNBUUM4CjFNMlRhTW12VVVlT2MyMW9RbGdHc2l2TFZGMURSNE95a29Ra3RGcjBHWWtJMUI1L2FuUlZ6SmJLYUFDa1JmeUYKVU1HZTBIaU5SQkdQTWhMbnhhVkdKanVNSjlHZDFleUJJQnl5U3Z3Wnd0S0tkMDB2S0FNakFudHpmM0JhdkhCVAo3RGY2ZkhhVnR3UURNay9FNGw2MDZ6YVAzOFhEZ1c0cS91QStUZVB0WEpOenpZV0NGakNUL2FYWkFSTklXbmVDCmt5eG9iekw5VXNHMlN4azY3WmlId0N0U3F0Ny9RbHlNNVJnQnF6dnYwNmZFczFxR2YxWGVpUU5OSDM4YVdVMm0KWkpUMTNqd0Z3MDhVRzBrYUZXUDJ1V2VDNEFrZ1VFMlpRblBBSWxDMUJIdWtLRW1FeUhReXZkbWxiYzRaS2RmSQp4MEhPdWpidmlHa2hvRlFkcTFySFFRdkdlT2s0UXc0MUNlMkdhNFkxRFA1YzI1Y2RPcFFtcWg4aml6RlRvWEdkCndXVWFXSytJc1RSbzJuRHRUc3g3MGRRTkR5V2ZtTFAyR29SaW16bFZtcFF0Uk00bm02ZlBKbmozdVFkekNtTTAKK3ZVYjZESkluQzF0TjRFREtzUFgxSlpOamo4QWdReDNYWVozT3RNUzJMVmNRVEYvbko4MUo2cXhoQlRVbE5STgpTcWcwa1JJZCtqWGN0Um5yTS9rTmJ2N21uc05Ndml2bUNyQXd0OGdGTzN4QVBzT0hhMTRKV0doOFB6UW1lbDJXCi83RHFubmIzTUZuTmdhNmxuWFpDVTNSbUdLQ3loZkl4VWx4OHIxRXdidWlxZDI3OEdnN25CSGxnaUdDK0h6MGEKNE10Y2xqSEFzb3UyYmg3dVNsa1ZYYmdRZTJYT0dTQUYraGlWTzNGalJRSURBUUFCbzBJd1FEQU9CZ05WSFE4QgpBZjhFQkFNQ0FxUXdEd1lEVlIwVEFRSC9CQVV3QXdFQi96QWRCZ05WSFE0RUZnUVVjY2lYUFZqRmVZRnBVOEQrCmJ5VUh2cjFBYXdBd0RRWUpLb1pJaHZjTkFRRUxCUUFEZ2dJQkFBd2x5ZWtzZVYvL1E3bUhnSk9SK3o4aVZ6Vk0KZFNKV0dlcTJHWUFnVy9HQ3dUVGppdVlFMWxCWXRqSmk4NDVCRXpkczBiNTV6dkZoUDhScGROYjBDSXYveDFqbQpSTlkrZHlRa2xzd2VCNU9sZ09oNEhYcStxTC85ejk4amxTVWRwd3A5anAzR0xOT2dtWkQvR0hDN084bDlURjdKCmJMdVVVY2lKQW5qOTk2bVdpVU5ER2taZVhYOFRtU0RsNTVXSzNYRFIvMEZIK2hhcWlnRlVoM2hFSWRLQ1dnNGsKanczbFF2VGE1Y1huNTRrMlFmbFRieVI5Ylo3KzJxU3V1eTB3TWJ2RDhFNVZFc1JXbFBIR2hZWmRDZ3ZoTElPNwpETm82UXNiaER4Rm0yd2xNS0ZnME40N0JnOXpWa2JmQk0ybjMySGpPWm9kUUNoNTM0SmNlNm1xRDRxaDRxbG0yCkNPMThnQXRDcHM5SlZ2WG0yYm9wSlk2cEpYUG12cnR5eHVuWFlsZDNPbG1hMXhaTnJ3RkIzbFVGL2g2ZFFpejUKNXIvdFVMdGZDRXNPT1RSMlFDQTl1ZzMzKzFkbm5oaitoK2daWStFVS8zZ3N6MGVHL3I4RTVLV0ZPMDZyQ0xPVwp1TGdlUytkWTlwS1BRbnFpVHh1bDN2SFpQMWVGOHluT3JUMW92eVNSMG5icTh2RXRWVHFMbGV6eXBtR1NQamozCkhnMXdCMXhpOWdMbkZjWkVPUnhDOWN1NVRXUnZwMHhkREtLWHU5cjV5NkhWL2VzRUx5TllVNXJ5dmo4d1NJNGQKRjROWFdRQXRPZHdMeUpzQlZqMlRmdUxEbmVmV2wvc2pEdTdFRVdRWXBrbEpnQnhBMjRDeGNuT05kd2luQmlKWgpGN2MwZFAxOVN4UzNFZjl4Ci0tLS0tRU5EIENFUlRJRklDQVRFLS0tLS0K\n    server: https://aks-995im18d.hcp.eastasia.azmk8s.io:443\n  name: aks-cluster-01\ncontexts:\n- context:\n    cluster: aks-cluster-01\n    user: clusterUser_rg-aks-apim-0420_aks-cluster-01\n  name: aks-cluster-01\ncurrent-context: aks-cluster-01\nkind: Config\npreferences: {}\nusers:\n- name: clusterUser_rg-aks-apim-0420_aks-cluster-01\n  user:\n    exec:\n      apiVersion: client.authentication.k8s.io/v1beta1\n      args:\n      - get-token\n      - --environment\n      - AzurePublicCloud\n      - --server-id\n      - 6dae42f8-4368-4678-94ff-3960e28e3630\n      - --client-id\n      - 80faf920-1908-4b52-b5ef-a8e7bedfc67a\n      - --tenant-id\n      - 9d427af2-14f5-4a21-ad29-9bf8683da155\n      - --login\n      - devicecode\n      command: kubelogin\n      env: null\n      installHint: |2\n\n        kubelogin is not installed which is required to connect to AAD enabled cluster.\n\n        To learn more, please go to https://aka.ms/aks/kubelogin\n      provideClusterInfo: false\n",
            "kubelet_identity": [
              {
                "client_id": "8a29c1bd-44ad-410f-aba6-43f72e5a3bc6",
                "object_id": "c565cc8c-5d1f-4541-b5fe-eeb28f9e46cb",
                "user_assigned_identity_id": "/subscriptions/edccbd3e-fb14-444d-92ae-e43da2008c69/resourceGroups/MC_rg-aks-apim-0420_aks-cluster-01_eastasia/providers/Microsoft.ManagedIdentity/userAssignedIdentities/aks-cluster-01-agentpool"
              }
            ],
            "kubernetes_version": "1.30.0",
            "linux_profile": [],
            "local_account_disabled": false,
            "location": "eastasia",
            "maintenance_window": [],
            "maintenance_window_auto_upgrade": [],
            "maintenance_window_node_os": [],
            "microsoft_defender": [],
            "monitor_metrics": [],
            "name": "aks-cluster-01",
            "network_profile": [
              {
                "dns_service_ip": "10.0.0.10",
                "docker_bridge_cidr": "",
                "ebpf_data_plane": "",
                "ip_versions": [
                  "IPv4"
                ],
                "load_balancer_profile": [
                  {
                    "effective_outbound_ips": [
                      "/subscriptions/edccbd3e-fb14-444d-92ae-e43da2008c69/resourceGroups/MC_rg-aks-apim-0420_aks-cluster-01_eastasia/providers/Microsoft.Network/publicIPAddresses/0dd527fc-b314-4ce8-b816-5c5150b2f78a"
                    ],
                    "idle_timeout_in_minutes": 0,
                    "managed_outbound_ip_count": 1,
                    "managed_outbound_ipv6_count": 0,
                    "outbound_ip_address_ids": [],
                    "outbound_ip_prefix_ids": [],
                    "outbound_ports_allocated": 0
                  }
                ],
                "load_balancer_sku": "standard",
                "nat_gateway_profile": [],
                "network_data_plane": "azure",
                "network_mode": "",
                "network_plugin": "azure",
                "network_plugin_mode": "",
                "network_policy": "",
                "outbound_ip_address_ids": [],
                "outbound_ip_prefix_ids": [],
                "outbound_type": "loadBalancer",
                "pod_cidr": "",
                "pod_cidrs": [],
                "service_cidr": "10.0.0.0/16",
                "service_cidrs": [
                  "10.0.0.0/16"
                ]
              }
            ],
            "node_os_channel_upgrade": null,
            "node_resource_group": "MC_rg-aks-apim-0420_aks-cluster-01_eastasia",
            "node_resource_group_id": "/subscriptions/edccbd3e-fb14-444d-92ae-e43da2008c69/resourceGroups/MC_rg-aks-apim-0420_aks-cluster-01_eastasia",
            "oidc_issuer_enabled": true,
            "oidc_issuer_url": "https://eastasia.oic.prod-aks.azure.com/9d427af2-14f5-4a21-ad29-9bf8683da155/eb7364f1-f614-4b90-9876-16c6674d6fbf/",
            "oms_agent": [],
            "open_service_mesh_enabled": false,
            "portal_fqdn": "aks-995im18d.portal.hcp.eastasia.azmk8s.io",
            "private_cluster_enabled": false,
            "private_cluster_public_fqdn_enabled": false,
            "private_dns_zone_id": null,
            "private_fqdn": "",
            "public_network_access_enabled": true,
            "resource_group_name": "rg-aks-apim-0420",
            "role_based_access_control_enabled": true,
            "run_command_enabled": true,
            "service_mesh_profile": [],
            "service_principal": [],
            "sku_tier": "Free",
            "storage_profile": [],
            "support_plan": "KubernetesOfficial",
            "tags": null,
            "timeouts": null,
            "web_app_routing": [],
            "windows_profile": [
              {
                "admin_password": "",
                "admin_username": "azureuser",
                "gmsa": [],
                "license": ""
              }
            ],
            "workload_autoscaler_profile": [],
            "workload_identity_enabled": true
          },
          "sensitive_attributes": [
            [
              {
                "type": "get_attr",
                "value": "kube_config"
              }
            ],
            [
              {
                "type": "get_attr",
                "value": "kube_config_raw"
              }
            ],
            [
              {
                "type": "get_attr",
                "value": "windows_profile"
              },
              {
                "type": "index",
                "value": {
                  "value": 0,
                  "type": "number"
                }
              },
              {
                "type": "get_attr",
                "value": "admin_password"
              }
            ],
            [
              {
                "type": "get_attr",
                "value": "kube_admin_config"
              }
            ],
            [
              {
                "type": "get_attr",
                "value": "azure_active_directory_role_based_access_control"
              },
              {
                "type": "index",
                "value": {
                  "value": 0,
                  "type": "number"
                }
              },
              {
                "type": "get_attr",
                "value": "server_app_secret"
              }
            ],
            [
              {
                "type": "get_attr",
                "value": "kube_admin_config_raw"
              }
            ]
          ],
          "private": "eyJlMmJmYjczMC1lY2FhLTExZTYtOGY4OC0zNDM2M2JjN2M0YzAiOnsiY3JlYXRlIjo1NDAwMDAwMDAwMDAwLCJkZWxldGUiOjU0MDAwMDAwMDAwMDAsInJlYWQiOjMwMDAwMDAwMDAwMCwidXBkYXRlIjo1NDAwMDAwMDAwMDAwfSwic2NoZW1hX3ZlcnNpb24iOiIyIn0=",
          "dependencies": [
            "azurerm_resource_group.rg",
            "azurerm_subnet.snet-aks",
            "azurerm_virtual_network.vnet-spoke",
            "data.azurerm_client_config.current"
          ]
        }
      ]
    },
    {
      "mode": "managed",
      "type": "azurerm_network_security_group",
      "name": "nsg-apim",
      "provider": "provider[\"registry.terraform.io/hashicorp/azurerm\"]",
      "instances": [
        {
          "schema_version": 0,
          "attributes": {
            "id": "/subscriptions/edccbd3e-fb14-444d-92ae-e43da2008c69/resourceGroups/rg-aks-apim-0420/providers/Microsoft.Network/networkSecurityGroups/nsg-apim",
            "location": "eastasia",
            "name": "nsg-apim",
            "resource_group_name": "rg-aks-apim-0420",
            "security_rule": [
              {
                "access": "Allow",
                "description": "",
                "destination_address_prefix": "AzureKeyVault",
                "destination_address_prefixes": [],
                "destination_application_security_group_ids": [],
                "destination_port_range": "443",
                "destination_port_ranges": [],
                "direction": "Outbound",
                "name": "allow-outbound-keyvault",
                "priority": 1040,
                "protocol": "Tcp",
                "source_address_prefix": "VirtualNetwork",
                "source_address_prefixes": [],
                "source_application_security_group_ids": [],
                "source_port_range": "*",
                "source_port_ranges": []
              },
              {
                "access": "Allow",
                "description": "",
                "destination_address_prefix": "SQL",
                "destination_address_prefixes": [],
                "destination_application_security_group_ids": [],
                "destination_port_range": "1443",
                "destination_port_ranges": [],
                "direction": "Outbound",
                "name": "allow-outbound-azure-sql",
                "priority": 1030,
                "protocol": "Tcp",
                "source_address_prefix": "VirtualNetwork",
                "source_address_prefixes": [],
                "source_application_security_group_ids": [],
                "source_port_range": "*",
                "source_port_ranges": []
              },
              {
                "access": "Allow",
                "description": "",
                "destination_address_prefix": "Storage",
                "destination_address_prefixes": [],
                "destination_application_security_group_ids": [],
                "destination_port_range": "443",
                "destination_port_ranges": [],
                "direction": "Outbound",
                "name": "allow-outbound-storage",
                "priority": 1020,
                "protocol": "Tcp",
                "source_address_prefix": "VirtualNetwork",
                "source_address_prefixes": [],
                "source_application_security_group_ids": [],
                "source_port_range": "*",
                "source_port_ranges": []
              },
              {
                "access": "Allow",
                "description": "",
                "destination_address_prefix": "VirtualNetwork",
                "destination_address_prefixes": [],
                "destination_application_security_group_ids": [],
                "destination_port_range": "3443",
                "destination_port_ranges": [],
                "direction": "Inbound",
                "name": "allow-inbound-apim",
                "priority": 1010,
                "protocol": "Tcp",
                "source_address_prefix": "ApiManagement",
                "source_address_prefixes": [],
                "source_application_security_group_ids": [],
                "source_port_range": "*",
                "source_port_ranges": []
              },
              {
                "access": "Allow",
                "description": "",
                "destination_address_prefix": "VirtualNetwork",
                "destination_address_prefixes": [],
                "destination_application_security_group_ids": [],
                "destination_port_range": "443",
                "destination_port_ranges": [],
                "direction": "Inbound",
                "name": "allow-inbound-internet-https",
                "priority": 1030,
                "protocol": "Tcp",
                "source_address_prefix": "Internet",
                "source_address_prefixes": [],
                "source_application_security_group_ids": [],
                "source_port_range": "*",
                "source_port_ranges": []
              },
              {
                "access": "Allow",
                "description": "",
                "destination_address_prefix": "VirtualNetwork",
                "destination_address_prefixes": [],
                "destination_application_security_group_ids": [],
                "destination_port_range": "6390",
                "destination_port_ranges": [],
                "direction": "Inbound",
                "name": "allow-inbound-infra-lb",
                "priority": 1000,
                "protocol": "Tcp",
                "source_address_prefix": "AzureLoadBalancer",
                "source_address_prefixes": [],
                "source_application_security_group_ids": [],
                "source_port_range": "*",
                "source_port_ranges": []
              },
              {
                "access": "Allow",
                "description": "",
                "destination_address_prefix": "VirtualNetwork",
                "destination_address_prefixes": [],
                "destination_application_security_group_ids": [],
                "destination_port_range": "80",
                "destination_port_ranges": [],
                "direction": "Inbound",
                "name": "allow-inbound-internet-http",
                "priority": 1020,
                "protocol": "Tcp",
                "source_address_prefix": "Internet",
                "source_address_prefixes": [],
                "source_application_security_group_ids": [],
                "source_port_range": "*",
                "source_port_ranges": []
              }
            ],
            "tags": {},
            "timeouts": null
          },
          "sensitive_attributes": [],
          "private": "eyJlMmJmYjczMC1lY2FhLTExZTYtOGY4OC0zNDM2M2JjN2M0YzAiOnsiY3JlYXRlIjoxODAwMDAwMDAwMDAwLCJkZWxldGUiOjE4MDAwMDAwMDAwMDAsInJlYWQiOjMwMDAwMDAwMDAwMCwidXBkYXRlIjoxODAwMDAwMDAwMDAwfX0=",
          "dependencies": [
            "azurerm_resource_group.rg"
          ]
        }
      ]
    },
    {
      "mode": "managed",
      "type": "azurerm_network_security_rule",
      "name": "allow-inbound-apim",
      "provider": "provider[\"registry.terraform.io/hashicorp/azurerm\"]",
      "instances": [
        {
          "schema_version": 0,
          "attributes": {
            "access": "Allow",
            "description": "",
            "destination_address_prefix": "VirtualNetwork",
            "destination_address_prefixes": [],
            "destination_application_security_group_ids": [],
            "destination_port_range": "3443",
            "destination_port_ranges": [],
            "direction": "Inbound",
            "id": "/subscriptions/edccbd3e-fb14-444d-92ae-e43da2008c69/resourceGroups/rg-aks-apim-0420/providers/Microsoft.Network/networkSecurityGroups/nsg-apim/securityRules/allow-inbound-apim",
            "name": "allow-inbound-apim",
            "network_security_group_name": "nsg-apim",
            "priority": 1010,
            "protocol": "Tcp",
            "resource_group_name": "rg-aks-apim-0420",
            "source_address_prefix": "ApiManagement",
            "source_address_prefixes": [],
            "source_application_security_group_ids": [],
            "source_port_range": "*",
            "source_port_ranges": [],
            "timeouts": null
          },
          "sensitive_attributes": [],
          "private": "eyJlMmJmYjczMC1lY2FhLTExZTYtOGY4OC0zNDM2M2JjN2M0YzAiOnsiY3JlYXRlIjoxODAwMDAwMDAwMDAwLCJkZWxldGUiOjE4MDAwMDAwMDAwMDAsInJlYWQiOjMwMDAwMDAwMDAwMCwidXBkYXRlIjoxODAwMDAwMDAwMDAwfX0=",
          "dependencies": [
            "azurerm_network_security_group.nsg-apim",
            "azurerm_resource_group.rg"
          ]
        }
      ]
    },
    {
      "mode": "managed",
      "type": "azurerm_network_security_rule",
      "name": "allow-inbound-infra-lb",
      "provider": "provider[\"registry.terraform.io/hashicorp/azurerm\"]",
      "instances": [
        {
          "schema_version": 0,
          "attributes": {
            "access": "Allow",
            "description": "",
            "destination_address_prefix": "VirtualNetwork",
            "destination_address_prefixes": [],
            "destination_application_security_group_ids": [],
            "destination_port_range": "6390",
            "destination_port_ranges": [],
            "direction": "Inbound",
            "id": "/subscriptions/edccbd3e-fb14-444d-92ae-e43da2008c69/resourceGroups/rg-aks-apim-0420/providers/Microsoft.Network/networkSecurityGroups/nsg-apim/securityRules/allow-inbound-infra-lb",
            "name": "allow-inbound-infra-lb",
            "network_security_group_name": "nsg-apim",
            "priority": 1000,
            "protocol": "Tcp",
            "resource_group_name": "rg-aks-apim-0420",
            "source_address_prefix": "AzureLoadBalancer",
            "source_address_prefixes": [],
            "source_application_security_group_ids": [],
            "source_port_range": "*",
            "source_port_ranges": [],
            "timeouts": null
          },
          "sensitive_attributes": [],
          "private": "eyJlMmJmYjczMC1lY2FhLTExZTYtOGY4OC0zNDM2M2JjN2M0YzAiOnsiY3JlYXRlIjoxODAwMDAwMDAwMDAwLCJkZWxldGUiOjE4MDAwMDAwMDAwMDAsInJlYWQiOjMwMDAwMDAwMDAwMCwidXBkYXRlIjoxODAwMDAwMDAwMDAwfX0=",
          "dependencies": [
            "azurerm_network_security_group.nsg-apim",
            "azurerm_resource_group.rg"
          ]
        }
      ]
    },
    {
      "mode": "managed",
      "type": "azurerm_network_security_rule",
      "name": "allow-inbound-internet-http",
      "provider": "provider[\"registry.terraform.io/hashicorp/azurerm\"]",
      "instances": [
        {
          "schema_version": 0,
          "attributes": {
            "access": "Allow",
            "description": "",
            "destination_address_prefix": "VirtualNetwork",
            "destination_address_prefixes": [],
            "destination_application_security_group_ids": [],
            "destination_port_range": "80",
            "destination_port_ranges": [],
            "direction": "Inbound",
            "id": "/subscriptions/edccbd3e-fb14-444d-92ae-e43da2008c69/resourceGroups/rg-aks-apim-0420/providers/Microsoft.Network/networkSecurityGroups/nsg-apim/securityRules/allow-inbound-internet-http",
            "name": "allow-inbound-internet-http",
            "network_security_group_name": "nsg-apim",
            "priority": 1020,
            "protocol": "Tcp",
            "resource_group_name": "rg-aks-apim-0420",
            "source_address_prefix": "Internet",
            "source_address_prefixes": [],
            "source_application_security_group_ids": [],
            "source_port_range": "*",
            "source_port_ranges": [],
            "timeouts": null
          },
          "sensitive_attributes": [],
          "private": "eyJlMmJmYjczMC1lY2FhLTExZTYtOGY4OC0zNDM2M2JjN2M0YzAiOnsiY3JlYXRlIjoxODAwMDAwMDAwMDAwLCJkZWxldGUiOjE4MDAwMDAwMDAwMDAsInJlYWQiOjMwMDAwMDAwMDAwMCwidXBkYXRlIjoxODAwMDAwMDAwMDAwfX0=",
          "dependencies": [
            "azurerm_network_security_group.nsg-apim",
            "azurerm_resource_group.rg"
          ]
        }
      ]
    },
    {
      "mode": "managed",
      "type": "azurerm_network_security_rule",
      "name": "allow-inbound-internet-https",
      "provider": "provider[\"registry.terraform.io/hashicorp/azurerm\"]",
      "instances": [
        {
          "schema_version": 0,
          "attributes": {
            "access": "Allow",
            "description": "",
            "destination_address_prefix": "VirtualNetwork",
            "destination_address_prefixes": [],
            "destination_application_security_group_ids": [],
            "destination_port_range": "443",
            "destination_port_ranges": [],
            "direction": "Inbound",
            "id": "/subscriptions/edccbd3e-fb14-444d-92ae-e43da2008c69/resourceGroups/rg-aks-apim-0420/providers/Microsoft.Network/networkSecurityGroups/nsg-apim/securityRules/allow-inbound-internet-https",
            "name": "allow-inbound-internet-https",
            "network_security_group_name": "nsg-apim",
            "priority": 1030,
            "protocol": "Tcp",
            "resource_group_name": "rg-aks-apim-0420",
            "source_address_prefix": "Internet",
            "source_address_prefixes": [],
            "source_application_security_group_ids": [],
            "source_port_range": "*",
            "source_port_ranges": [],
            "timeouts": null
          },
          "sensitive_attributes": [],
          "private": "eyJlMmJmYjczMC1lY2FhLTExZTYtOGY4OC0zNDM2M2JjN2M0YzAiOnsiY3JlYXRlIjoxODAwMDAwMDAwMDAwLCJkZWxldGUiOjE4MDAwMDAwMDAwMDAsInJlYWQiOjMwMDAwMDAwMDAwMCwidXBkYXRlIjoxODAwMDAwMDAwMDAwfX0=",
          "dependencies": [
            "azurerm_network_security_group.nsg-apim",
            "azurerm_resource_group.rg"
          ]
        }
      ]
    },
    {
      "mode": "managed",
      "type": "azurerm_network_security_rule",
      "name": "allow-outbound-azuresql",
      "provider": "provider[\"registry.terraform.io/hashicorp/azurerm\"]",
      "instances": [
        {
          "index_key": 0,
          "schema_version": 0,
          "attributes": {
            "access": "Allow",
            "description": "",
            "destination_address_prefix": "SQL",
            "destination_address_prefixes": [],
            "destination_application_security_group_ids": [],
            "destination_port_range": "1443",
            "destination_port_ranges": [],
            "direction": "Outbound",
            "id": "/subscriptions/edccbd3e-fb14-444d-92ae-e43da2008c69/resourceGroups/rg-aks-apim-0420/providers/Microsoft.Network/networkSecurityGroups/nsg-apim/securityRules/allow-outbound-azure-sql",
            "name": "allow-outbound-azure-sql",
            "network_security_group_name": "nsg-apim",
            "priority": 1030,
            "protocol": "Tcp",
            "resource_group_name": "rg-aks-apim-0420",
            "source_address_prefix": "VirtualNetwork",
            "source_address_prefixes": [],
            "source_application_security_group_ids": [],
            "source_port_range": "*",
            "source_port_ranges": [],
            "timeouts": null
          },
          "sensitive_attributes": [],
          "private": "eyJlMmJmYjczMC1lY2FhLTExZTYtOGY4OC0zNDM2M2JjN2M0YzAiOnsiY3JlYXRlIjoxODAwMDAwMDAwMDAwLCJkZWxldGUiOjE4MDAwMDAwMDAwMDAsInJlYWQiOjMwMDAwMDAwMDAwMCwidXBkYXRlIjoxODAwMDAwMDAwMDAwfX0=",
          "dependencies": [
            "azurerm_network_security_group.nsg-apim",
            "azurerm_resource_group.rg"
          ]
        }
      ]
    },
    {
      "mode": "managed",
      "type": "azurerm_network_security_rule",
      "name": "allow-outbound-keyvault",
      "provider": "provider[\"registry.terraform.io/hashicorp/azurerm\"]",
      "instances": [
        {
          "index_key": 0,
          "schema_version": 0,
          "attributes": {
            "access": "Allow",
            "description": "",
            "destination_address_prefix": "AzureKeyVault",
            "destination_address_prefixes": [],
            "destination_application_security_group_ids": [],
            "destination_port_range": "443",
            "destination_port_ranges": [],
            "direction": "Outbound",
            "id": "/subscriptions/edccbd3e-fb14-444d-92ae-e43da2008c69/resourceGroups/rg-aks-apim-0420/providers/Microsoft.Network/networkSecurityGroups/nsg-apim/securityRules/allow-outbound-keyvault",
            "name": "allow-outbound-keyvault",
            "network_security_group_name": "nsg-apim",
            "priority": 1040,
            "protocol": "Tcp",
            "resource_group_name": "rg-aks-apim-0420",
            "source_address_prefix": "VirtualNetwork",
            "source_address_prefixes": [],
            "source_application_security_group_ids": [],
            "source_port_range": "*",
            "source_port_ranges": [],
            "timeouts": null
          },
          "sensitive_attributes": [],
          "private": "eyJlMmJmYjczMC1lY2FhLTExZTYtOGY4OC0zNDM2M2JjN2M0YzAiOnsiY3JlYXRlIjoxODAwMDAwMDAwMDAwLCJkZWxldGUiOjE4MDAwMDAwMDAwMDAsInJlYWQiOjMwMDAwMDAwMDAwMCwidXBkYXRlIjoxODAwMDAwMDAwMDAwfX0=",
          "dependencies": [
            "azurerm_network_security_group.nsg-apim",
            "azurerm_resource_group.rg"
          ]
        }
      ]
    },
    {
      "mode": "managed",
      "type": "azurerm_network_security_rule",
      "name": "allow-outbound-storage",
      "provider": "provider[\"registry.terraform.io/hashicorp/azurerm\"]",
      "instances": [
        {
          "index_key": 0,
          "schema_version": 0,
          "attributes": {
            "access": "Allow",
            "description": "",
            "destination_address_prefix": "Storage",
            "destination_address_prefixes": [],
            "destination_application_security_group_ids": [],
            "destination_port_range": "443",
            "destination_port_ranges": [],
            "direction": "Outbound",
            "id": "/subscriptions/edccbd3e-fb14-444d-92ae-e43da2008c69/resourceGroups/rg-aks-apim-0420/providers/Microsoft.Network/networkSecurityGroups/nsg-apim/securityRules/allow-outbound-storage",
            "name": "allow-outbound-storage",
            "network_security_group_name": "nsg-apim",
            "priority": 1020,
            "protocol": "Tcp",
            "resource_group_name": "rg-aks-apim-0420",
            "source_address_prefix": "VirtualNetwork",
            "source_address_prefixes": [],
            "source_application_security_group_ids": [],
            "source_port_range": "*",
            "source_port_ranges": [],
            "timeouts": null
          },
          "sensitive_attributes": [],
          "private": "eyJlMmJmYjczMC1lY2FhLTExZTYtOGY4OC0zNDM2M2JjN2M0YzAiOnsiY3JlYXRlIjoxODAwMDAwMDAwMDAwLCJkZWxldGUiOjE4MDAwMDAwMDAwMDAsInJlYWQiOjMwMDAwMDAwMDAwMCwidXBkYXRlIjoxODAwMDAwMDAwMDAwfX0=",
          "dependencies": [
            "azurerm_network_security_group.nsg-apim",
            "azurerm_resource_group.rg"
          ]
        }
      ]
    },
    {
      "mode": "managed",
      "type": "azurerm_private_dns_a_record",
      "name": "test",
      "provider": "provider[\"registry.terraform.io/hashicorp/azurerm\"]",
      "instances": [
        {
          "schema_version": 0,
          "attributes": {
            "fqdn": "test.internal.webapi.",
            "id": "/subscriptions/edccbd3e-fb14-444d-92ae-e43da2008c69/resourceGroups/rg-aks-apim-0420/providers/Microsoft.Network/privateDnsZones/internal.webapi/A/test",
            "name": "test",
            "records": [
              "10.11.12.13"
            ],
            "resource_group_name": "rg-aks-apim-0420",
            "tags": {},
            "timeouts": null,
            "ttl": 300,
            "zone_name": "internal.webapi"
          },
          "sensitive_attributes": [],
          "private": "eyJlMmJmYjczMC1lY2FhLTExZTYtOGY4OC0zNDM2M2JjN2M0YzAiOnsiY3JlYXRlIjoxODAwMDAwMDAwMDAwLCJkZWxldGUiOjE4MDAwMDAwMDAwMDAsInJlYWQiOjMwMDAwMDAwMDAwMCwidXBkYXRlIjoxODAwMDAwMDAwMDAwfX0=",
          "dependencies": [
            "azurerm_private_dns_zone.private_dns_zone",
            "azurerm_resource_group.rg"
          ]
        }
      ]
    },
    {
      "mode": "managed",
      "type": "azurerm_private_dns_a_record",
      "name": "webapi_dns",
      "provider": "provider[\"registry.terraform.io/hashicorp/azurerm\"]",
      "instances": [
        {
          "schema_version": 0,
          "attributes": {
            "fqdn": "webapi_dns.internal.webapi.",
            "id": "/subscriptions/edccbd3e-fb14-444d-92ae-e43da2008c69/resourceGroups/rg-aks-apim-0420/providers/Microsoft.Network/privateDnsZones/internal.webapi/A/webapi_dns",
            "name": "webapi_dns",
            "records": [
              "10.10.0.101"
            ],
            "resource_group_name": "rg-aks-apim-0420",
            "tags": {},
            "timeouts": null,
            "ttl": 300,
            "zone_name": "internal.webapi"
          },
          "sensitive_attributes": [],
          "private": "eyJlMmJmYjczMC1lY2FhLTExZTYtOGY4OC0zNDM2M2JjN2M0YzAiOnsiY3JlYXRlIjoxODAwMDAwMDAwMDAwLCJkZWxldGUiOjE4MDAwMDAwMDAwMDAsInJlYWQiOjMwMDAwMDAwMDAwMCwidXBkYXRlIjoxODAwMDAwMDAwMDAwfX0=",
          "dependencies": [
            "azurerm_private_dns_zone.private_dns_zone",
            "azurerm_resource_group.rg"
          ]
        }
      ]
    },
    {
      "mode": "managed",
      "type": "azurerm_private_dns_zone",
      "name": "private_dns_zone",
      "provider": "provider[\"registry.terraform.io/hashicorp/azurerm\"]",
      "instances": [
        {
          "schema_version": 0,
          "attributes": {
            "id": "/subscriptions/edccbd3e-fb14-444d-92ae-e43da2008c69/resourceGroups/rg-aks-apim-0420/providers/Microsoft.Network/privateDnsZones/internal.webapi",
            "max_number_of_record_sets": 25000,
            "max_number_of_virtual_network_links": 1000,
            "max_number_of_virtual_network_links_with_registration": 100,
            "name": "internal.webapi",
            "number_of_record_sets": 3,
            "resource_group_name": "rg-aks-apim-0420",
            "soa_record": [
              {
                "email": "azureprivatedns-host.microsoft.com",
                "expire_time": 2419200,
                "fqdn": "internal.webapi.",
                "host_name": "azureprivatedns.net",
                "minimum_ttl": 10,
                "refresh_time": 3600,
                "retry_time": 300,
                "serial_number": 1,
                "tags": {},
                "ttl": 3600
              }
            ],
            "tags": {},
            "timeouts": null
          },
          "sensitive_attributes": [],
          "private": "eyJlMmJmYjczMC1lY2FhLTExZTYtOGY4OC0zNDM2M2JjN2M0YzAiOnsiY3JlYXRlIjoxODAwMDAwMDAwMDAwLCJkZWxldGUiOjE4MDAwMDAwMDAwMDAsInJlYWQiOjMwMDAwMDAwMDAwMCwidXBkYXRlIjoxODAwMDAwMDAwMDAwfX0=",
          "dependencies": [
            "azurerm_resource_group.rg"
          ]
        }
      ]
    },
    {
      "mode": "managed",
      "type": "azurerm_private_dns_zone_virtual_network_link",
      "name": "link-vnet",
      "provider": "provider[\"registry.terraform.io/hashicorp/azurerm\"]",
      "instances": [
        {
          "schema_version": 0,
          "attributes": {
            "id": "/subscriptions/edccbd3e-fb14-444d-92ae-e43da2008c69/resourceGroups/rg-aks-apim-0420/providers/Microsoft.Network/privateDnsZones/internal.webapi/virtualNetworkLinks/link-vnet",
            "name": "link-vnet",
            "private_dns_zone_name": "internal.webapi",
            "registration_enabled": false,
            "resource_group_name": "rg-aks-apim-0420",
            "tags": {},
            "timeouts": null,
            "virtual_network_id": "/subscriptions/edccbd3e-fb14-444d-92ae-e43da2008c69/resourceGroups/rg-aks-apim-0420/providers/Microsoft.Network/virtualNetworks/vnet-spoke"
          },
          "sensitive_attributes": [],
          "private": "eyJlMmJmYjczMC1lY2FhLTExZTYtOGY4OC0zNDM2M2JjN2M0YzAiOnsiY3JlYXRlIjoxODAwMDAwMDAwMDAwLCJkZWxldGUiOjE4MDAwMDAwMDAwMDAsInJlYWQiOjMwMDAwMDAwMDAwMCwidXBkYXRlIjoxODAwMDAwMDAwMDAwfX0=",
          "dependencies": [
            "azurerm_private_dns_zone.private_dns_zone",
            "azurerm_resource_group.rg",
            "azurerm_virtual_network.vnet-spoke"
          ]
        }
      ]
    },
    {
      "mode": "managed",
      "type": "azurerm_public_ip",
      "name": "pip-apim",
      "provider": "provider[\"registry.terraform.io/hashicorp/azurerm\"]",
      "instances": [
        {
          "schema_version": 0,
          "attributes": {
            "allocation_method": "Static",
            "ddos_protection_mode": "VirtualNetworkInherited",
            "ddos_protection_plan_id": null,
            "domain_name_label": "apim-extern-0420",
            "edge_zone": "",
            "fqdn": "apim-extern-0420.eastasia.cloudapp.azure.com",
            "id": "/subscriptions/edccbd3e-fb14-444d-92ae-e43da2008c69/resourceGroups/rg-aks-apim-0420/providers/Microsoft.Network/publicIPAddresses/pip-apim",
            "idle_timeout_in_minutes": 4,
            "ip_address": "20.2.211.56",
            "ip_tags": {},
            "ip_version": "IPv4",
            "location": "eastasia",
            "name": "pip-apim",
            "public_ip_prefix_id": null,
            "resource_group_name": "rg-aks-apim-0420",
            "reverse_fqdn": "",
            "sku": "Standard",
            "sku_tier": "Regional",
            "tags": {},
            "timeouts": null,
            "zones": [
              "1"
            ]
          },
          "sensitive_attributes": [],
          "private": "eyJlMmJmYjczMC1lY2FhLTExZTYtOGY4OC0zNDM2M2JjN2M0YzAiOnsiY3JlYXRlIjoxODAwMDAwMDAwMDAwLCJkZWxldGUiOjE4MDAwMDAwMDAwMDAsInJlYWQiOjMwMDAwMDAwMDAwMCwidXBkYXRlIjoxODAwMDAwMDAwMDAwfX0=",
          "dependencies": [
            "azurerm_resource_group.rg"
          ]
        }
      ]
    },
    {
      "mode": "managed",
      "type": "azurerm_resource_group",
      "name": "rg",
      "provider": "provider[\"registry.terraform.io/hashicorp/azurerm\"]",
      "instances": [
        {
          "schema_version": 0,
          "attributes": {
            "id": "/subscriptions/edccbd3e-fb14-444d-92ae-e43da2008c69/resourceGroups/rg-aks-apim-0420",
            "location": "eastasia",
            "managed_by": "",
            "name": "rg-aks-apim-0420",
            "tags": {},
            "timeouts": null
          },
          "sensitive_attributes": [],
          "private": "eyJlMmJmYjczMC1lY2FhLTExZTYtOGY4OC0zNDM2M2JjN2M0YzAiOnsiY3JlYXRlIjo1NDAwMDAwMDAwMDAwLCJkZWxldGUiOjU0MDAwMDAwMDAwMDAsInJlYWQiOjMwMDAwMDAwMDAwMCwidXBkYXRlIjo1NDAwMDAwMDAwMDAwfX0="
        }
      ]
    },
    {
      "mode": "managed",
      "type": "azurerm_role_assignment",
      "name": "keyvault-admin",
      "provider": "provider[\"registry.terraform.io/hashicorp/azurerm\"]",
      "instances": [
        {
          "schema_version": 0,
          "attributes": {
            "condition": "",
            "condition_version": "",
            "delegated_managed_identity_resource_id": "",
            "description": "",
            "id": "/subscriptions/edccbd3e-fb14-444d-92ae-e43da2008c69/resourceGroups/rg-aks-apim-0420/providers/Microsoft.KeyVault/vaults/kv4aks0420/providers/Microsoft.Authorization/roleAssignments/bf8df6fa-f9a3-b3b0-c662-193edcd3c673",
            "name": "bf8df6fa-f9a3-b3b0-c662-193edcd3c673",
            "principal_id": "88a0ae9a-cadc-4e1e-ad6c-7e6adfa0d263",
            "principal_type": "User",
            "role_definition_id": "/subscriptions/edccbd3e-fb14-444d-92ae-e43da2008c69/providers/Microsoft.Authorization/roleDefinitions/00482a5a-887f-4fb3-b363-3b7fe8e74483",
            "role_definition_name": "Key Vault Administrator",
            "scope": "/subscriptions/edccbd3e-fb14-444d-92ae-e43da2008c69/resourceGroups/rg-aks-apim-0420/providers/Microsoft.KeyVault/vaults/kv4aks0420",
            "skip_service_principal_aad_check": null,
            "timeouts": null
          },
          "sensitive_attributes": [],
          "private": "eyJlMmJmYjczMC1lY2FhLTExZTYtOGY4OC0zNDM2M2JjN2M0YzAiOnsiY3JlYXRlIjoxODAwMDAwMDAwMDAwLCJkZWxldGUiOjE4MDAwMDAwMDAwMDAsInJlYWQiOjMwMDAwMDAwMDAwMH19",
          "dependencies": [
            "azurerm_key_vault.keyvault",
            "azurerm_resource_group.rg",
            "data.azurerm_client_config.current"
          ]
        }
      ]
    },
    {
      "mode": "managed",
      "type": "azurerm_role_assignment",
      "name": "keyvault-secrets-officer",
      "provider": "provider[\"registry.terraform.io/hashicorp/azurerm\"]",
      "instances": [
        {
          "schema_version": 0,
          "attributes": {
            "condition": "",
            "condition_version": "",
            "delegated_managed_identity_resource_id": "",
            "description": "",
            "id": "/subscriptions/edccbd3e-fb14-444d-92ae-e43da2008c69/resourceGroups/rg-aks-apim-0420/providers/Microsoft.KeyVault/vaults/kv4aks0420/providers/Microsoft.Authorization/roleAssignments/be2b1110-559e-4a99-1402-0570955bfce5",
            "name": "be2b1110-559e-4a99-1402-0570955bfce5",
            "principal_id": "88a0ae9a-cadc-4e1e-ad6c-7e6adfa0d263",
            "principal_type": "User",
            "role_definition_id": "/subscriptions/edccbd3e-fb14-444d-92ae-e43da2008c69/providers/Microsoft.Authorization/roleDefinitions/b86a8fe4-44ce-4948-aee5-eccb2c155cd7",
            "role_definition_name": "Key Vault Secrets Officer",
            "scope": "/subscriptions/edccbd3e-fb14-444d-92ae-e43da2008c69/resourceGroups/rg-aks-apim-0420/providers/Microsoft.KeyVault/vaults/kv4aks0420",
            "skip_service_principal_aad_check": null,
            "timeouts": null
          },
          "sensitive_attributes": [],
          "private": "eyJlMmJmYjczMC1lY2FhLTExZTYtOGY4OC0zNDM2M2JjN2M0YzAiOnsiY3JlYXRlIjoxODAwMDAwMDAwMDAwLCJkZWxldGUiOjE4MDAwMDAwMDAwMDAsInJlYWQiOjMwMDAwMDAwMDAwMH19",
          "dependencies": [
            "azurerm_key_vault.keyvault",
            "azurerm_resource_group.rg",
            "data.azurerm_client_config.current"
          ]
        }
      ]
    },
    {
      "mode": "managed",
      "type": "azurerm_role_assignment",
      "name": "network-contributor",
      "provider": "provider[\"registry.terraform.io/hashicorp/azurerm\"]",
      "instances": [
        {
          "schema_version": 0,
          "attributes": {
            "condition": "",
            "condition_version": "",
            "delegated_managed_identity_resource_id": "",
            "description": "",
            "id": "/subscriptions/edccbd3e-fb14-444d-92ae-e43da2008c69/resourceGroups/rg-aks-apim-0420/providers/Microsoft.Network/virtualNetworks/vnet-spoke/subnets/snet-aks/providers/Microsoft.Authorization/roleAssignments/7e06c307-b20e-1a87-3d15-ee66e986ddbd",
            "name": "7e06c307-b20e-1a87-3d15-ee66e986ddbd",
            "principal_id": "47511f13-b92c-4ce5-b67d-84d3e08f7ab5",
            "principal_type": "ServicePrincipal",
            "role_definition_id": "/subscriptions/edccbd3e-fb14-444d-92ae-e43da2008c69/providers/Microsoft.Authorization/roleDefinitions/4d97b98b-1d4f-4787-a291-c67834d212e7",
            "role_definition_name": "Network Contributor",
            "scope": "/subscriptions/edccbd3e-fb14-444d-92ae-e43da2008c69/resourceGroups/rg-aks-apim-0420/providers/Microsoft.Network/virtualNetworks/vnet-spoke/subnets/snet-aks",
            "skip_service_principal_aad_check": null,
            "timeouts": null
          },
          "sensitive_attributes": [],
          "private": "eyJlMmJmYjczMC1lY2FhLTExZTYtOGY4OC0zNDM2M2JjN2M0YzAiOnsiY3JlYXRlIjoxODAwMDAwMDAwMDAwLCJkZWxldGUiOjE4MDAwMDAwMDAwMDAsInJlYWQiOjMwMDAwMDAwMDAwMH19",
          "dependencies": [
            "azurerm_kubernetes_cluster.aks",
            "azurerm_resource_group.rg",
            "azurerm_subnet.snet-aks",
            "azurerm_virtual_network.vnet-spoke",
            "data.azurerm_client_config.current"
          ]
        }
      ]
    },
    {
      "mode": "managed",
      "type": "azurerm_subnet",
      "name": "snet-aks",
      "provider": "provider[\"registry.terraform.io/hashicorp/azurerm\"]",
      "instances": [
        {
          "schema_version": 0,
          "attributes": {
            "address_prefixes": [
              "10.10.0.0/24"
            ],
            "default_outbound_access_enabled": true,
            "delegation": [],
            "enforce_private_link_endpoint_network_policies": false,
            "enforce_private_link_service_network_policies": false,
            "id": "/subscriptions/edccbd3e-fb14-444d-92ae-e43da2008c69/resourceGroups/rg-aks-apim-0420/providers/Microsoft.Network/virtualNetworks/vnet-spoke/subnets/snet-aks",
            "name": "snet-aks",
            "private_endpoint_network_policies": "Enabled",
            "private_endpoint_network_policies_enabled": true,
            "private_link_service_network_policies_enabled": true,
            "resource_group_name": "rg-aks-apim-0420",
            "service_endpoint_policy_ids": [],
            "service_endpoints": [],
            "timeouts": null,
            "virtual_network_name": "vnet-spoke"
          },
          "sensitive_attributes": [],
          "private": "eyJlMmJmYjczMC1lY2FhLTExZTYtOGY4OC0zNDM2M2JjN2M0YzAiOnsiY3JlYXRlIjoxODAwMDAwMDAwMDAwLCJkZWxldGUiOjE4MDAwMDAwMDAwMDAsInJlYWQiOjMwMDAwMDAwMDAwMCwidXBkYXRlIjoxODAwMDAwMDAwMDAwfX0=",
          "dependencies": [
            "azurerm_resource_group.rg",
            "azurerm_virtual_network.vnet-spoke"
          ]
        }
      ]
    },
    {
      "mode": "managed",
      "type": "azurerm_subnet",
      "name": "snet-apim",
      "provider": "provider[\"registry.terraform.io/hashicorp/azurerm\"]",
      "instances": [
        {
          "schema_version": 0,
          "attributes": {
            "address_prefixes": [
              "10.10.1.0/24"
            ],
            "default_outbound_access_enabled": true,
            "delegation": [],
            "enforce_private_link_endpoint_network_policies": false,
            "enforce_private_link_service_network_policies": false,
            "id": "/subscriptions/edccbd3e-fb14-444d-92ae-e43da2008c69/resourceGroups/rg-aks-apim-0420/providers/Microsoft.Network/virtualNetworks/vnet-spoke/subnets/snet-apim",
            "name": "snet-apim",
            "private_endpoint_network_policies": "Enabled",
            "private_endpoint_network_policies_enabled": true,
            "private_link_service_network_policies_enabled": true,
            "resource_group_name": "rg-aks-apim-0420",
            "service_endpoint_policy_ids": [],
            "service_endpoints": [],
            "timeouts": null,
            "virtual_network_name": "vnet-spoke"
          },
          "sensitive_attributes": [],
          "private": "eyJlMmJmYjczMC1lY2FhLTExZTYtOGY4OC0zNDM2M2JjN2M0YzAiOnsiY3JlYXRlIjoxODAwMDAwMDAwMDAwLCJkZWxldGUiOjE4MDAwMDAwMDAwMDAsInJlYWQiOjMwMDAwMDAwMDAwMCwidXBkYXRlIjoxODAwMDAwMDAwMDAwfX0=",
          "dependencies": [
            "azurerm_resource_group.rg",
            "azurerm_virtual_network.vnet-spoke"
          ]
        }
      ]
    },
    {
      "mode": "managed",
      "type": "azurerm_subnet_network_security_group_association",
      "name": "nsg-association",
      "provider": "provider[\"registry.terraform.io/hashicorp/azurerm\"]",
      "instances": [
        {
          "schema_version": 0,
          "attributes": {
            "id": "/subscriptions/edccbd3e-fb14-444d-92ae-e43da2008c69/resourceGroups/rg-aks-apim-0420/providers/Microsoft.Network/virtualNetworks/vnet-spoke/subnets/snet-apim",
            "network_security_group_id": "/subscriptions/edccbd3e-fb14-444d-92ae-e43da2008c69/resourceGroups/rg-aks-apim-0420/providers/Microsoft.Network/networkSecurityGroups/nsg-apim",
            "subnet_id": "/subscriptions/edccbd3e-fb14-444d-92ae-e43da2008c69/resourceGroups/rg-aks-apim-0420/providers/Microsoft.Network/virtualNetworks/vnet-spoke/subnets/snet-apim",
            "timeouts": null
          },
          "sensitive_attributes": [],
          "private": "eyJlMmJmYjczMC1lY2FhLTExZTYtOGY4OC0zNDM2M2JjN2M0YzAiOnsiY3JlYXRlIjoxODAwMDAwMDAwMDAwLCJkZWxldGUiOjE4MDAwMDAwMDAwMDAsInJlYWQiOjMwMDAwMDAwMDAwMH19",
          "dependencies": [
            "azurerm_network_security_group.nsg-apim",
            "azurerm_resource_group.rg",
            "azurerm_subnet.snet-apim",
            "azurerm_virtual_network.vnet-spoke"
          ]
        }
      ]
    },
    {
      "mode": "managed",
      "type": "azurerm_virtual_network",
      "name": "vnet-spoke",
      "provider": "provider[\"registry.terraform.io/hashicorp/azurerm\"]",
      "instances": [
        {
          "schema_version": 0,
          "attributes": {
            "address_space": [
              "10.10.0.0/16"
            ],
            "bgp_community": "",
            "ddos_protection_plan": [],
            "dns_servers": [],
            "edge_zone": "",
            "encryption": [],
            "flow_timeout_in_minutes": 0,
            "guid": "6b96c078-2d02-4715-8e2c-d887c0ffe36d",
            "id": "/subscriptions/edccbd3e-fb14-444d-92ae-e43da2008c69/resourceGroups/rg-aks-apim-0420/providers/Microsoft.Network/virtualNetworks/vnet-spoke",
            "location": "eastasia",
            "name": "vnet-spoke",
            "resource_group_name": "rg-aks-apim-0420",
            "subnet": [
              {
                "address_prefix": "10.10.0.0/24",
                "id": "/subscriptions/edccbd3e-fb14-444d-92ae-e43da2008c69/resourceGroups/rg-aks-apim-0420/providers/Microsoft.Network/virtualNetworks/vnet-spoke/subnets/snet-aks",
                "name": "snet-aks",
                "security_group": ""
              },
              {
                "address_prefix": "10.10.1.0/24",
                "id": "/subscriptions/edccbd3e-fb14-444d-92ae-e43da2008c69/resourceGroups/rg-aks-apim-0420/providers/Microsoft.Network/virtualNetworks/vnet-spoke/subnets/snet-apim",
                "name": "snet-apim",
                "security_group": "/subscriptions/edccbd3e-fb14-444d-92ae-e43da2008c69/resourceGroups/rg-aks-apim-0420/providers/Microsoft.Network/networkSecurityGroups/nsg-apim"
              }
            ],
            "tags": {},
            "timeouts": null
          },
          "sensitive_attributes": [],
          "private": "eyJlMmJmYjczMC1lY2FhLTExZTYtOGY4OC0zNDM2M2JjN2M0YzAiOnsiY3JlYXRlIjoxODAwMDAwMDAwMDAwLCJkZWxldGUiOjE4MDAwMDAwMDAwMDAsInJlYWQiOjMwMDAwMDAwMDAwMCwidXBkYXRlIjoxODAwMDAwMDAwMDAwfX0=",
          "dependencies": [
            "azurerm_resource_group.rg"
          ]
        }
      ]
    },
    {
      "mode": "managed",
      "type": "terraform_data",
      "name": "aks-get-credentials",
      "provider": "provider[\"terraform.io/builtin/terraform\"]",
      "instances": [
        {
          "schema_version": 0,
          "attributes": {
            "id": "0eb7132c-9ac0-7b62-48d3-695e6f885ff4",
            "input": null,
            "output": null,
            "triggers_replace": {
              "value": [
                "/subscriptions/edccbd3e-fb14-444d-92ae-e43da2008c69/resourceGroups/rg-aks-apim-0420/providers/Microsoft.ContainerService/managedClusters/aks-cluster-01"
              ],
              "type": [
                "tuple",
                [
                  "string"
                ]
              ]
            }
          },
          "sensitive_attributes": [],
          "dependencies": [
            "azurerm_kubernetes_cluster.aks",
            "azurerm_resource_group.rg",
            "azurerm_subnet.snet-aks",
            "azurerm_virtual_network.vnet-spoke",
            "data.azurerm_client_config.current"
          ]
        }
      ]
    }
  ],
  "check_results": null
}
