{
  "version": 4,
  "terraform_version": "1.11.2",
  "serial": 42,
  "lineage": "5ca707ee-a504-6c44-e618-37527e1d1442",
  "outputs": {
    "api_url": {
      "value": "https://apim-external-aks-0420.azure-api.net/albums",
      "type": "string"
    }
  },
  "resources": [
    {
      "mode": "data",
      "type": "azurerm_client_config",
      "name": "current",
      "provider": "provider[\"registry.terraform.io/hashicorp/azurerm\"]",
      "instances": [
        {
          "schema_version": 0,
          "attributes": {
            "client_id": "04b07795-8ddb-461a-bbee-02f9e1bf7b46",
            "id": "Y2xpZW50Q29uZmlncy9jbGllbnRJZD0wNGIwNzc5NS04ZGRiLTQ2MWEtYmJlZS0wMmY5ZTFiZjdiNDY7b2JqZWN0SWQ9ODhhMGFlOWEtY2FkYy00ZTFlLWFkNmMtN2U2YWRmYTBkMjYzO3N1YnNjcmlwdGlvbklkPWVkY2NiZDNlLWZiMTQtNDQ0ZC05MmFlLWU0M2RhMjAwOGM2OTt0ZW5hbnRJZD05ZDQyN2FmMi0xNGY1LTRhMjEtYWQyOS05YmY4NjgzZGExNTU=",
            "object_id": "88a0ae9a-cadc-4e1e-ad6c-7e6adfa0d263",
            "subscription_id": "edccbd3e-fb14-444d-92ae-e43da2008c69",
            "tenant_id": "9d427af2-14f5-4a21-ad29-9bf8683da155",
            "timeouts": null
          },
          "sensitive_attributes": []
        }
      ]
    },
    {
      "mode": "managed",
      "type": "azurerm_api_management",
      "name": "apim",
      "provider": "provider[\"registry.terraform.io/hashicorp/azurerm\"]",
      "instances": [
        {
          "schema_version": 0,
          "attributes": {
            "additional_location": [],
            "certificate": [],
            "client_certificate_enabled": false,
            "delegation": [
              {
                "subscriptions_enabled": false,
                "url": "",
                "user_registration_enabled": false,
                "validation_key": ""
              }
            ],
            "developer_portal_url": "https://apim-external-aks-0420.developer.azure-api.net",
            "gateway_disabled": false,
            "gateway_regional_url": "https://apim-external-aks-0420-eastasia-01.regional.azure-api.net",
            "gateway_url": "https://apim-external-aks-0420.azure-api.net",
            "hostname_configuration": [
              {
                "developer_portal": [],
                "management": [],
                "portal": [],
                "proxy": [
                  {
                    "certificate": "",
                    "certificate_password": "",
                    "certificate_source": "BuiltIn",
                    "certificate_status": "",
                    "default_ssl_binding": true,
                    "expiry": "",
                    "host_name": "apim-external-aks-0420.azure-api.net",
                    "key_vault_id": "",
                    "negotiate_client_certificate": false,
                    "ssl_keyvault_identity_client_id": "",
                    "subject": "",
                    "thumbprint": ""
                  }
                ],
                "scm": []
              }
            ],
            "id": "/subscriptions/edccbd3e-fb14-444d-92ae-e43da2008c69/resourceGroups/rg-aks-apim-0420/providers/Microsoft.ApiManagement/service/apim-external-aks-0420",
            "identity": [],
            "location": "eastasia",
            "management_api_url": "https://apim-external-aks-0420.management.azure-api.net",
            "min_api_version": "",
            "name": "apim-external-aks-0420",
            "notification_sender_email": "apimgmt-noreply@mail.windowsazure.com",
            "policy": [
              {
                "xml_content": "\u003c!--\r\n    IMPORTANT:\r\n    - Policy elements can appear only within the \u003cinbound\u003e, \u003coutbound\u003e, \u003cbackend\u003e section elements.\r\n    - Only the \u003cforward-request\u003e policy element can appear within the \u003cbackend\u003e section element.\r\n    - To apply a policy to the incoming request (before it is forwarded to the backend service), place a corresponding policy element within the \u003cinbound\u003e section element.\r\n    - To apply a policy to the outgoing response (before it is sent back to the caller), place a corresponding policy element within the \u003coutbound\u003e section element.\r\n    - To add a policy position the cursor at the desired insertion point and click on the round button associated with the policy.\r\n    - To remove a policy, delete the corresponding policy statement from the policy document.\r\n    - Policies are applied in the order of their appearance, from the top down.\r\n--\u003e\r\n\u003cpolicies\u003e\r\n\t\u003cinbound /\u003e\r\n\t\u003cbackend\u003e\r\n\t\t\u003cforward-request /\u003e\r\n\t\u003c/backend\u003e\r\n\t\u003coutbound /\u003e\r\n\u003c/policies\u003e",
                "xml_link": ""
              }
            ],
            "portal_url": "https://apim-external-aks-0420.portal.azure-api.net",
            "private_ip_addresses": [],
            "protocols": [
              {
                "enable_http2": false
              }
            ],
            "public_ip_address_id": "/subscriptions/edccbd3e-fb14-444d-92ae-e43da2008c69/resourceGroups/rg-aks-apim-0420/providers/Microsoft.Network/publicIPAddresses/pip-apim",
            "public_ip_addresses": [
              "20.2.211.56"
            ],
            "public_network_access_enabled": true,
            "publisher_email": "zephoonyu@protonmail.com",
            "publisher_name": "zephoonyu",
            "resource_group_name": "rg-aks-apim-0420",
            "scm_url": "https://apim-external-aks-0420.scm.azure-api.net",
            "security": [
              {
                "enable_backend_ssl30": false,
                "enable_backend_tls10": false,
                "enable_backend_tls11": false,
                "enable_frontend_ssl30": false,
                "enable_frontend_tls10": false,
                "enable_frontend_tls11": false,
                "tls_ecdhe_ecdsa_with_aes128_cbc_sha_ciphers_enabled": false,
                "tls_ecdhe_ecdsa_with_aes256_cbc_sha_ciphers_enabled": false,
                "tls_ecdhe_rsa_with_aes128_cbc_sha_ciphers_enabled": false,
                "tls_ecdhe_rsa_with_aes256_cbc_sha_ciphers_enabled": false,
                "tls_rsa_with_aes128_cbc_sha256_ciphers_enabled": false,
                "tls_rsa_with_aes128_cbc_sha_ciphers_enabled": false,
                "tls_rsa_with_aes128_gcm_sha256_ciphers_enabled": false,
                "tls_rsa_with_aes256_cbc_sha256_ciphers_enabled": false,
                "tls_rsa_with_aes256_cbc_sha_ciphers_enabled": false,
                "tls_rsa_with_aes256_gcm_sha384_ciphers_enabled": false,
                "triple_des_ciphers_enabled": false
              }
            ],
            "sign_in": [
              {
                "enabled": false
              }
            ],
            "sign_up": [
              {
                "enabled": false,
                "terms_of_service": [
                  {
                    "consent_required": false,
                    "enabled": false,
                    "text": ""
                  }
                ]
              }
            ],
            "sku_name": "Developer_1",
            "tags": {},
            "tenant_access": [
              {
                "enabled": false,
                "primary_key": "a9qq9nuPipnI877FF6mTKes5TosFJua6OCY7Hvy8Q9bw+MoPQ88HAw844tVvK1p7+r4mTHGEyshMHwsNegJz2A==",
                "secondary_key": "nLMBVlk5d0UFLjtuGpmPGQxMQuXT8UATnqJouY/Zg7/zu5O5nPWA09qcf0WPLN1t6wWE8Ib/BzzwZtEelTBSiQ==",
                "tenant_id": "/tenant/access"
              }
            ],
            "timeouts": null,
            "virtual_network_configuration": [
              {
                "subnet_id": "/subscriptions/edccbd3e-fb14-444d-92ae-e43da2008c69/resourceGroups/rg-aks-apim-0420/providers/Microsoft.Network/virtualNetworks/vnet-spoke/subnets/snet-apim"
              }
            ],
            "virtual_network_type": "External",
            "zones": []
          },
          "sensitive_attributes": [
            [
              {
                "type": "get_attr",
                "value": "delegation"
              },
              {
                "type": "index",
                "value": {
                  "value": 0,
                  "type": "number"
                }
              },
              {
                "type": "get_attr",
                "value": "validation_key"
              }
            ],
            [
              {
                "type": "get_attr",
                "value": "hostname_configuration"
              },
              {
                "type": "index",
                "value": {
                  "value": 0,
                  "type": "number"
                }
              },
              {
                "type": "get_attr",
                "value": "proxy"
              },
              {
                "type": "index",
                "value": {
                  "value": 0,
                  "type": "number"
                }
              },
              {
                "type": "get_attr",
                "value": "certificate"
              }
            ],
            [
              {
                "type": "get_attr",
                "value": "hostname_configuration"
              },
              {
                "type": "index",
                "value": {
                  "value": 0,
                  "type": "number"
                }
              },
              {
                "type": "get_attr",
                "value": "proxy"
              },
              {
                "type": "index",
                "value": {
                  "value": 0,
                  "type": "number"
                }
              },
              {
                "type": "get_attr",
                "value": "certificate_password"
              }
            ],
            [
              {
                "type": "get_attr",
                "value": "tenant_access"
              },
              {
                "type": "index",
                "value": {
                  "value": 0,
                  "type": "number"
                }
              },
              {
                "type": "get_attr",
                "value": "primary_key"
              }
            ],
            [
              {
                "type": "get_attr",
                "value": "tenant_access"
              },
              {
                "type": "index",
                "value": {
                  "value": 0,
                  "type": "number"
                }
              },
              {
                "type": "get_attr",
                "value": "secondary_key"
              }
            ]
          ],
          "private": "eyJlMmJmYjczMC1lY2FhLTExZTYtOGY4OC0zNDM2M2JjN2M0YzAiOnsiY3JlYXRlIjoxMDgwMDAwMDAwMDAwMCwiZGVsZXRlIjoxMDgwMDAwMDAwMDAwMCwicmVhZCI6MzAwMDAwMDAwMDAwLCJ1cGRhdGUiOjEwODAwMDAwMDAwMDAwfX0=",
          "dependencies": [
            "azurerm_network_security_group.nsg-apim",
            "azurerm_public_ip.pip-apim",
            "azurerm_resource_group.rg",
            "azurerm_subnet.snet-apim",
            "azurerm_subnet_network_security_group_association.nsg-association",
            "azurerm_virtual_network.vnet-spoke"
          ]
        }
      ]
    },
    {
      "mode": "managed",
      "type": "azurerm_api_management_api",
      "name": "api-albums",
      "provider": "provider[\"registry.terraform.io/hashicorp/azurerm\"]",
      "instances": [
        {
          "schema_version": 1,
          "attributes": {
            "api_management_name": "apim-external-aks-0420",
            "api_type": "http",
            "contact": [],
            "description": "",
            "display_name": "api-albums",
            "id": "/subscriptions/edccbd3e-fb14-444d-92ae-e43da2008c69/resourceGroups/rg-aks-apim-0420/providers/Microsoft.ApiManagement/service/apim-external-aks-0420/apis/api-albums;rev=1",
            "import": [],
            "is_current": true,
            "is_online": false,
            "license": [],
            "name": "api-albums",
            "oauth2_authorization": [],
            "openid_authentication": [],
            "path": "albums",
            "protocols": [
              "http",
              "https"
            ],
            "resource_group_name": "rg-aks-apim-0420",
            "revision": "1",
            "revision_description": "",
            "service_url": "http://webapi_dns.internal.webapi/api/v1/hello",
            "soap_pass_through": false,
            "source_api_id": null,
            "subscription_key_parameter_names": [
              {
                "header": "Ocp-Apim-Subscription-Key",
                "query": "subscription-key"
              }
            ],
            "subscription_required": false,
            "terms_of_service_url": "",
            "timeouts": null,
            "version": "",
            "version_description": "",
            "version_set_id": ""
          },
          "sensitive_attributes": [],
          "private": "eyJlMmJmYjczMC1lY2FhLTExZTYtOGY4OC0zNDM2M2JjN2M0YzAiOnsiY3JlYXRlIjoxODAwMDAwMDAwMDAwLCJkZWxldGUiOjE4MDAwMDAwMDAwMDAsInJlYWQiOjMwMDAwMDAwMDAwMCwidXBkYXRlIjoxODAwMDAwMDAwMDAwfSwic2NoZW1hX3ZlcnNpb24iOiIxIn0=",
          "dependencies": [
            "azurerm_api_management.apim",
            "azurerm_network_security_group.nsg-apim",
            "azurerm_public_ip.pip-apim",
            "azurerm_resource_group.rg",
            "azurerm_subnet.snet-apim",
            "azurerm_subnet_network_security_group_association.nsg-association",
            "azurerm_virtual_network.vnet-spoke"
          ]
        }
      ]
    },
    {
      "mode": "managed",
      "type": "azurerm_api_management_api_operation",
      "name": "operation-get-albums",
      "provider": "provider[\"registry.terraform.io/hashicorp/azurerm\"]",
      "instances": [
        {
          "schema_version": 0,
          "attributes": {
            "api_management_name": "apim-external-aks-0420",
            "api_name": "api-albums",
            "description": "GET returns sample JSON file.",
            "display_name": "GET",
            "id": "/subscriptions/edccbd3e-fb14-444d-92ae-e43da2008c69/resourceGroups/rg-aks-apim-0420/providers/Microsoft.ApiManagement/service/apim-external-aks-0420/apis/api-albums/operations/api-albums-get",
            "method": "GET",
            "operation_id": "api-albums-get",
            "request": [
              {
                "description": "",
                "header": [],
                "query_parameter": [],
                "representation": []
              }
            ],
            "resource_group_name": "rg-aks-apim-0420",
            "response": [],
            "template_parameter": [],
            "timeouts": null,
            "url_template": "/"
          },
          "sensitive_attributes": [],
          "private": "eyJlMmJmYjczMC1lY2FhLTExZTYtOGY4OC0zNDM2M2JjN2M0YzAiOnsiY3JlYXRlIjoxODAwMDAwMDAwMDAwLCJkZWxldGUiOjE4MDAwMDAwMDAwMDAsInJlYWQiOjMwMDAwMDAwMDAwMCwidXBkYXRlIjoxODAwMDAwMDAwMDAwfX0=",
          "dependencies": [
            "azurerm_api_management.apim",
            "azurerm_api_management_api.api-albums",
            "azurerm_network_security_group.nsg-apim",
            "azurerm_public_ip.pip-apim",
            "azurerm_resource_group.rg",
            "azurerm_subnet.snet-apim",
            "azurerm_subnet_network_security_group_association.nsg-association",
            "azurerm_virtual_network.vnet-spoke"
          ]
        }
      ]
    },
    {
      "mode": "managed",
      "type": "azurerm_key_vault",
      "name": "keyvault",
      "provider": "provider[\"registry.terraform.io/hashicorp/azurerm\"]",
      "instances": [
        {
          "schema_version": 2,
          "attributes": {
            "access_policy": [
              {
                "application_id": "",
                "certificate_permissions": [
                  "Get",
                  "List",
                  "Update",
                  "Create",
                  "Import",
                  "Delete",
                  "Recover",
                  "Backup",
                  "Restore",
                  "ManageContacts",
                  "ManageIssuers",
                  "GetIssuers",
                  "ListIssuers",
                  "SetIssuers",
                  "DeleteIssuers"
                ],
                "key_permissions": [
                  "Get",
                  "List",
                  "Update",
                  "Create",
                  "Import",
                  "Delete",
                  "Recover",
                  "Backup",
                  "Restore",
                  "GetRotationPolicy",
                  "SetRotationPolicy",
                  "Rotate",
                  "Encrypt",
                  "Decrypt",
                  "UnwrapKey",
                  "WrapKey",
                  "Verify",
                  "Sign",
                  "Purge",
                  "Release"
                ],
                "object_id": "88a0ae9a-cadc-4e1e-ad6c-7e6adfa0d263",
                "secret_permissions": [
                  "Get",
                  "List",
                  "Set",
                  "Delete",
                  "Recover",
                  "Backup",
                  "Restore",
                  "Purge"
                ],
                "storage_permissions": [],
                "tenant_id": "9d427af2-14f5-4a21-ad29-9bf8683da155"
              },
              {
                "application_id": "",
                "certificate_permissions": [],
                "key_permissions": [],
                "object_id": "182b321a-5e76-45e5-b5e9-392cb5d0c500",
                "secret_permissions": [
                  "Get",
                  "List"
                ],
                "storage_permissions": [],
                "tenant_id": "9d427af2-14f5-4a21-ad29-9bf8683da155"
              }
            ],
            "contact": [],
            "enable_rbac_authorization": true,
            "enabled_for_deployment": false,
            "enabled_for_disk_encryption": false,
            "enabled_for_template_deployment": false,
            "id": "/subscriptions/edccbd3e-fb14-444d-92ae-e43da2008c69/resourceGroups/rg-aks-apim-0420/providers/Microsoft.KeyVault/vaults/kv4aks0420",
            "location": "eastasia",
            "name": "kv4aks0420",
            "network_acls": [
              {
                "bypass": "AzureServices",
                "default_action": "Allow",
                "ip_rules": [],
                "virtual_network_subnet_ids": []
              }
            ],
            "public_network_access_enabled": true,
            "purge_protection_enabled": false,
            "resource_group_name": "rg-aks-apim-0420",
            "sku_name": "standard",
            "soft_delete_retention_days": 7,
            "tags": {},
            "tenant_id": "9d427af2-14f5-4a21-ad29-9bf8683da155",
            "timeouts": null,
            "vault_uri": "https://kv4aks0420.vault.azure.net/"
          },
          "sensitive_attributes": [],
          "private": "eyJlMmJmYjczMC1lY2FhLTExZTYtOGY4OC0zNDM2M2JjN2M0YzAiOnsiY3JlYXRlIjoxODAwMDAwMDAwMDAwLCJkZWxldGUiOjE4MDAwMDAwMDAwMDAsInJlYWQiOjMwMDAwMDAwMDAwMCwidXBkYXRlIjoxODAwMDAwMDAwMDAwfSwic2NoZW1hX3ZlcnNpb24iOiIyIn0=",
          "dependencies": [
            "azurerm_resource_group.rg",
            "data.azurerm_client_config.current"
          ]
        }
      ]
    },
    {
      "mode": "managed",
      "type": "azurerm_key_vault_certificate",
      "name": "aks-ingress-tls-01",
      "provider": "provider[\"registry.terraform.io/hashicorp/azurerm\"]",
      "instances": [
        {
          "schema_version": 0,
          "attributes": {
            "certificate": [],
            "certificate_attribute": [
              {
                "created": "2025-04-20T09:03:06Z",
                "enabled": true,
                "expires": "2026-04-20T09:03:05Z",
                "not_before": "2025-04-20T08:53:05Z",
                "recovery_level": "CustomizedRecoverable+Purgeable",
                "updated": "2025-04-20T09:03:06Z"
              }
            ],
            "certificate_data": "308203333082021BA00302010202101E777E311EFE429CA52AC0EEA9F83330300D06092A864886F70D01010B05003011310F300D06035504031306776562617069301E170D3235303432303038353330355A170D3236303432303039303330355A3011310F300D0603550403130677656261706930820122300D06092A864886F70D01010105000382010F003082010A0282010100A63DB786D572CD030373C0AFDF3247199C4DAC5D80B2D614086837F92F48348EA3D87C7150821405050AFD58196BD537A92B6B0234A2C410A4B35E13AD45CD30BC2CC988E3F689C86A74607F81A7AB69895AC71C580A07C052A9D4406415D84AB4C530105E7C55AAF3D0BA26DBD764ABE6F15DA5C154B61A584EFA489545308F464475812698BFE6F82F118363FB9F8A519C1542A848DFB04E17E877BE96B2FBD750471E87BFFDB5A4AA6949A1A97002F3CB83CADE43EC7D6A4F9DF9A48B437620C3B1EBD47E1C16355179C5F4E08F4AAD2DE0566F6D7BC09DE9420FDABBA21EDA67C89595A32152C78B74A03E7375153DEFE43C838329C7D83E6876D6BF7E3D0203010001A38186308183300E0603551D0F0101FF0404030201BE30090603551D130402300030130603551D25040C300A06082B0601050507030130110603551D11040A30088206776562617069301F0603551D2304183016801407B162356B9FF938BEC81D7FFEF8B1DB5D636E2C301D0603551D0E0416041407B162356B9FF938BEC81D7FFEF8B1DB5D636E2C300D06092A864886F70D01010B0500038201010041671709C34D345E7C1078E2067C0378F72E2CF665CD7FF15F22D5D7D06FADD5308133334F6EE7B1A48F41038B26D4A6F055702D74552DA1479E626C58FB36575CC2191B2910FDC45937D5F4E5A064A32ED73BFAC6A1B9EEDA9D51B76C485C8CA773E3B2D73A34ABC66D4FEA899E1F9FFA002CAFE5FCB76FF569C1218671BC7D9AB21AE4DF7E0CF7A2121287C85E52FF2CAD1E65433FE128A5C8990D5C3489773FE3DC381074517DBF972A3900E28BA1BA90BE97C3B989AA3532C4FF4166461B34B616094896B04416A5B400141AC6B5BB7AF0F102D029BB88AA8F96158A9ACFE5718FE3FADB4B5FCAB112017B71B45D90B81C1A0AED32B980638D67796140E5",
            "certificate_data_base64": "MIIDMzCCAhugAwIBAgIQHnd+MR7+QpylKsDuqfgzMDANBgkqhkiG9w0BAQsFADARMQ8wDQYDVQQDEwZ3ZWJhcGkwHhcNMjUwNDIwMDg1MzA1WhcNMjYwNDIwMDkwMzA1WjARMQ8wDQYDVQQDEwZ3ZWJhcGkwggEiMA0GCSqGSIb3DQEBAQUAA4IBDwAwggEKAoIBAQCmPbeG1XLNAwNzwK/fMkcZnE2sXYCy1hQIaDf5L0g0jqPYfHFQghQFBQr9WBlr1TepK2sCNKLEEKSzXhOtRc0wvCzJiOP2ichqdGB/gaeraYlaxxxYCgfAUqnUQGQV2Eq0xTAQXnxVqvPQuibb12Sr5vFdpcFUthpYTvpIlUUwj0ZEdYEmmL/m+C8Rg2P7n4pRnBVCqEjfsE4X6He+lrL711BHHoe//bWkqmlJoalwAvPLg8reQ+x9ak+d+aSLQ3Ygw7Hr1H4cFjVRecX04I9KrS3gVm9te8Cd6UIP2ruiHtpnyJWVoyFSx4t0oD5zdRU97+Q8g4Mpx9g+aHbWv349AgMBAAGjgYYwgYMwDgYDVR0PAQH/BAQDAgG+MAkGA1UdEwQCMAAwEwYDVR0lBAwwCgYIKwYBBQUHAwEwEQYDVR0RBAowCIIGd2ViYXBpMB8GA1UdIwQYMBaAFAexYjVrn/k4vsgdf/74sdtdY24sMB0GA1UdDgQWBBQHsWI1a5/5OL7IHX/++LHbXWNuLDANBgkqhkiG9w0BAQsFAAOCAQEAQWcXCcNNNF58EHjiBnwDePcuLPZlzX/xXyLV19BvrdUwgTMzT27nsaSPQQOLJtSm8FVwLXRVLaFHnmJsWPs2V1zCGRspEP3EWTfV9OWgZKMu1zv6xqG57tqdUbdsSFyMp3Pjstc6NKvGbU/qiZ4fn/oALK/l/Ldv9WnBIYZxvH2ashrk334M96ISEofIXlL/LK0eZUM/4SilyJkNXDSJdz/j3DgQdFF9v5cqOQDii6G6kL6Xw7mJqjUyxP9BZkYbNLYWCUiWsEQWpbQAFBrGtbt68PEC0Cm7iKqPlhWKms/lcY/j+ttLX8qxEgF7cbRdkLgcGgrtMrmAY41neWFA5Q==",
            "certificate_policy": [
              {
                "issuer_parameters": [
                  {
                    "name": "Self"
                  }
                ],
                "key_properties": [
                  {
                    "curve": "",
                    "exportable": true,
                    "key_size": 2048,
                    "key_type": "RSA",
                    "reuse_key": true
                  }
                ],
                "lifetime_action": [
                  {
                    "action": [
                      {
                        "action_type": "AutoRenew"
                      }
                    ],
                    "trigger": [
                      {
                        "days_before_expiry": 30,
                        "lifetime_percentage": 0
                      }
                    ]
                  }
                ],
                "secret_properties": [
                  {
                    "content_type": "application/x-pkcs12"
                  }
                ],
                "x509_certificate_properties": [
                  {
                    "extended_key_usage": [
                      "1.3.6.1.5.5.7.3.1"
                    ],
                    "key_usage": [
                      "cRLSign",
                      "dataEncipherment",
                      "digitalSignature",
                      "keyAgreement",
                      "keyCertSign",
                      "keyEncipherment"
                    ],
                    "subject": "CN=webapi",
                    "subject_alternative_names": [
                      {
                        "dns_names": [
                          "webapi"
                        ],
                        "emails": [],
                        "upns": []
                      }
                    ],
                    "validity_in_months": 12
                  }
                ]
              }
            ],
            "id": "https://kv4aks0420.vault.azure.net/certificates/aks-ingress-tls-01/93df771c763340d0ae8bccc9112f12f5",
            "key_vault_id": "/subscriptions/edccbd3e-fb14-444d-92ae-e43da2008c69/resourceGroups/rg-aks-apim-0420/providers/Microsoft.KeyVault/vaults/kv4aks0420",
            "name": "aks-ingress-tls-01",
            "resource_manager_id": "/subscriptions/edccbd3e-fb14-444d-92ae-e43da2008c69/resourceGroups/rg-aks-apim-0420/providers/Microsoft.KeyVault/vaults/kv4aks0420/certificates/aks-ingress-tls-01/versions/93df771c763340d0ae8bccc9112f12f5",
            "resource_manager_versionless_id": "/subscriptions/edccbd3e-fb14-444d-92ae-e43da2008c69/resourceGroups/rg-aks-apim-0420/providers/Microsoft.KeyVault/vaults/kv4aks0420/certificates/aks-ingress-tls-01",
            "secret_id": "https://kv4aks0420.vault.azure.net/secrets/aks-ingress-tls-01/93df771c763340d0ae8bccc9112f12f5",
            "tags": {},
            "thumbprint": "F117A2395591D803040D1DF6D78E5BC953A2C582",
            "timeouts": null,
            "version": "93df771c763340d0ae8bccc9112f12f5",
            "versionless_id": "https://kv4aks0420.vault.azure.net/certificates/aks-ingress-tls-01",
            "versionless_secret_id": "https://kv4aks0420.vault.azure.net/secrets/aks-ingress-tls-01"
          },
          "sensitive_attributes": [],
          "private": "eyJlMmJmYjczMC1lY2FhLTExZTYtOGY4OC0zNDM2M2JjN2M0YzAiOnsiY3JlYXRlIjozNjAwMDAwMDAwMDAwLCJkZWxldGUiOjE4MDAwMDAwMDAwMDAsInJlYWQiOjE4MDAwMDAwMDAwMDAsInVwZGF0ZSI6MTgwMDAwMDAwMDAwMH19",
          "dependencies": [
            "azurerm_key_vault.keyvault",
            "azurerm_resource_group.rg",
            "azurerm_role_assignment.keyvault-admin",
            "data.azurerm_client_config.current"
          ]
        }
      ]
    },
    {
      "mode": "managed",
      "type": "azurerm_kubernetes_cluster",
      "name": "aks",
      "provider": "provider[\"registry.terraform.io/hashicorp/azurerm\"]",
      "instances": [
        {
          "schema_version": 2,
          "attributes": {
            "aci_connector_linux": [],
            "api_server_access_profile": [],
            "api_server_authorized_ip_ranges": [],
            "auto_scaler_profile": [],
            "automatic_channel_upgrade": "",
            "azure_active_directory_role_based_access_control": [
              {
                "admin_group_object_ids": [
                  "ec0b1339-db05-4fd9-ae72-f64c223aa401",
                  "91fc859d-2740-4ca5-b84e-0ac36172dedf"
                ],
                "azure_rbac_enabled": true,
                "client_app_id": "",
                "managed": true,
                "server_app_id": "",
                "server_app_secret": "",
                "tenant_id": "9d427af2-14f5-4a21-ad29-9bf8683da155"
              }
            ],
            "azure_policy_enabled": false,
            "confidential_computing": [],
            "cost_analysis_enabled": false,
            "current_kubernetes_version": "1.30.0",
            "custom_ca_trust_certificates_base64": null,
            "default_node_pool": [
              {
                "capacity_reservation_group_id": "",
                "custom_ca_trust_enabled": false,
                "enable_auto_scaling": false,
                "enable_host_encryption": false,
                "enable_node_public_ip": false,
                "fips_enabled": false,
                "gpu_instance": "",
                "host_group_id": "",
                "kubelet_config": [],
                "kubelet_disk_type": "OS",
                "linux_os_config": [],
                "max_count": 0,
                "max_pods": 30,
                "message_of_the_day": "",
                "min_count": 0,
                "name": "mainpool",
                "node_count": 1,
                "node_labels": {},
                "node_network_profile": [],
                "node_public_ip_prefix_id": "",
                "node_taints": null,
                "only_critical_addons_enabled": false,
                "orchestrator_version": "1.30.0",
                "os_disk_size_gb": 128,
                "os_disk_type": "Managed",
                "os_sku": "AzureLinux",
                "pod_subnet_id": "",
                "proximity_placement_group_id": "",
                "scale_down_mode": "Delete",
                "snapshot_id": "",
                "tags": null,
                "temporary_name_for_rotation": "",
                "type": "VirtualMachineScaleSets",
                "ultra_ssd_enabled": false,
                "upgrade_settings": [
                  {
                    "drain_timeout_in_minutes": 0,
                    "max_surge": "10%",
                    "node_soak_duration_in_minutes": 0
                  }
                ],
                "vm_size": "Standard_A4_v2",
                "vnet_subnet_id": "/subscriptions/edccbd3e-fb14-444d-92ae-e43da2008c69/resourceGroups/rg-aks-apim-0420/providers/Microsoft.Network/virtualNetworks/vnet-spoke/subnets/snet-aks",
                "workload_runtime": "",
                "zones": null
              }
            ],
            "disk_encryption_set_id": "",
            "dns_prefix": "aks",
            "dns_prefix_private_cluster": "",
            "edge_zone": "",
            "enable_pod_security_policy": false,
            "fqdn": "aks-qjbxnczp.hcp.eastasia.azmk8s.io",
            "http_application_routing_enabled": false,
            "http_application_routing_zone_name": "",
            "http_proxy_config": [],
            "id": "/subscriptions/edccbd3e-fb14-444d-92ae-e43da2008c69/resourceGroups/rg-aks-apim-0420/providers/Microsoft.ContainerService/managedClusters/aks-cluster-01",
            "identity": [
              {
                "identity_ids": null,
                "principal_id": "c42679ab-cb3e-41ce-9ef9-301c352c9279",
                "tenant_id": "9d427af2-14f5-4a21-ad29-9bf8683da155",
                "type": "SystemAssigned"
              }
            ],
            "image_cleaner_enabled": false,
            "image_cleaner_interval_hours": 48,
            "ingress_application_gateway": [],
            "key_management_service": [],
            "key_vault_secrets_provider": [
              {
                "secret_identity": [
                  {
                    "client_id": "5d894ce5-7478-4a79-8f56-fa2831a1577a",
                    "object_id": "d84a1f25-f6f2-4023-bccc-6ec32b847468",
                    "user_assigned_identity_id": "/subscriptions/edccbd3e-fb14-444d-92ae-e43da2008c69/resourcegroups/MC_rg-aks-apim-0420_aks-cluster-01_eastasia/providers/Microsoft.ManagedIdentity/userAssignedIdentities/azurekeyvaultsecretsprovider-aks-cluster-01"
                  }
                ],
                "secret_rotation_enabled": true,
                "secret_rotation_interval": "2m"
              }
            ],
            "kube_admin_config": [
              {
                "client_certificate": "LS0tLS1CRUdJTiBDRVJUSUZJQ0FURS0tLS0tCk1JSUZIakNDQXdhZ0F3SUJBZ0lSQUo3dVloY0xOSnlHcWNCVDZEYW1WbGd3RFFZSktvWklodmNOQVFFTEJRQXcKRFRFTE1Ba0dBMVVFQXhNQ1kyRXdIaGNOTWpVd05ESXdNVFV3TnpFM1doY05NamN3TkRJd01UVXhOekUzV2pBdwpNUmN3RlFZRFZRUUtFdzV6ZVhOMFpXMDZiV0Z6ZEdWeWN6RVZNQk1HQTFVRUF4TU1iV0Z6ZEdWeVkyeHBaVzUwCk1JSUNJakFOQmdrcWhraUc5dzBCQVFFRkFBT0NBZzhBTUlJQ0NnS0NBZ0VBeXl5R2NqelU1U2E5dW9sTEQ4Sk4KNE03YVNYYmp0NFNjaU1vaHF6RGtjb1pTMWYzcEhqZGFhSjZzdjJqUEJlRzhFNkFMd3hNcmlMNmVkRFdGdnVqbwp2bVhXNDlBUmppVEpYQUQyOTQwQ2I1aEdiWTNCUFo0UkVyZ2o3YjRBWFVNSWpQSzFsdnNPRUhIaXhSUVp0QTIvClB0cUVRTVB0aEhMUnpJV0lOY1JxYkp2ZGhVTDdkTG0xdTY5bkFMK09GdDV6RnF0cVNsa05EeTFTRnZ3c3F4S3IKY3BPT08wOEcrUWhqK1hRa2NINEpKS1loaEJNODlLcmJBeFI1KzJhand4TXF5K0xmb0RXV3RtRUMraHZQU3liZQpIb2tiRVYyUjVsZVlXaGtsR2ZBUUJHUlJ6WWIyTTVxR1VOZDBhcHY5b1BLVU1pVWtxWjk5RCt2MjdleUR1eVdmCnhxSHYvM3BMd0dyQlRkNG9GaFNUbmNhUEpqN0RpQTJEVjdFbTRTVENMdUxvOFZENzZwcTcxbERDZzErUExzeVYKWk5KTjBRNlNQVnJvSXhXL3VRellIQUNjMVQreFV4dUwxblM4Ump0dEpsbDJtWWkzYXA4cTlrUHJVanpDVnk1NAozb2NOUG1NZmVEQmdsV1R3MHpFVGdmY1drWXVSYWVCQm5JbDJHVmNnUTl0ZDNxTnU4QlQ1U3J6K1l4RTliL044ClBmOWl0SFZ6d3QzOS9rRUhRMVRhcU1JNXQ1VkdpVUFlWmdEWXRNbFdqYUh4WkZNMldHUDFBYXZtVWdCcEh5b2sKaVdIVnV1cHNzM0NEUGtheSt1TTRZSG5vQk5qM1FTY0NiRm1VUkFHYUtKdzdjVm5JY3dSMVZVeVl2RitGT0lTcApzblRpSkExL2ZjSTZGdVY2TUM3SDBzMENBd0VBQWFOV01GUXdEZ1lEVlIwUEFRSC9CQVFEQWdXZ01CTUdBMVVkCkpRUU1NQW9HQ0NzR0FRVUZCd01DTUF3R0ExVWRFd0VCL3dRQ01BQXdId1lEVlIwakJCZ3dGb0FVVXpNY1JSWXYKTDcrY3BYMklMY2owcHhNTDlUMHdEUVlKS29aSWh2Y05BUUVMQlFBRGdnSUJBSG92dGZybFQ4YnpOaTRzNVZ1eAplaWFOU0cwR256aGUvTzdyK2Q1QUpzc2xkZCs0NGd0MmpDRDR3bUJwbld1SjVrZ1BKRlFRcWlSWk5KazVaQjBOCkRreWxaNVhsNU8rWHBoM2FSTVorNVE4aG94WDNNeitjb0xLS0JMV2E5NlZTeGxSb3VtSENGWitvbXJOancwKysKanpMalpWTy96SWdmSnVlNW5qM1FLY2VEUlpNT2NoY3BtMEs0dHZSQzFQZlN6SUNWWGZXekJCVEdTcE52VmNkUgovQ0h2cDlYYi9BMnBrYm0wMHlZTzdJV0JodmR6KzBlQndmSk5RTXJzM0gydDlmS2VXRDJ4VWdiUTJtU0h0M2JUCmVLVUt6bVRlMFNMSnNiZTdUN2FYcnJXYVhuRUhDYmJJNXdGeVh4aUpwbkw0c2lqVWd3ZmxjelFYM2tHa0VzS04KTG92TlJpVEJMNWZ1N2FGMUxZSERCZ3FTT29hK1BMSkY3ODZiYm52bjhXdmorTy9zTjhGVFVsMml3QnNSZzQ2OQphM3dWNDJESEVUcE93RDU1TzQwMk9hVy9YbWZJbGdCSSs2NGRpaXJGZTA4VWxMc0hGK2lqL2hoZm1MNUxVWDZwCjErVjJBaXdpa1BscW1FWnQxNWh5SmVFZXY1c0VrcHBOZDZ3UC9ubStLMENVYUthU3Noa1piL1BSc09lOTRROSsKcEkxRzZFc1NEeHNnNzFvMHhBWkswRE5lUkgzenFPaXNNeWpQYndrODhmVHFqWDNsenFGNWJFTk9mK1dTUU5kdAppUEN3UHdVM3ZiM0loWDVWRzNsV3d0UlAyb2pYWnlWR0xVZmY4MFNVTGdxWEo5SEs4Z2ZYVU5xbmE0L2NYUUNuClorRk82eTRqeEpMcGlwZElhTTlWUlFxbAotLS0tLUVORCBDRVJUSUZJQ0FURS0tLS0tCg==",
                "client_key": "LS0tLS1CRUdJTiBSU0EgUFJJVkFURSBLRVktLS0tLQpNSUlKSndJQkFBS0NBZ0VBeXl5R2NqelU1U2E5dW9sTEQ4Sk40TTdhU1hianQ0U2NpTW9ocXpEa2NvWlMxZjNwCkhqZGFhSjZzdjJqUEJlRzhFNkFMd3hNcmlMNmVkRFdGdnVqb3ZtWFc0OUFSamlUSlhBRDI5NDBDYjVoR2JZM0IKUFo0UkVyZ2o3YjRBWFVNSWpQSzFsdnNPRUhIaXhSUVp0QTIvUHRxRVFNUHRoSExSeklXSU5jUnFiSnZkaFVMNwpkTG0xdTY5bkFMK09GdDV6RnF0cVNsa05EeTFTRnZ3c3F4S3JjcE9PTzA4RytRaGorWFFrY0g0SkpLWWhoQk04CjlLcmJBeFI1KzJhand4TXF5K0xmb0RXV3RtRUMraHZQU3liZUhva2JFVjJSNWxlWVdoa2xHZkFRQkdSUnpZYjIKTTVxR1VOZDBhcHY5b1BLVU1pVWtxWjk5RCt2MjdleUR1eVdmeHFIdi8zcEx3R3JCVGQ0b0ZoU1RuY2FQSmo3RAppQTJEVjdFbTRTVENMdUxvOFZENzZwcTcxbERDZzErUExzeVZaTkpOMFE2U1BWcm9JeFcvdVF6WUhBQ2MxVCt4ClV4dUwxblM4Ump0dEpsbDJtWWkzYXA4cTlrUHJVanpDVnk1NDNvY05QbU1mZURCZ2xXVHcwekVUZ2ZjV2tZdVIKYWVCQm5JbDJHVmNnUTl0ZDNxTnU4QlQ1U3J6K1l4RTliL044UGY5aXRIVnp3dDM5L2tFSFExVGFxTUk1dDVWRwppVUFlWmdEWXRNbFdqYUh4WkZNMldHUDFBYXZtVWdCcEh5b2tpV0hWdXVwc3MzQ0RQa2F5K3VNNFlIbm9CTmozClFTY0NiRm1VUkFHYUtKdzdjVm5JY3dSMVZVeVl2RitGT0lTcHNuVGlKQTEvZmNJNkZ1VjZNQzdIMHMwQ0F3RUEKQVFLQ0FnQW8zQjk5d2ZZZXo1ZkFkL1A4aTFzV0p3T0hXcjJaSHJaTVhEcEJMMmdDRURtQWg3dm1NOE9lM3FwbgpKRERlUWZPTkR0Yk91SUE4MC9rUjdlR2o3enMvYjBPME5SZ1N1aHMwd1l6cFpCWmxVdjUyOGRjM0NSN3Q0Tko0CjhZa3BPRjN6MnF2aVhVTUswNXlEZmZOZFhwWmprWmFmWDhmWXB5N0NMdWloeDRxUHBSajd2K2pLSkw4RHE5YlAKTTdianFvRUN3aDV5TFU2UEN0SkRoUnVHbkE2VzBFMytaM3BEZ3doNEZuOXRrQ3RPajRxV0FUaDFEQmRYbXpxYwo4SnRtaytnN2NMa0FnMFo0RHpLR0VpbXlOM0xjT1Q2VVUza1FGZld4eVBUSkxwcEtCOUxidnBTczlCcW5EMjErCk16amlzV1pVWDF2c01RTDV2TDdBUXB5TGVwbVRBSlZMVzlSL1E0NVBCRlNDTE9tVysrQmxVWkN1T09tQ291NGMKa09PaTVaWXpkNmJJTmFqcHRsSFdLSzYrMFRXWUlYRjJxZ1RxbVNEOGUvWUhuSjFtekdtVVhrVFhVdWlobTFYawpOeEttb1hpa3U3L0VyV3d1Y24wWWdyMHUyRDZ0bVJ4d09mODh3TVg0eWRzNUk3Um40U25rN0V3TUt2cFlmSHYxCkZZVE8vWHJra0J6Zkx5d1RqT3BWckFtYU93Y0NhMXBIb2FBL1RyR3F6Qk9EM1V3V3k2UUo0RW4wLy9hZHZLUFIKSG5XUHhwVEtKL1l2WlJvTktzVjhWYXJ4bTFKQmZXbjFrNUh0dHk2aTZhcnljMHpUNGtYZ21NQWlyeHZjS0JGVwpNdVpVYjJIOXViTW01WUE4Zk1uUGNNK2wxVVVWMHZWdllSWlZYSnZNcEJoNlRwbDVnUUtDQVFFQXk3cU9NZGVOCmVlVlNFSnJUNHNnV0lzMWUxTGVFOFM1b2hscWg0Ymk2U3FDY1psdkMxRkFmeVVtTElhM3k3QTlzbzhCVmx2dGwKN1kydENTWTBHOTQxaGVmTGJ4UzVpaXlCSENBbS9YOXhyRFlFWEM0QXpQTDc0K24zUGhwaFFLMDF2a0cwdC9seQpuVlFnYmJQZFNxNER6TlAzc3FsbVV0SnRSV1NvWGhKUFAxQUFGZ1gvYjVVZkFCZjhMUzA4M3VvUkczaTloalRmCjF2OGFqeVVqR05FcDM0Q2M4MnVuYVFReHRqU09CYytkYlZXdGxCd0p2YW5CVHV5T3JUanJpU0FJRVFTb2d4aWgKTVBhVTRESUFXZGljZldoNEVMcG50SUlFV1NvSEhaN1pncWFWejdRVGRSUXFHSU4wTW0veFR3TllIUVl3ZkdvZwpaQUd2MVZXRm5mVWs2UUtDQVFFQS8wMkhVMzA2b2FpN3oxa1QzSkhpSDhTTmZwakwvcnhhWUNpaWF3dU9yUlZFClFRNEVRclZnN1FiVUpKeWo2TlFhWXJ0UndYdmVzTXlqb3dzSnF3aEk5WnhrODhpTEh5bnlyUktKSG8vNWJ1RG0KTTEweWp0ZDhPZ1dsNVB2K2htOERUU1VyaU5HRCswS29GMmNxNkdMdjRMcEpQSkYwVGZ6VWl1cDhoVUVsUjJqUApDSExTSEpaaXVjRnlmN0tJNjE2UERJaTJTNkFrRTh2UTIvTEE0NHVOZjB4TnY0bURHRGVLRkdHSXNPZ0RBU29JCnN0SVFsaHNKa3NRRU55ZXJZMmpLcWl6RkVhUmhvU0FwTTBTSDVTVGp4OG14QTVUUE5OZGNDY2x5THdYM1JlVzMKQjRtWjVTdUZpb0xuS2VwWENvMEszS2JYWklnbDZsdFhJMC9STW9IZ1JRS0NBUUJEMGdudUs3ek1QSHdTVFFpRwpjV2QxRkhzaVF5bTloRjZGZzN4cWdTMTdGSGFjV0tYR09ob3F6eEhERjM1TCtXS0lMTW9SWmdWcmpJTnpEVVhCCmxUcXFKaDBDRUpzbmxXTXhzcjVvRzFvREkwUldUM1l5eEJ6NHBYV0tOZ3YwRlBWVUxkbDBlVlVmYk5jU3poSzMKL3JBREt2bEZmOEV4aHgyYlFVUVBkUGJ1czdvam1zR0xLdEJVSHFmemZpREtjSTliWHRsdzZQOHZPbU5rRGMvZQpQaHM3YlR4U2lKOEZoY0RxMEJvTGN5OE1LNzZLRkw5bFpUS1dESWYrd0hrZ2dBcFBhQWFWQmNqN1hNcjR5NHgwClhIalVBc2dkZ1lCdWhlM2VwUEFUZTBNYmpFdEpCc0NIZER3RFJ4ZVNodE9GSXk3ZEVxZG5jNGp1NGVUZ0Z3VlIKTFQrcEFvSUJBQTJxWkxmL1dBZ1hOQlpoT2tMd1BCNWZNd08zd2hPY21XblVRdjFmM1A4K3lDeURSNDhhamxtaApwL0Zkd1JoUllpZ3V4cTJJcDk3bTFVdUE1NytUN2ZQWHJ6K3RXR1VPcGNMRjN6a1hrODV2azJMa2RqUlhMSHNlCm1rYXJobkJEdVBXRUs5UmpBcUdNYTlyMDFzTWhxSjFxMjBpMnNIY01OWVJLRU9oQkdIRytGbmJwVG4zaFB0K2EKanpwdW9BMlpQaWI1bW1ocDVnUjVRSERGaWJXa1hxcVZ0d090cEtyRExrencrNVFjbHl5VXgycHEvQ0JNeWpKawo4NlRRSnNobmI1RzBXOGdaK0cvYmZOa1ZyZ0NCL1A5UXVIenNsanJKM0U5WnpSYmZSdUVpN3Ewa25Hdzc3Q1lCCjQ4WEdtV29qS3BXdENKS0ZCeUtJU1IzR3cvZmtJOUVDZ2dFQWVEd1orU0FtM0U5ZWRKaytXbnNWeExpZHBSVzcKNk5hZS91YlhxdDlwNE5DcGJROXRaTkV4YTduNVIzeXNUbFl1ZFBmMkdPOWhtczl2M3RWTExVeU5NcXk4NE5pTgpNQzZKL29HQTB6MDUyUUZTQm9sdjhlZkMzL29SWWQzUytub1VrWmxoblVJYmpxNFdibi9lWTkxZWZ3TGJVYVFlClo3MS9JNmJmWnN0TFZsSnd6c0E5Q09IWWxlQ3BuaFVRWWJ1cWhCclFvZlpsV2dWalF1dXFwMzl6ZE1MNys5UlYKc1dyaDdhelIzTS9kVjFjRDQ5MHV6UGdPMDFBaUlUcVQyQyt5L1cydWNLZ3p2Q2c3RUZ0eUhDZnFkaHlDUmg0TQo0N0NIek91eWFwd21GelN3UU53Q2QzZjBBVnRVQm1BbWs3ZkFieVVqdDkzSFllcUZRbHBZY3gwMHdBPT0KLS0tLS1FTkQgUlNBIFBSSVZBVEUgS0VZLS0tLS0K",
                "cluster_ca_certificate": "LS0tLS1CRUdJTiBDRVJUSUZJQ0FURS0tLS0tCk1JSUU2VENDQXRHZ0F3SUJBZ0lSQUxJczFHN2lEbURLcWZmcEpEM3EwR1V3RFFZSktvWklodmNOQVFFTEJRQXcKRFRFTE1Ba0dBMVVFQXhNQ1kyRXdJQmNOTWpVd05ESXdNVFV3TnpFM1doZ1BNakExTlRBME1qQXhOVEUzTVRkYQpNQTB4Q3pBSkJnTlZCQU1UQW1OaE1JSUNJakFOQmdrcWhraUc5dzBCQVFFRkFBT0NBZzhBTUlJQ0NnS0NBZ0VBCjBoclRjbkdLcjk3QW9XUE5nUFZqVkZaTlFmMlVQb1RXTHVXa2lXM2pNOWF4NDExS0hDUms4K1JULzc2ZHdqVEoKWXVkaFM3c3lGbDJ5Um9aSGk4MU1keEpKdGJuR1N4UmZtRXJOemYwZjAxSDV3dTVJVWRsVlR6VlF1UHNhOTlsdgpYV3ZBYzk2dWxXYjN4RnJXU1orWWc4QjVKS0UwUWJOcm5TalJyQXNqRUxsMCtoak16VXpEZis0dDkwbUhaY1FECk9abjhuUW5MN08ra1QyNFB5dW1TNmNmdXJ5enF3Tmt6S1A1N3N6SzRLN0crWnR6UGdwazhzK05FRm9PMjl2UE0KQTlraXRPT0VwVkJJUUlwSWVwdEVxVVBSKzk0eGg5V1lXblhQNDFyekdSZTRUQjQxN21HVWdxa21PcWZhY0hqUgo2YjByL1JjTGtiV2QwM0s5V0l2WkpESVZ3U3hLMjBWMzBuektjaE1aTVo5dVRadHM0Tm94RjJaaFoweElFWjh5CiszblRCM2djOFY0Zjg5eGJYeHZ6eHdMSGRSVHRsYmRPdkpTQzRvUlJuMnAzUkQxTmlvbjQ4eGNSZmRnMlVVU2kKM0MzcnR2SjN2TzNxait3YnoreE9JN1dEMi92QWZZd2pIZkpRNnhFL0pEdm5JZWFCWEIzS3ViTFc4QU82V01uWQp2Z1RQZmsyRFRlMjE5TldqMTZBV0VxdzFWa1dabHQ5MFhYNHNvM2wwQzhPTld6Qk1pbEptMmRzaXM5bUg5TEhxCnJHWVpneks0WThUdVRjOEhEd2FRc0lSanZXOHM5Rm5yRmtFTU41dTU2bHJNWkp3MjBNRVBIekFRcE1GZDVTS3QKMUxhS2FEZ3ZxRUNaejdCSDJqOGxwY1AwOWZoVlR2aU1HRWdaejlIdkZrRUNBd0VBQWFOQ01FQXdEZ1lEVlIwUApBUUgvQkFRREFnS2tNQThHQTFVZEV3RUIvd1FGTUFNQkFmOHdIUVlEVlIwT0JCWUVGRk16SEVVV0x5Ky9uS1Y5CmlDM0k5S2NUQy9VOU1BMEdDU3FHU0liM0RRRUJDd1VBQTRJQ0FRQVIyUlhTbm1KenI0QUVMMWh4QzRnc1Q0MGIKUG5BSEVSSE1LVFIxTlpoQnovNzE3QkdOQlRpM0FIWVV6akF6d0hBNXBHYjRUMzhSQ2U5TkZmZjFtdlRyQnNtaAoyVUFEY0JTK1hUclNFOWJMWmhuTHM5QW9RSmJjRWpxdGZzTHRieXR4cDdqWkd0VE5ZeXlpSFlNUWhKR2dpSTBhCk14L2lRWmtmbU1mYjNEVmVodVRESHhVWWFCVDQ4eTI5dW9DTTZLSFAxR2pEdTRWaFV5dWtvdEZBc2dZOFhiR2EKSmpLcjFxL2hyR3FlWVl6VTZyQmhHWFMvQmF2KzhzRXhoRGs3eGVzWkZ5OE5tK2swYmhhdUI2dk0rNnFMYmx3agpNanNEZm9KMmdicFF1MmRCOTR6SjBrTGpFM1dOd3RTTHZucmw1UWRpeFU1bG5pcmdETlFNQnZ6UEFWQk9mR2J4CldrRm9BMzdxVlByYklMajNsTFcwZUpVNVZxcWtIY3JxL2JqdE1ocmllZXc0VU5veUQwakZTVlN5c2JzUVhSWngKSlNBVUZHTkdXWXVKKytic09ScFpET3ZodTRrcGVCdFFoSHlZblBhOE9qUzJ3QmZwSmVpNEZpcGRzRjNpUmx1SgpwRk1oMHhGUTdnYTlJNHhQalEzSE55a3h4eVJKUTNYS29wRmVLajR1MWhDRkxIOEk3Zy8xMXBLTVRrdzBwazg1CnVpM2owenZncnhlQVVOaE82bUl4SWVyTEVwWmhXV24zTUpOVzhlZEhxSDF6WDRrMEx1empXR1d2RGEyYW1CeUUKVmVFbEJqOE1hSWZTQ21xUnFWYy9obVA1Wkp2VTJxb2hpNWk1THFlTEdXak1DWTJsa2V2KzJUWndsN21mQ0VHTwpTM3YreU9qS1dqcUFLYmMvTEE9PQotLS0tLUVORCBDRVJUSUZJQ0FURS0tLS0tCg==",
                "host": "https://aks-qjbxnczp.hcp.eastasia.azmk8s.io:443",
                "password": "84u3xw4gtxj7rrmeh15e8uzsvuc1n163npn6u6wlp4vz165m29no2xm0u0qtod247x7g3q06ji7b4vbtj6flssp5vttdymp1doq5h0qyffvu1b7anh9hhtu54eu3gczm",
                "username": "clusterAdmin_rg-aks-apim-0420_aks-cluster-01"
              }
            ],
            "kube_admin_config_raw": "apiVersion: v1\nclusters:\n- cluster:\n    certificate-authority-data: LS0tLS1CRUdJTiBDRVJUSUZJQ0FURS0tLS0tCk1JSUU2VENDQXRHZ0F3SUJBZ0lSQUxJczFHN2lEbURLcWZmcEpEM3EwR1V3RFFZSktvWklodmNOQVFFTEJRQXcKRFRFTE1Ba0dBMVVFQXhNQ1kyRXdJQmNOTWpVd05ESXdNVFV3TnpFM1doZ1BNakExTlRBME1qQXhOVEUzTVRkYQpNQTB4Q3pBSkJnTlZCQU1UQW1OaE1JSUNJakFOQmdrcWhraUc5dzBCQVFFRkFBT0NBZzhBTUlJQ0NnS0NBZ0VBCjBoclRjbkdLcjk3QW9XUE5nUFZqVkZaTlFmMlVQb1RXTHVXa2lXM2pNOWF4NDExS0hDUms4K1JULzc2ZHdqVEoKWXVkaFM3c3lGbDJ5Um9aSGk4MU1keEpKdGJuR1N4UmZtRXJOemYwZjAxSDV3dTVJVWRsVlR6VlF1UHNhOTlsdgpYV3ZBYzk2dWxXYjN4RnJXU1orWWc4QjVKS0UwUWJOcm5TalJyQXNqRUxsMCtoak16VXpEZis0dDkwbUhaY1FECk9abjhuUW5MN08ra1QyNFB5dW1TNmNmdXJ5enF3Tmt6S1A1N3N6SzRLN0crWnR6UGdwazhzK05FRm9PMjl2UE0KQTlraXRPT0VwVkJJUUlwSWVwdEVxVVBSKzk0eGg5V1lXblhQNDFyekdSZTRUQjQxN21HVWdxa21PcWZhY0hqUgo2YjByL1JjTGtiV2QwM0s5V0l2WkpESVZ3U3hLMjBWMzBuektjaE1aTVo5dVRadHM0Tm94RjJaaFoweElFWjh5CiszblRCM2djOFY0Zjg5eGJYeHZ6eHdMSGRSVHRsYmRPdkpTQzRvUlJuMnAzUkQxTmlvbjQ4eGNSZmRnMlVVU2kKM0MzcnR2SjN2TzNxait3YnoreE9JN1dEMi92QWZZd2pIZkpRNnhFL0pEdm5JZWFCWEIzS3ViTFc4QU82V01uWQp2Z1RQZmsyRFRlMjE5TldqMTZBV0VxdzFWa1dabHQ5MFhYNHNvM2wwQzhPTld6Qk1pbEptMmRzaXM5bUg5TEhxCnJHWVpneks0WThUdVRjOEhEd2FRc0lSanZXOHM5Rm5yRmtFTU41dTU2bHJNWkp3MjBNRVBIekFRcE1GZDVTS3QKMUxhS2FEZ3ZxRUNaejdCSDJqOGxwY1AwOWZoVlR2aU1HRWdaejlIdkZrRUNBd0VBQWFOQ01FQXdEZ1lEVlIwUApBUUgvQkFRREFnS2tNQThHQTFVZEV3RUIvd1FGTUFNQkFmOHdIUVlEVlIwT0JCWUVGRk16SEVVV0x5Ky9uS1Y5CmlDM0k5S2NUQy9VOU1BMEdDU3FHU0liM0RRRUJDd1VBQTRJQ0FRQVIyUlhTbm1KenI0QUVMMWh4QzRnc1Q0MGIKUG5BSEVSSE1LVFIxTlpoQnovNzE3QkdOQlRpM0FIWVV6akF6d0hBNXBHYjRUMzhSQ2U5TkZmZjFtdlRyQnNtaAoyVUFEY0JTK1hUclNFOWJMWmhuTHM5QW9RSmJjRWpxdGZzTHRieXR4cDdqWkd0VE5ZeXlpSFlNUWhKR2dpSTBhCk14L2lRWmtmbU1mYjNEVmVodVRESHhVWWFCVDQ4eTI5dW9DTTZLSFAxR2pEdTRWaFV5dWtvdEZBc2dZOFhiR2EKSmpLcjFxL2hyR3FlWVl6VTZyQmhHWFMvQmF2KzhzRXhoRGs3eGVzWkZ5OE5tK2swYmhhdUI2dk0rNnFMYmx3agpNanNEZm9KMmdicFF1MmRCOTR6SjBrTGpFM1dOd3RTTHZucmw1UWRpeFU1bG5pcmdETlFNQnZ6UEFWQk9mR2J4CldrRm9BMzdxVlByYklMajNsTFcwZUpVNVZxcWtIY3JxL2JqdE1ocmllZXc0VU5veUQwakZTVlN5c2JzUVhSWngKSlNBVUZHTkdXWXVKKytic09ScFpET3ZodTRrcGVCdFFoSHlZblBhOE9qUzJ3QmZwSmVpNEZpcGRzRjNpUmx1SgpwRk1oMHhGUTdnYTlJNHhQalEzSE55a3h4eVJKUTNYS29wRmVLajR1MWhDRkxIOEk3Zy8xMXBLTVRrdzBwazg1CnVpM2owenZncnhlQVVOaE82bUl4SWVyTEVwWmhXV24zTUpOVzhlZEhxSDF6WDRrMEx1empXR1d2RGEyYW1CeUUKVmVFbEJqOE1hSWZTQ21xUnFWYy9obVA1Wkp2VTJxb2hpNWk1THFlTEdXak1DWTJsa2V2KzJUWndsN21mQ0VHTwpTM3YreU9qS1dqcUFLYmMvTEE9PQotLS0tLUVORCBDRVJUSUZJQ0FURS0tLS0tCg==\n    server: https://aks-qjbxnczp.hcp.eastasia.azmk8s.io:443\n  name: aks-cluster-01\ncontexts:\n- context:\n    cluster: aks-cluster-01\n    user: clusterAdmin_rg-aks-apim-0420_aks-cluster-01\n  name: aks-cluster-01\ncurrent-context: aks-cluster-01\nkind: Config\npreferences: {}\nusers:\n- name: clusterAdmin_rg-aks-apim-0420_aks-cluster-01\n  user:\n    client-certificate-data: LS0tLS1CRUdJTiBDRVJUSUZJQ0FURS0tLS0tCk1JSUZIakNDQXdhZ0F3SUJBZ0lSQUo3dVloY0xOSnlHcWNCVDZEYW1WbGd3RFFZSktvWklodmNOQVFFTEJRQXcKRFRFTE1Ba0dBMVVFQXhNQ1kyRXdIaGNOTWpVd05ESXdNVFV3TnpFM1doY05NamN3TkRJd01UVXhOekUzV2pBdwpNUmN3RlFZRFZRUUtFdzV6ZVhOMFpXMDZiV0Z6ZEdWeWN6RVZNQk1HQTFVRUF4TU1iV0Z6ZEdWeVkyeHBaVzUwCk1JSUNJakFOQmdrcWhraUc5dzBCQVFFRkFBT0NBZzhBTUlJQ0NnS0NBZ0VBeXl5R2NqelU1U2E5dW9sTEQ4Sk4KNE03YVNYYmp0NFNjaU1vaHF6RGtjb1pTMWYzcEhqZGFhSjZzdjJqUEJlRzhFNkFMd3hNcmlMNmVkRFdGdnVqbwp2bVhXNDlBUmppVEpYQUQyOTQwQ2I1aEdiWTNCUFo0UkVyZ2o3YjRBWFVNSWpQSzFsdnNPRUhIaXhSUVp0QTIvClB0cUVRTVB0aEhMUnpJV0lOY1JxYkp2ZGhVTDdkTG0xdTY5bkFMK09GdDV6RnF0cVNsa05EeTFTRnZ3c3F4S3IKY3BPT08wOEcrUWhqK1hRa2NINEpKS1loaEJNODlLcmJBeFI1KzJhand4TXF5K0xmb0RXV3RtRUMraHZQU3liZQpIb2tiRVYyUjVsZVlXaGtsR2ZBUUJHUlJ6WWIyTTVxR1VOZDBhcHY5b1BLVU1pVWtxWjk5RCt2MjdleUR1eVdmCnhxSHYvM3BMd0dyQlRkNG9GaFNUbmNhUEpqN0RpQTJEVjdFbTRTVENMdUxvOFZENzZwcTcxbERDZzErUExzeVYKWk5KTjBRNlNQVnJvSXhXL3VRellIQUNjMVQreFV4dUwxblM4Ump0dEpsbDJtWWkzYXA4cTlrUHJVanpDVnk1NAozb2NOUG1NZmVEQmdsV1R3MHpFVGdmY1drWXVSYWVCQm5JbDJHVmNnUTl0ZDNxTnU4QlQ1U3J6K1l4RTliL044ClBmOWl0SFZ6d3QzOS9rRUhRMVRhcU1JNXQ1VkdpVUFlWmdEWXRNbFdqYUh4WkZNMldHUDFBYXZtVWdCcEh5b2sKaVdIVnV1cHNzM0NEUGtheSt1TTRZSG5vQk5qM1FTY0NiRm1VUkFHYUtKdzdjVm5JY3dSMVZVeVl2RitGT0lTcApzblRpSkExL2ZjSTZGdVY2TUM3SDBzMENBd0VBQWFOV01GUXdEZ1lEVlIwUEFRSC9CQVFEQWdXZ01CTUdBMVVkCkpRUU1NQW9HQ0NzR0FRVUZCd01DTUF3R0ExVWRFd0VCL3dRQ01BQXdId1lEVlIwakJCZ3dGb0FVVXpNY1JSWXYKTDcrY3BYMklMY2owcHhNTDlUMHdEUVlKS29aSWh2Y05BUUVMQlFBRGdnSUJBSG92dGZybFQ4YnpOaTRzNVZ1eAplaWFOU0cwR256aGUvTzdyK2Q1QUpzc2xkZCs0NGd0MmpDRDR3bUJwbld1SjVrZ1BKRlFRcWlSWk5KazVaQjBOCkRreWxaNVhsNU8rWHBoM2FSTVorNVE4aG94WDNNeitjb0xLS0JMV2E5NlZTeGxSb3VtSENGWitvbXJOancwKysKanpMalpWTy96SWdmSnVlNW5qM1FLY2VEUlpNT2NoY3BtMEs0dHZSQzFQZlN6SUNWWGZXekJCVEdTcE52VmNkUgovQ0h2cDlYYi9BMnBrYm0wMHlZTzdJV0JodmR6KzBlQndmSk5RTXJzM0gydDlmS2VXRDJ4VWdiUTJtU0h0M2JUCmVLVUt6bVRlMFNMSnNiZTdUN2FYcnJXYVhuRUhDYmJJNXdGeVh4aUpwbkw0c2lqVWd3ZmxjelFYM2tHa0VzS04KTG92TlJpVEJMNWZ1N2FGMUxZSERCZ3FTT29hK1BMSkY3ODZiYm52bjhXdmorTy9zTjhGVFVsMml3QnNSZzQ2OQphM3dWNDJESEVUcE93RDU1TzQwMk9hVy9YbWZJbGdCSSs2NGRpaXJGZTA4VWxMc0hGK2lqL2hoZm1MNUxVWDZwCjErVjJBaXdpa1BscW1FWnQxNWh5SmVFZXY1c0VrcHBOZDZ3UC9ubStLMENVYUthU3Noa1piL1BSc09lOTRROSsKcEkxRzZFc1NEeHNnNzFvMHhBWkswRE5lUkgzenFPaXNNeWpQYndrODhmVHFqWDNsenFGNWJFTk9mK1dTUU5kdAppUEN3UHdVM3ZiM0loWDVWRzNsV3d0UlAyb2pYWnlWR0xVZmY4MFNVTGdxWEo5SEs4Z2ZYVU5xbmE0L2NYUUNuClorRk82eTRqeEpMcGlwZElhTTlWUlFxbAotLS0tLUVORCBDRVJUSUZJQ0FURS0tLS0tCg==\n    client-key-data: LS0tLS1CRUdJTiBSU0EgUFJJVkFURSBLRVktLS0tLQpNSUlKSndJQkFBS0NBZ0VBeXl5R2NqelU1U2E5dW9sTEQ4Sk40TTdhU1hianQ0U2NpTW9ocXpEa2NvWlMxZjNwCkhqZGFhSjZzdjJqUEJlRzhFNkFMd3hNcmlMNmVkRFdGdnVqb3ZtWFc0OUFSamlUSlhBRDI5NDBDYjVoR2JZM0IKUFo0UkVyZ2o3YjRBWFVNSWpQSzFsdnNPRUhIaXhSUVp0QTIvUHRxRVFNUHRoSExSeklXSU5jUnFiSnZkaFVMNwpkTG0xdTY5bkFMK09GdDV6RnF0cVNsa05EeTFTRnZ3c3F4S3JjcE9PTzA4RytRaGorWFFrY0g0SkpLWWhoQk04CjlLcmJBeFI1KzJhand4TXF5K0xmb0RXV3RtRUMraHZQU3liZUhva2JFVjJSNWxlWVdoa2xHZkFRQkdSUnpZYjIKTTVxR1VOZDBhcHY5b1BLVU1pVWtxWjk5RCt2MjdleUR1eVdmeHFIdi8zcEx3R3JCVGQ0b0ZoU1RuY2FQSmo3RAppQTJEVjdFbTRTVENMdUxvOFZENzZwcTcxbERDZzErUExzeVZaTkpOMFE2U1BWcm9JeFcvdVF6WUhBQ2MxVCt4ClV4dUwxblM4Ump0dEpsbDJtWWkzYXA4cTlrUHJVanpDVnk1NDNvY05QbU1mZURCZ2xXVHcwekVUZ2ZjV2tZdVIKYWVCQm5JbDJHVmNnUTl0ZDNxTnU4QlQ1U3J6K1l4RTliL044UGY5aXRIVnp3dDM5L2tFSFExVGFxTUk1dDVWRwppVUFlWmdEWXRNbFdqYUh4WkZNMldHUDFBYXZtVWdCcEh5b2tpV0hWdXVwc3MzQ0RQa2F5K3VNNFlIbm9CTmozClFTY0NiRm1VUkFHYUtKdzdjVm5JY3dSMVZVeVl2RitGT0lTcHNuVGlKQTEvZmNJNkZ1VjZNQzdIMHMwQ0F3RUEKQVFLQ0FnQW8zQjk5d2ZZZXo1ZkFkL1A4aTFzV0p3T0hXcjJaSHJaTVhEcEJMMmdDRURtQWg3dm1NOE9lM3FwbgpKRERlUWZPTkR0Yk91SUE4MC9rUjdlR2o3enMvYjBPME5SZ1N1aHMwd1l6cFpCWmxVdjUyOGRjM0NSN3Q0Tko0CjhZa3BPRjN6MnF2aVhVTUswNXlEZmZOZFhwWmprWmFmWDhmWXB5N0NMdWloeDRxUHBSajd2K2pLSkw4RHE5YlAKTTdianFvRUN3aDV5TFU2UEN0SkRoUnVHbkE2VzBFMytaM3BEZ3doNEZuOXRrQ3RPajRxV0FUaDFEQmRYbXpxYwo4SnRtaytnN2NMa0FnMFo0RHpLR0VpbXlOM0xjT1Q2VVUza1FGZld4eVBUSkxwcEtCOUxidnBTczlCcW5EMjErCk16amlzV1pVWDF2c01RTDV2TDdBUXB5TGVwbVRBSlZMVzlSL1E0NVBCRlNDTE9tVysrQmxVWkN1T09tQ291NGMKa09PaTVaWXpkNmJJTmFqcHRsSFdLSzYrMFRXWUlYRjJxZ1RxbVNEOGUvWUhuSjFtekdtVVhrVFhVdWlobTFYawpOeEttb1hpa3U3L0VyV3d1Y24wWWdyMHUyRDZ0bVJ4d09mODh3TVg0eWRzNUk3Um40U25rN0V3TUt2cFlmSHYxCkZZVE8vWHJra0J6Zkx5d1RqT3BWckFtYU93Y0NhMXBIb2FBL1RyR3F6Qk9EM1V3V3k2UUo0RW4wLy9hZHZLUFIKSG5XUHhwVEtKL1l2WlJvTktzVjhWYXJ4bTFKQmZXbjFrNUh0dHk2aTZhcnljMHpUNGtYZ21NQWlyeHZjS0JGVwpNdVpVYjJIOXViTW01WUE4Zk1uUGNNK2wxVVVWMHZWdllSWlZYSnZNcEJoNlRwbDVnUUtDQVFFQXk3cU9NZGVOCmVlVlNFSnJUNHNnV0lzMWUxTGVFOFM1b2hscWg0Ymk2U3FDY1psdkMxRkFmeVVtTElhM3k3QTlzbzhCVmx2dGwKN1kydENTWTBHOTQxaGVmTGJ4UzVpaXlCSENBbS9YOXhyRFlFWEM0QXpQTDc0K24zUGhwaFFLMDF2a0cwdC9seQpuVlFnYmJQZFNxNER6TlAzc3FsbVV0SnRSV1NvWGhKUFAxQUFGZ1gvYjVVZkFCZjhMUzA4M3VvUkczaTloalRmCjF2OGFqeVVqR05FcDM0Q2M4MnVuYVFReHRqU09CYytkYlZXdGxCd0p2YW5CVHV5T3JUanJpU0FJRVFTb2d4aWgKTVBhVTRESUFXZGljZldoNEVMcG50SUlFV1NvSEhaN1pncWFWejdRVGRSUXFHSU4wTW0veFR3TllIUVl3ZkdvZwpaQUd2MVZXRm5mVWs2UUtDQVFFQS8wMkhVMzA2b2FpN3oxa1QzSkhpSDhTTmZwakwvcnhhWUNpaWF3dU9yUlZFClFRNEVRclZnN1FiVUpKeWo2TlFhWXJ0UndYdmVzTXlqb3dzSnF3aEk5WnhrODhpTEh5bnlyUktKSG8vNWJ1RG0KTTEweWp0ZDhPZ1dsNVB2K2htOERUU1VyaU5HRCswS29GMmNxNkdMdjRMcEpQSkYwVGZ6VWl1cDhoVUVsUjJqUApDSExTSEpaaXVjRnlmN0tJNjE2UERJaTJTNkFrRTh2UTIvTEE0NHVOZjB4TnY0bURHRGVLRkdHSXNPZ0RBU29JCnN0SVFsaHNKa3NRRU55ZXJZMmpLcWl6RkVhUmhvU0FwTTBTSDVTVGp4OG14QTVUUE5OZGNDY2x5THdYM1JlVzMKQjRtWjVTdUZpb0xuS2VwWENvMEszS2JYWklnbDZsdFhJMC9STW9IZ1JRS0NBUUJEMGdudUs3ek1QSHdTVFFpRwpjV2QxRkhzaVF5bTloRjZGZzN4cWdTMTdGSGFjV0tYR09ob3F6eEhERjM1TCtXS0lMTW9SWmdWcmpJTnpEVVhCCmxUcXFKaDBDRUpzbmxXTXhzcjVvRzFvREkwUldUM1l5eEJ6NHBYV0tOZ3YwRlBWVUxkbDBlVlVmYk5jU3poSzMKL3JBREt2bEZmOEV4aHgyYlFVUVBkUGJ1czdvam1zR0xLdEJVSHFmemZpREtjSTliWHRsdzZQOHZPbU5rRGMvZQpQaHM3YlR4U2lKOEZoY0RxMEJvTGN5OE1LNzZLRkw5bFpUS1dESWYrd0hrZ2dBcFBhQWFWQmNqN1hNcjR5NHgwClhIalVBc2dkZ1lCdWhlM2VwUEFUZTBNYmpFdEpCc0NIZER3RFJ4ZVNodE9GSXk3ZEVxZG5jNGp1NGVUZ0Z3VlIKTFQrcEFvSUJBQTJxWkxmL1dBZ1hOQlpoT2tMd1BCNWZNd08zd2hPY21XblVRdjFmM1A4K3lDeURSNDhhamxtaApwL0Zkd1JoUllpZ3V4cTJJcDk3bTFVdUE1NytUN2ZQWHJ6K3RXR1VPcGNMRjN6a1hrODV2azJMa2RqUlhMSHNlCm1rYXJobkJEdVBXRUs5UmpBcUdNYTlyMDFzTWhxSjFxMjBpMnNIY01OWVJLRU9oQkdIRytGbmJwVG4zaFB0K2EKanpwdW9BMlpQaWI1bW1ocDVnUjVRSERGaWJXa1hxcVZ0d090cEtyRExrencrNVFjbHl5VXgycHEvQ0JNeWpKawo4NlRRSnNobmI1RzBXOGdaK0cvYmZOa1ZyZ0NCL1A5UXVIenNsanJKM0U5WnpSYmZSdUVpN3Ewa25Hdzc3Q1lCCjQ4WEdtV29qS3BXdENKS0ZCeUtJU1IzR3cvZmtJOUVDZ2dFQWVEd1orU0FtM0U5ZWRKaytXbnNWeExpZHBSVzcKNk5hZS91YlhxdDlwNE5DcGJROXRaTkV4YTduNVIzeXNUbFl1ZFBmMkdPOWhtczl2M3RWTExVeU5NcXk4NE5pTgpNQzZKL29HQTB6MDUyUUZTQm9sdjhlZkMzL29SWWQzUytub1VrWmxoblVJYmpxNFdibi9lWTkxZWZ3TGJVYVFlClo3MS9JNmJmWnN0TFZsSnd6c0E5Q09IWWxlQ3BuaFVRWWJ1cWhCclFvZlpsV2dWalF1dXFwMzl6ZE1MNys5UlYKc1dyaDdhelIzTS9kVjFjRDQ5MHV6UGdPMDFBaUlUcVQyQyt5L1cydWNLZ3p2Q2c3RUZ0eUhDZnFkaHlDUmg0TQo0N0NIek91eWFwd21GelN3UU53Q2QzZjBBVnRVQm1BbWs3ZkFieVVqdDkzSFllcUZRbHBZY3gwMHdBPT0KLS0tLS1FTkQgUlNBIFBSSVZBVEUgS0VZLS0tLS0K\n    token: 84u3xw4gtxj7rrmeh15e8uzsvuc1n163npn6u6wlp4vz165m29no2xm0u0qtod247x7g3q06ji7b4vbtj6flssp5vttdymp1doq5h0qyffvu1b7anh9hhtu54eu3gczm\n",
            "kube_config": [
              {
                "client_certificate": "",
                "client_key": "",
                "cluster_ca_certificate": "LS0tLS1CRUdJTiBDRVJUSUZJQ0FURS0tLS0tCk1JSUU2VENDQXRHZ0F3SUJBZ0lSQUxJczFHN2lEbURLcWZmcEpEM3EwR1V3RFFZSktvWklodmNOQVFFTEJRQXcKRFRFTE1Ba0dBMVVFQXhNQ1kyRXdJQmNOTWpVd05ESXdNVFV3TnpFM1doZ1BNakExTlRBME1qQXhOVEUzTVRkYQpNQTB4Q3pBSkJnTlZCQU1UQW1OaE1JSUNJakFOQmdrcWhraUc5dzBCQVFFRkFBT0NBZzhBTUlJQ0NnS0NBZ0VBCjBoclRjbkdLcjk3QW9XUE5nUFZqVkZaTlFmMlVQb1RXTHVXa2lXM2pNOWF4NDExS0hDUms4K1JULzc2ZHdqVEoKWXVkaFM3c3lGbDJ5Um9aSGk4MU1keEpKdGJuR1N4UmZtRXJOemYwZjAxSDV3dTVJVWRsVlR6VlF1UHNhOTlsdgpYV3ZBYzk2dWxXYjN4RnJXU1orWWc4QjVKS0UwUWJOcm5TalJyQXNqRUxsMCtoak16VXpEZis0dDkwbUhaY1FECk9abjhuUW5MN08ra1QyNFB5dW1TNmNmdXJ5enF3Tmt6S1A1N3N6SzRLN0crWnR6UGdwazhzK05FRm9PMjl2UE0KQTlraXRPT0VwVkJJUUlwSWVwdEVxVVBSKzk0eGg5V1lXblhQNDFyekdSZTRUQjQxN21HVWdxa21PcWZhY0hqUgo2YjByL1JjTGtiV2QwM0s5V0l2WkpESVZ3U3hLMjBWMzBuektjaE1aTVo5dVRadHM0Tm94RjJaaFoweElFWjh5CiszblRCM2djOFY0Zjg5eGJYeHZ6eHdMSGRSVHRsYmRPdkpTQzRvUlJuMnAzUkQxTmlvbjQ4eGNSZmRnMlVVU2kKM0MzcnR2SjN2TzNxait3YnoreE9JN1dEMi92QWZZd2pIZkpRNnhFL0pEdm5JZWFCWEIzS3ViTFc4QU82V01uWQp2Z1RQZmsyRFRlMjE5TldqMTZBV0VxdzFWa1dabHQ5MFhYNHNvM2wwQzhPTld6Qk1pbEptMmRzaXM5bUg5TEhxCnJHWVpneks0WThUdVRjOEhEd2FRc0lSanZXOHM5Rm5yRmtFTU41dTU2bHJNWkp3MjBNRVBIekFRcE1GZDVTS3QKMUxhS2FEZ3ZxRUNaejdCSDJqOGxwY1AwOWZoVlR2aU1HRWdaejlIdkZrRUNBd0VBQWFOQ01FQXdEZ1lEVlIwUApBUUgvQkFRREFnS2tNQThHQTFVZEV3RUIvd1FGTUFNQkFmOHdIUVlEVlIwT0JCWUVGRk16SEVVV0x5Ky9uS1Y5CmlDM0k5S2NUQy9VOU1BMEdDU3FHU0liM0RRRUJDd1VBQTRJQ0FRQVIyUlhTbm1KenI0QUVMMWh4QzRnc1Q0MGIKUG5BSEVSSE1LVFIxTlpoQnovNzE3QkdOQlRpM0FIWVV6akF6d0hBNXBHYjRUMzhSQ2U5TkZmZjFtdlRyQnNtaAoyVUFEY0JTK1hUclNFOWJMWmhuTHM5QW9RSmJjRWpxdGZzTHRieXR4cDdqWkd0VE5ZeXlpSFlNUWhKR2dpSTBhCk14L2lRWmtmbU1mYjNEVmVodVRESHhVWWFCVDQ4eTI5dW9DTTZLSFAxR2pEdTRWaFV5dWtvdEZBc2dZOFhiR2EKSmpLcjFxL2hyR3FlWVl6VTZyQmhHWFMvQmF2KzhzRXhoRGs3eGVzWkZ5OE5tK2swYmhhdUI2dk0rNnFMYmx3agpNanNEZm9KMmdicFF1MmRCOTR6SjBrTGpFM1dOd3RTTHZucmw1UWRpeFU1bG5pcmdETlFNQnZ6UEFWQk9mR2J4CldrRm9BMzdxVlByYklMajNsTFcwZUpVNVZxcWtIY3JxL2JqdE1ocmllZXc0VU5veUQwakZTVlN5c2JzUVhSWngKSlNBVUZHTkdXWXVKKytic09ScFpET3ZodTRrcGVCdFFoSHlZblBhOE9qUzJ3QmZwSmVpNEZpcGRzRjNpUmx1SgpwRk1oMHhGUTdnYTlJNHhQalEzSE55a3h4eVJKUTNYS29wRmVLajR1MWhDRkxIOEk3Zy8xMXBLTVRrdzBwazg1CnVpM2owenZncnhlQVVOaE82bUl4SWVyTEVwWmhXV24zTUpOVzhlZEhxSDF6WDRrMEx1empXR1d2RGEyYW1CeUUKVmVFbEJqOE1hSWZTQ21xUnFWYy9obVA1Wkp2VTJxb2hpNWk1THFlTEdXak1DWTJsa2V2KzJUWndsN21mQ0VHTwpTM3YreU9qS1dqcUFLYmMvTEE9PQotLS0tLUVORCBDRVJUSUZJQ0FURS0tLS0tCg==",
                "host": "https://aks-qjbxnczp.hcp.eastasia.azmk8s.io:443",
                "password": "",
                "username": "clusterUser_rg-aks-apim-0420_aks-cluster-01"
              }
            ],
            "kube_config_raw": "apiVersion: v1\nclusters:\n- cluster:\n    certificate-authority-data: LS0tLS1CRUdJTiBDRVJUSUZJQ0FURS0tLS0tCk1JSUU2VENDQXRHZ0F3SUJBZ0lSQUxJczFHN2lEbURLcWZmcEpEM3EwR1V3RFFZSktvWklodmNOQVFFTEJRQXcKRFRFTE1Ba0dBMVVFQXhNQ1kyRXdJQmNOTWpVd05ESXdNVFV3TnpFM1doZ1BNakExTlRBME1qQXhOVEUzTVRkYQpNQTB4Q3pBSkJnTlZCQU1UQW1OaE1JSUNJakFOQmdrcWhraUc5dzBCQVFFRkFBT0NBZzhBTUlJQ0NnS0NBZ0VBCjBoclRjbkdLcjk3QW9XUE5nUFZqVkZaTlFmMlVQb1RXTHVXa2lXM2pNOWF4NDExS0hDUms4K1JULzc2ZHdqVEoKWXVkaFM3c3lGbDJ5Um9aSGk4MU1keEpKdGJuR1N4UmZtRXJOemYwZjAxSDV3dTVJVWRsVlR6VlF1UHNhOTlsdgpYV3ZBYzk2dWxXYjN4RnJXU1orWWc4QjVKS0UwUWJOcm5TalJyQXNqRUxsMCtoak16VXpEZis0dDkwbUhaY1FECk9abjhuUW5MN08ra1QyNFB5dW1TNmNmdXJ5enF3Tmt6S1A1N3N6SzRLN0crWnR6UGdwazhzK05FRm9PMjl2UE0KQTlraXRPT0VwVkJJUUlwSWVwdEVxVVBSKzk0eGg5V1lXblhQNDFyekdSZTRUQjQxN21HVWdxa21PcWZhY0hqUgo2YjByL1JjTGtiV2QwM0s5V0l2WkpESVZ3U3hLMjBWMzBuektjaE1aTVo5dVRadHM0Tm94RjJaaFoweElFWjh5CiszblRCM2djOFY0Zjg5eGJYeHZ6eHdMSGRSVHRsYmRPdkpTQzRvUlJuMnAzUkQxTmlvbjQ4eGNSZmRnMlVVU2kKM0MzcnR2SjN2TzNxait3YnoreE9JN1dEMi92QWZZd2pIZkpRNnhFL0pEdm5JZWFCWEIzS3ViTFc4QU82V01uWQp2Z1RQZmsyRFRlMjE5TldqMTZBV0VxdzFWa1dabHQ5MFhYNHNvM2wwQzhPTld6Qk1pbEptMmRzaXM5bUg5TEhxCnJHWVpneks0WThUdVRjOEhEd2FRc0lSanZXOHM5Rm5yRmtFTU41dTU2bHJNWkp3MjBNRVBIekFRcE1GZDVTS3QKMUxhS2FEZ3ZxRUNaejdCSDJqOGxwY1AwOWZoVlR2aU1HRWdaejlIdkZrRUNBd0VBQWFOQ01FQXdEZ1lEVlIwUApBUUgvQkFRREFnS2tNQThHQTFVZEV3RUIvd1FGTUFNQkFmOHdIUVlEVlIwT0JCWUVGRk16SEVVV0x5Ky9uS1Y5CmlDM0k5S2NUQy9VOU1BMEdDU3FHU0liM0RRRUJDd1VBQTRJQ0FRQVIyUlhTbm1KenI0QUVMMWh4QzRnc1Q0MGIKUG5BSEVSSE1LVFIxTlpoQnovNzE3QkdOQlRpM0FIWVV6akF6d0hBNXBHYjRUMzhSQ2U5TkZmZjFtdlRyQnNtaAoyVUFEY0JTK1hUclNFOWJMWmhuTHM5QW9RSmJjRWpxdGZzTHRieXR4cDdqWkd0VE5ZeXlpSFlNUWhKR2dpSTBhCk14L2lRWmtmbU1mYjNEVmVodVRESHhVWWFCVDQ4eTI5dW9DTTZLSFAxR2pEdTRWaFV5dWtvdEZBc2dZOFhiR2EKSmpLcjFxL2hyR3FlWVl6VTZyQmhHWFMvQmF2KzhzRXhoRGs3eGVzWkZ5OE5tK2swYmhhdUI2dk0rNnFMYmx3agpNanNEZm9KMmdicFF1MmRCOTR6SjBrTGpFM1dOd3RTTHZucmw1UWRpeFU1bG5pcmdETlFNQnZ6UEFWQk9mR2J4CldrRm9BMzdxVlByYklMajNsTFcwZUpVNVZxcWtIY3JxL2JqdE1ocmllZXc0VU5veUQwakZTVlN5c2JzUVhSWngKSlNBVUZHTkdXWXVKKytic09ScFpET3ZodTRrcGVCdFFoSHlZblBhOE9qUzJ3QmZwSmVpNEZpcGRzRjNpUmx1SgpwRk1oMHhGUTdnYTlJNHhQalEzSE55a3h4eVJKUTNYS29wRmVLajR1MWhDRkxIOEk3Zy8xMXBLTVRrdzBwazg1CnVpM2owenZncnhlQVVOaE82bUl4SWVyTEVwWmhXV24zTUpOVzhlZEhxSDF6WDRrMEx1empXR1d2RGEyYW1CeUUKVmVFbEJqOE1hSWZTQ21xUnFWYy9obVA1Wkp2VTJxb2hpNWk1THFlTEdXak1DWTJsa2V2KzJUWndsN21mQ0VHTwpTM3YreU9qS1dqcUFLYmMvTEE9PQotLS0tLUVORCBDRVJUSUZJQ0FURS0tLS0tCg==\n    server: https://aks-qjbxnczp.hcp.eastasia.azmk8s.io:443\n  name: aks-cluster-01\ncontexts:\n- context:\n    cluster: aks-cluster-01\n    user: clusterUser_rg-aks-apim-0420_aks-cluster-01\n  name: aks-cluster-01\ncurrent-context: aks-cluster-01\nkind: Config\npreferences: {}\nusers:\n- name: clusterUser_rg-aks-apim-0420_aks-cluster-01\n  user:\n    exec:\n      apiVersion: client.authentication.k8s.io/v1beta1\n      args:\n      - get-token\n      - --environment\n      - AzurePublicCloud\n      - --server-id\n      - 6dae42f8-4368-4678-94ff-3960e28e3630\n      - --client-id\n      - 80faf920-1908-4b52-b5ef-a8e7bedfc67a\n      - --tenant-id\n      - 9d427af2-14f5-4a21-ad29-9bf8683da155\n      - --login\n      - devicecode\n      command: kubelogin\n      env: null\n      installHint: |2\n\n        kubelogin is not installed which is required to connect to AAD enabled cluster.\n\n        To learn more, please go to https://aka.ms/aks/kubelogin\n      provideClusterInfo: false\n",
            "kubelet_identity": [
              {
                "client_id": "7d6b8063-bbd6-411f-a330-5d7a47caa08c",
                "object_id": "3f24d3b1-988b-4b77-ad40-2eea5bcd5348",
                "user_assigned_identity_id": "/subscriptions/edccbd3e-fb14-444d-92ae-e43da2008c69/resourceGroups/MC_rg-aks-apim-0420_aks-cluster-01_eastasia/providers/Microsoft.ManagedIdentity/userAssignedIdentities/aks-cluster-01-agentpool"
              }
            ],
            "kubernetes_version": "1.30.0",
            "linux_profile": [],
            "local_account_disabled": false,
            "location": "eastasia",
            "maintenance_window": [],
            "maintenance_window_auto_upgrade": [],
            "maintenance_window_node_os": [],
            "microsoft_defender": [],
            "monitor_metrics": [],
            "name": "aks-cluster-01",
            "network_profile": [
              {
                "dns_service_ip": "10.0.0.10",
                "docker_bridge_cidr": "",
                "ebpf_data_plane": "",
                "ip_versions": [
                  "IPv4"
                ],
                "load_balancer_profile": [
                  {
                    "effective_outbound_ips": [
                      "/subscriptions/edccbd3e-fb14-444d-92ae-e43da2008c69/resourceGroups/MC_rg-aks-apim-0420_aks-cluster-01_eastasia/providers/Microsoft.Network/publicIPAddresses/8b353f97-d9f1-4161-a40b-da18d7a4017a"
                    ],
                    "idle_timeout_in_minutes": 0,
                    "managed_outbound_ip_count": 1,
                    "managed_outbound_ipv6_count": 0,
                    "outbound_ip_address_ids": [],
                    "outbound_ip_prefix_ids": [],
                    "outbound_ports_allocated": 0
                  }
                ],
                "load_balancer_sku": "standard",
                "nat_gateway_profile": [],
                "network_data_plane": "azure",
                "network_mode": "",
                "network_plugin": "azure",
                "network_plugin_mode": "",
                "network_policy": "",
                "outbound_ip_address_ids": [],
                "outbound_ip_prefix_ids": [],
                "outbound_type": "loadBalancer",
                "pod_cidr": "",
                "pod_cidrs": [],
                "service_cidr": "10.0.0.0/16",
                "service_cidrs": [
                  "10.0.0.0/16"
                ]
              }
            ],
            "node_os_channel_upgrade": null,
            "node_resource_group": "MC_rg-aks-apim-0420_aks-cluster-01_eastasia",
            "node_resource_group_id": "/subscriptions/edccbd3e-fb14-444d-92ae-e43da2008c69/resourceGroups/MC_rg-aks-apim-0420_aks-cluster-01_eastasia",
            "oidc_issuer_enabled": true,
            "oidc_issuer_url": "https://eastasia.oic.prod-aks.azure.com/9d427af2-14f5-4a21-ad29-9bf8683da155/c838d3bb-d8a8-4f1e-951d-af3304318f9c/",
            "oms_agent": [],
            "open_service_mesh_enabled": false,
            "portal_fqdn": "aks-qjbxnczp.portal.hcp.eastasia.azmk8s.io",
            "private_cluster_enabled": false,
            "private_cluster_public_fqdn_enabled": false,
            "private_dns_zone_id": null,
            "private_fqdn": "",
            "public_network_access_enabled": true,
            "resource_group_name": "rg-aks-apim-0420",
            "role_based_access_control_enabled": true,
            "run_command_enabled": true,
            "service_mesh_profile": [],
            "service_principal": [],
            "sku_tier": "Free",
            "storage_profile": [],
            "support_plan": "KubernetesOfficial",
            "tags": null,
            "timeouts": null,
            "web_app_routing": [],
            "windows_profile": [
              {
                "admin_password": "",
                "admin_username": "azureuser",
                "gmsa": [],
                "license": ""
              }
            ],
            "workload_autoscaler_profile": [],
            "workload_identity_enabled": true
          },
          "sensitive_attributes": [
            [
              {
                "type": "get_attr",
                "value": "kube_admin_config_raw"
              }
            ],
            [
              {
                "type": "get_attr",
                "value": "kube_config_raw"
              }
            ],
            [
              {
                "type": "get_attr",
                "value": "kube_admin_config"
              }
            ],
            [
              {
                "type": "get_attr",
                "value": "windows_profile"
              },
              {
                "type": "index",
                "value": {
                  "value": 0,
                  "type": "number"
                }
              },
              {
                "type": "get_attr",
                "value": "admin_password"
              }
            ],
            [
              {
                "type": "get_attr",
                "value": "azure_active_directory_role_based_access_control"
              },
              {
                "type": "index",
                "value": {
                  "value": 0,
                  "type": "number"
                }
              },
              {
                "type": "get_attr",
                "value": "server_app_secret"
              }
            ],
            [
              {
                "type": "get_attr",
                "value": "kube_config"
              }
            ]
          ],
          "private": "eyJlMmJmYjczMC1lY2FhLTExZTYtOGY4OC0zNDM2M2JjN2M0YzAiOnsiY3JlYXRlIjo1NDAwMDAwMDAwMDAwLCJkZWxldGUiOjU0MDAwMDAwMDAwMDAsInJlYWQiOjMwMDAwMDAwMDAwMCwidXBkYXRlIjo1NDAwMDAwMDAwMDAwfSwic2NoZW1hX3ZlcnNpb24iOiIyIn0=",
          "dependencies": [
            "azurerm_resource_group.rg",
            "azurerm_subnet.snet-aks",
            "azurerm_virtual_network.vnet-spoke",
            "data.azurerm_client_config.current"
          ]
        }
      ]
    },
    {
      "mode": "managed",
      "type": "azurerm_network_security_group",
      "name": "nsg-apim",
      "provider": "provider[\"registry.terraform.io/hashicorp/azurerm\"]",
      "instances": [
        {
          "schema_version": 0,
          "attributes": {
            "id": "/subscriptions/edccbd3e-fb14-444d-92ae-e43da2008c69/resourceGroups/rg-aks-apim-0420/providers/Microsoft.Network/networkSecurityGroups/nsg-apim",
            "location": "eastasia",
            "name": "nsg-apim",
            "resource_group_name": "rg-aks-apim-0420",
            "security_rule": [
              {
                "access": "Allow",
                "description": "",
                "destination_address_prefix": "AzureKeyVault",
                "destination_address_prefixes": [],
                "destination_application_security_group_ids": [],
                "destination_port_range": "443",
                "destination_port_ranges": [],
                "direction": "Outbound",
                "name": "allow-outbound-keyvault",
                "priority": 1040,
                "protocol": "Tcp",
                "source_address_prefix": "VirtualNetwork",
                "source_address_prefixes": [],
                "source_application_security_group_ids": [],
                "source_port_range": "*",
                "source_port_ranges": []
              },
              {
                "access": "Allow",
                "description": "",
                "destination_address_prefix": "SQL",
                "destination_address_prefixes": [],
                "destination_application_security_group_ids": [],
                "destination_port_range": "1443",
                "destination_port_ranges": [],
                "direction": "Outbound",
                "name": "allow-outbound-azure-sql",
                "priority": 1030,
                "protocol": "Tcp",
                "source_address_prefix": "VirtualNetwork",
                "source_address_prefixes": [],
                "source_application_security_group_ids": [],
                "source_port_range": "*",
                "source_port_ranges": []
              },
              {
                "access": "Allow",
                "description": "",
                "destination_address_prefix": "Storage",
                "destination_address_prefixes": [],
                "destination_application_security_group_ids": [],
                "destination_port_range": "443",
                "destination_port_ranges": [],
                "direction": "Outbound",
                "name": "allow-outbound-storage",
                "priority": 1020,
                "protocol": "Tcp",
                "source_address_prefix": "VirtualNetwork",
                "source_address_prefixes": [],
                "source_application_security_group_ids": [],
                "source_port_range": "*",
                "source_port_ranges": []
              },
              {
                "access": "Allow",
                "description": "",
                "destination_address_prefix": "VirtualNetwork",
                "destination_address_prefixes": [],
                "destination_application_security_group_ids": [],
                "destination_port_range": "3443",
                "destination_port_ranges": [],
                "direction": "Inbound",
                "name": "allow-inbound-apim",
                "priority": 1010,
                "protocol": "Tcp",
                "source_address_prefix": "ApiManagement",
                "source_address_prefixes": [],
                "source_application_security_group_ids": [],
                "source_port_range": "*",
                "source_port_ranges": []
              },
              {
                "access": "Allow",
                "description": "",
                "destination_address_prefix": "VirtualNetwork",
                "destination_address_prefixes": [],
                "destination_application_security_group_ids": [],
                "destination_port_range": "443",
                "destination_port_ranges": [],
                "direction": "Inbound",
                "name": "allow-inbound-internet-https",
                "priority": 1030,
                "protocol": "Tcp",
                "source_address_prefix": "Internet",
                "source_address_prefixes": [],
                "source_application_security_group_ids": [],
                "source_port_range": "*",
                "source_port_ranges": []
              },
              {
                "access": "Allow",
                "description": "",
                "destination_address_prefix": "VirtualNetwork",
                "destination_address_prefixes": [],
                "destination_application_security_group_ids": [],
                "destination_port_range": "6390",
                "destination_port_ranges": [],
                "direction": "Inbound",
                "name": "allow-inbound-infra-lb",
                "priority": 1000,
                "protocol": "Tcp",
                "source_address_prefix": "AzureLoadBalancer",
                "source_address_prefixes": [],
                "source_application_security_group_ids": [],
                "source_port_range": "*",
                "source_port_ranges": []
              },
              {
                "access": "Allow",
                "description": "",
                "destination_address_prefix": "VirtualNetwork",
                "destination_address_prefixes": [],
                "destination_application_security_group_ids": [],
                "destination_port_range": "80",
                "destination_port_ranges": [],
                "direction": "Inbound",
                "name": "allow-inbound-internet-http",
                "priority": 1020,
                "protocol": "Tcp",
                "source_address_prefix": "Internet",
                "source_address_prefixes": [],
                "source_application_security_group_ids": [],
                "source_port_range": "*",
                "source_port_ranges": []
              }
            ],
            "tags": {},
            "timeouts": null
          },
          "sensitive_attributes": [],
          "private": "eyJlMmJmYjczMC1lY2FhLTExZTYtOGY4OC0zNDM2M2JjN2M0YzAiOnsiY3JlYXRlIjoxODAwMDAwMDAwMDAwLCJkZWxldGUiOjE4MDAwMDAwMDAwMDAsInJlYWQiOjMwMDAwMDAwMDAwMCwidXBkYXRlIjoxODAwMDAwMDAwMDAwfX0=",
          "dependencies": [
            "azurerm_resource_group.rg"
          ]
        }
      ]
    },
    {
      "mode": "managed",
      "type": "azurerm_network_security_rule",
      "name": "allow-inbound-apim",
      "provider": "provider[\"registry.terraform.io/hashicorp/azurerm\"]",
      "instances": [
        {
          "schema_version": 0,
          "attributes": {
            "access": "Allow",
            "description": "",
            "destination_address_prefix": "VirtualNetwork",
            "destination_address_prefixes": [],
            "destination_application_security_group_ids": [],
            "destination_port_range": "3443",
            "destination_port_ranges": [],
            "direction": "Inbound",
            "id": "/subscriptions/edccbd3e-fb14-444d-92ae-e43da2008c69/resourceGroups/rg-aks-apim-0420/providers/Microsoft.Network/networkSecurityGroups/nsg-apim/securityRules/allow-inbound-apim",
            "name": "allow-inbound-apim",
            "network_security_group_name": "nsg-apim",
            "priority": 1010,
            "protocol": "Tcp",
            "resource_group_name": "rg-aks-apim-0420",
            "source_address_prefix": "ApiManagement",
            "source_address_prefixes": [],
            "source_application_security_group_ids": [],
            "source_port_range": "*",
            "source_port_ranges": [],
            "timeouts": null
          },
          "sensitive_attributes": [],
          "private": "eyJlMmJmYjczMC1lY2FhLTExZTYtOGY4OC0zNDM2M2JjN2M0YzAiOnsiY3JlYXRlIjoxODAwMDAwMDAwMDAwLCJkZWxldGUiOjE4MDAwMDAwMDAwMDAsInJlYWQiOjMwMDAwMDAwMDAwMCwidXBkYXRlIjoxODAwMDAwMDAwMDAwfX0=",
          "dependencies": [
            "azurerm_network_security_group.nsg-apim",
            "azurerm_resource_group.rg"
          ]
        }
      ]
    },
    {
      "mode": "managed",
      "type": "azurerm_network_security_rule",
      "name": "allow-inbound-infra-lb",
      "provider": "provider[\"registry.terraform.io/hashicorp/azurerm\"]",
      "instances": [
        {
          "schema_version": 0,
          "attributes": {
            "access": "Allow",
            "description": "",
            "destination_address_prefix": "VirtualNetwork",
            "destination_address_prefixes": [],
            "destination_application_security_group_ids": [],
            "destination_port_range": "6390",
            "destination_port_ranges": [],
            "direction": "Inbound",
            "id": "/subscriptions/edccbd3e-fb14-444d-92ae-e43da2008c69/resourceGroups/rg-aks-apim-0420/providers/Microsoft.Network/networkSecurityGroups/nsg-apim/securityRules/allow-inbound-infra-lb",
            "name": "allow-inbound-infra-lb",
            "network_security_group_name": "nsg-apim",
            "priority": 1000,
            "protocol": "Tcp",
            "resource_group_name": "rg-aks-apim-0420",
            "source_address_prefix": "AzureLoadBalancer",
            "source_address_prefixes": [],
            "source_application_security_group_ids": [],
            "source_port_range": "*",
            "source_port_ranges": [],
            "timeouts": null
          },
          "sensitive_attributes": [],
          "private": "eyJlMmJmYjczMC1lY2FhLTExZTYtOGY4OC0zNDM2M2JjN2M0YzAiOnsiY3JlYXRlIjoxODAwMDAwMDAwMDAwLCJkZWxldGUiOjE4MDAwMDAwMDAwMDAsInJlYWQiOjMwMDAwMDAwMDAwMCwidXBkYXRlIjoxODAwMDAwMDAwMDAwfX0=",
          "dependencies": [
            "azurerm_network_security_group.nsg-apim",
            "azurerm_resource_group.rg"
          ]
        }
      ]
    },
    {
      "mode": "managed",
      "type": "azurerm_network_security_rule",
      "name": "allow-inbound-internet-http",
      "provider": "provider[\"registry.terraform.io/hashicorp/azurerm\"]",
      "instances": [
        {
          "schema_version": 0,
          "attributes": {
            "access": "Allow",
            "description": "",
            "destination_address_prefix": "VirtualNetwork",
            "destination_address_prefixes": [],
            "destination_application_security_group_ids": [],
            "destination_port_range": "80",
            "destination_port_ranges": [],
            "direction": "Inbound",
            "id": "/subscriptions/edccbd3e-fb14-444d-92ae-e43da2008c69/resourceGroups/rg-aks-apim-0420/providers/Microsoft.Network/networkSecurityGroups/nsg-apim/securityRules/allow-inbound-internet-http",
            "name": "allow-inbound-internet-http",
            "network_security_group_name": "nsg-apim",
            "priority": 1020,
            "protocol": "Tcp",
            "resource_group_name": "rg-aks-apim-0420",
            "source_address_prefix": "Internet",
            "source_address_prefixes": [],
            "source_application_security_group_ids": [],
            "source_port_range": "*",
            "source_port_ranges": [],
            "timeouts": null
          },
          "sensitive_attributes": [],
          "private": "eyJlMmJmYjczMC1lY2FhLTExZTYtOGY4OC0zNDM2M2JjN2M0YzAiOnsiY3JlYXRlIjoxODAwMDAwMDAwMDAwLCJkZWxldGUiOjE4MDAwMDAwMDAwMDAsInJlYWQiOjMwMDAwMDAwMDAwMCwidXBkYXRlIjoxODAwMDAwMDAwMDAwfX0=",
          "dependencies": [
            "azurerm_network_security_group.nsg-apim",
            "azurerm_resource_group.rg"
          ]
        }
      ]
    },
    {
      "mode": "managed",
      "type": "azurerm_network_security_rule",
      "name": "allow-inbound-internet-https",
      "provider": "provider[\"registry.terraform.io/hashicorp/azurerm\"]",
      "instances": [
        {
          "schema_version": 0,
          "attributes": {
            "access": "Allow",
            "description": "",
            "destination_address_prefix": "VirtualNetwork",
            "destination_address_prefixes": [],
            "destination_application_security_group_ids": [],
            "destination_port_range": "443",
            "destination_port_ranges": [],
            "direction": "Inbound",
            "id": "/subscriptions/edccbd3e-fb14-444d-92ae-e43da2008c69/resourceGroups/rg-aks-apim-0420/providers/Microsoft.Network/networkSecurityGroups/nsg-apim/securityRules/allow-inbound-internet-https",
            "name": "allow-inbound-internet-https",
            "network_security_group_name": "nsg-apim",
            "priority": 1030,
            "protocol": "Tcp",
            "resource_group_name": "rg-aks-apim-0420",
            "source_address_prefix": "Internet",
            "source_address_prefixes": [],
            "source_application_security_group_ids": [],
            "source_port_range": "*",
            "source_port_ranges": [],
            "timeouts": null
          },
          "sensitive_attributes": [],
          "private": "eyJlMmJmYjczMC1lY2FhLTExZTYtOGY4OC0zNDM2M2JjN2M0YzAiOnsiY3JlYXRlIjoxODAwMDAwMDAwMDAwLCJkZWxldGUiOjE4MDAwMDAwMDAwMDAsInJlYWQiOjMwMDAwMDAwMDAwMCwidXBkYXRlIjoxODAwMDAwMDAwMDAwfX0=",
          "dependencies": [
            "azurerm_network_security_group.nsg-apim",
            "azurerm_resource_group.rg"
          ]
        }
      ]
    },
    {
      "mode": "managed",
      "type": "azurerm_network_security_rule",
      "name": "allow-outbound-azuresql",
      "provider": "provider[\"registry.terraform.io/hashicorp/azurerm\"]",
      "instances": [
        {
          "index_key": 0,
          "schema_version": 0,
          "attributes": {
            "access": "Allow",
            "description": "",
            "destination_address_prefix": "SQL",
            "destination_address_prefixes": [],
            "destination_application_security_group_ids": [],
            "destination_port_range": "1443",
            "destination_port_ranges": [],
            "direction": "Outbound",
            "id": "/subscriptions/edccbd3e-fb14-444d-92ae-e43da2008c69/resourceGroups/rg-aks-apim-0420/providers/Microsoft.Network/networkSecurityGroups/nsg-apim/securityRules/allow-outbound-azure-sql",
            "name": "allow-outbound-azure-sql",
            "network_security_group_name": "nsg-apim",
            "priority": 1030,
            "protocol": "Tcp",
            "resource_group_name": "rg-aks-apim-0420",
            "source_address_prefix": "VirtualNetwork",
            "source_address_prefixes": [],
            "source_application_security_group_ids": [],
            "source_port_range": "*",
            "source_port_ranges": [],
            "timeouts": null
          },
          "sensitive_attributes": [],
          "private": "eyJlMmJmYjczMC1lY2FhLTExZTYtOGY4OC0zNDM2M2JjN2M0YzAiOnsiY3JlYXRlIjoxODAwMDAwMDAwMDAwLCJkZWxldGUiOjE4MDAwMDAwMDAwMDAsInJlYWQiOjMwMDAwMDAwMDAwMCwidXBkYXRlIjoxODAwMDAwMDAwMDAwfX0=",
          "dependencies": [
            "azurerm_network_security_group.nsg-apim",
            "azurerm_resource_group.rg"
          ]
        }
      ]
    },
    {
      "mode": "managed",
      "type": "azurerm_network_security_rule",
      "name": "allow-outbound-keyvault",
      "provider": "provider[\"registry.terraform.io/hashicorp/azurerm\"]",
      "instances": [
        {
          "index_key": 0,
          "schema_version": 0,
          "attributes": {
            "access": "Allow",
            "description": "",
            "destination_address_prefix": "AzureKeyVault",
            "destination_address_prefixes": [],
            "destination_application_security_group_ids": [],
            "destination_port_range": "443",
            "destination_port_ranges": [],
            "direction": "Outbound",
            "id": "/subscriptions/edccbd3e-fb14-444d-92ae-e43da2008c69/resourceGroups/rg-aks-apim-0420/providers/Microsoft.Network/networkSecurityGroups/nsg-apim/securityRules/allow-outbound-keyvault",
            "name": "allow-outbound-keyvault",
            "network_security_group_name": "nsg-apim",
            "priority": 1040,
            "protocol": "Tcp",
            "resource_group_name": "rg-aks-apim-0420",
            "source_address_prefix": "VirtualNetwork",
            "source_address_prefixes": [],
            "source_application_security_group_ids": [],
            "source_port_range": "*",
            "source_port_ranges": [],
            "timeouts": null
          },
          "sensitive_attributes": [],
          "private": "eyJlMmJmYjczMC1lY2FhLTExZTYtOGY4OC0zNDM2M2JjN2M0YzAiOnsiY3JlYXRlIjoxODAwMDAwMDAwMDAwLCJkZWxldGUiOjE4MDAwMDAwMDAwMDAsInJlYWQiOjMwMDAwMDAwMDAwMCwidXBkYXRlIjoxODAwMDAwMDAwMDAwfX0=",
          "dependencies": [
            "azurerm_network_security_group.nsg-apim",
            "azurerm_resource_group.rg"
          ]
        }
      ]
    },
    {
      "mode": "managed",
      "type": "azurerm_network_security_rule",
      "name": "allow-outbound-storage",
      "provider": "provider[\"registry.terraform.io/hashicorp/azurerm\"]",
      "instances": [
        {
          "index_key": 0,
          "schema_version": 0,
          "attributes": {
            "access": "Allow",
            "description": "",
            "destination_address_prefix": "Storage",
            "destination_address_prefixes": [],
            "destination_application_security_group_ids": [],
            "destination_port_range": "443",
            "destination_port_ranges": [],
            "direction": "Outbound",
            "id": "/subscriptions/edccbd3e-fb14-444d-92ae-e43da2008c69/resourceGroups/rg-aks-apim-0420/providers/Microsoft.Network/networkSecurityGroups/nsg-apim/securityRules/allow-outbound-storage",
            "name": "allow-outbound-storage",
            "network_security_group_name": "nsg-apim",
            "priority": 1020,
            "protocol": "Tcp",
            "resource_group_name": "rg-aks-apim-0420",
            "source_address_prefix": "VirtualNetwork",
            "source_address_prefixes": [],
            "source_application_security_group_ids": [],
            "source_port_range": "*",
            "source_port_ranges": [],
            "timeouts": null
          },
          "sensitive_attributes": [],
          "private": "eyJlMmJmYjczMC1lY2FhLTExZTYtOGY4OC0zNDM2M2JjN2M0YzAiOnsiY3JlYXRlIjoxODAwMDAwMDAwMDAwLCJkZWxldGUiOjE4MDAwMDAwMDAwMDAsInJlYWQiOjMwMDAwMDAwMDAwMCwidXBkYXRlIjoxODAwMDAwMDAwMDAwfX0=",
          "dependencies": [
            "azurerm_network_security_group.nsg-apim",
            "azurerm_resource_group.rg"
          ]
        }
      ]
    },
    {
      "mode": "managed",
      "type": "azurerm_private_dns_a_record",
      "name": "test",
      "provider": "provider[\"registry.terraform.io/hashicorp/azurerm\"]",
      "instances": [
        {
          "schema_version": 0,
          "attributes": {
            "fqdn": "test.internal.webapi.",
            "id": "/subscriptions/edccbd3e-fb14-444d-92ae-e43da2008c69/resourceGroups/rg-aks-apim-0420/providers/Microsoft.Network/privateDnsZones/internal.webapi/A/test",
            "name": "test",
            "records": [
              "10.11.12.13"
            ],
            "resource_group_name": "rg-aks-apim-0420",
            "tags": {},
            "timeouts": null,
            "ttl": 300,
            "zone_name": "internal.webapi"
          },
          "sensitive_attributes": [],
          "private": "eyJlMmJmYjczMC1lY2FhLTExZTYtOGY4OC0zNDM2M2JjN2M0YzAiOnsiY3JlYXRlIjoxODAwMDAwMDAwMDAwLCJkZWxldGUiOjE4MDAwMDAwMDAwMDAsInJlYWQiOjMwMDAwMDAwMDAwMCwidXBkYXRlIjoxODAwMDAwMDAwMDAwfX0=",
          "dependencies": [
            "azurerm_private_dns_zone.private_dns_zone",
            "azurerm_resource_group.rg"
          ]
        }
      ]
    },
    {
      "mode": "managed",
      "type": "azurerm_private_dns_a_record",
      "name": "webapi_dns",
      "provider": "provider[\"registry.terraform.io/hashicorp/azurerm\"]",
      "instances": [
        {
          "schema_version": 0,
          "attributes": {
            "fqdn": "webapi_dns.internal.webapi.",
            "id": "/subscriptions/edccbd3e-fb14-444d-92ae-e43da2008c69/resourceGroups/rg-aks-apim-0420/providers/Microsoft.Network/privateDnsZones/internal.webapi/A/webapi_dns",
            "name": "webapi_dns",
            "records": [
              "10.10.0.101"
            ],
            "resource_group_name": "rg-aks-apim-0420",
            "tags": null,
            "timeouts": null,
            "ttl": 300,
            "zone_name": "internal.webapi"
          },
          "sensitive_attributes": [],
          "private": "eyJlMmJmYjczMC1lY2FhLTExZTYtOGY4OC0zNDM2M2JjN2M0YzAiOnsiY3JlYXRlIjoxODAwMDAwMDAwMDAwLCJkZWxldGUiOjE4MDAwMDAwMDAwMDAsInJlYWQiOjMwMDAwMDAwMDAwMCwidXBkYXRlIjoxODAwMDAwMDAwMDAwfX0=",
          "dependencies": [
            "azurerm_private_dns_zone.private_dns_zone",
            "azurerm_resource_group.rg"
          ]
        }
      ]
    },
    {
      "mode": "managed",
      "type": "azurerm_private_dns_zone",
      "name": "private_dns_zone",
      "provider": "provider[\"registry.terraform.io/hashicorp/azurerm\"]",
      "instances": [
        {
          "schema_version": 0,
          "attributes": {
            "id": "/subscriptions/edccbd3e-fb14-444d-92ae-e43da2008c69/resourceGroups/rg-aks-apim-0420/providers/Microsoft.Network/privateDnsZones/internal.webapi",
            "max_number_of_record_sets": 25000,
            "max_number_of_virtual_network_links": 1000,
            "max_number_of_virtual_network_links_with_registration": 100,
            "name": "internal.webapi",
            "number_of_record_sets": 3,
            "resource_group_name": "rg-aks-apim-0420",
            "soa_record": [
              {
                "email": "azureprivatedns-host.microsoft.com",
                "expire_time": 2419200,
                "fqdn": "internal.webapi.",
                "host_name": "azureprivatedns.net",
                "minimum_ttl": 10,
                "refresh_time": 3600,
                "retry_time": 300,
                "serial_number": 1,
                "tags": {},
                "ttl": 3600
              }
            ],
            "tags": {},
            "timeouts": null
          },
          "sensitive_attributes": [],
          "private": "eyJlMmJmYjczMC1lY2FhLTExZTYtOGY4OC0zNDM2M2JjN2M0YzAiOnsiY3JlYXRlIjoxODAwMDAwMDAwMDAwLCJkZWxldGUiOjE4MDAwMDAwMDAwMDAsInJlYWQiOjMwMDAwMDAwMDAwMCwidXBkYXRlIjoxODAwMDAwMDAwMDAwfX0=",
          "dependencies": [
            "azurerm_resource_group.rg"
          ]
        }
      ]
    },
    {
      "mode": "managed",
      "type": "azurerm_private_dns_zone_virtual_network_link",
      "name": "link-vnet",
      "provider": "provider[\"registry.terraform.io/hashicorp/azurerm\"]",
      "instances": [
        {
          "schema_version": 0,
          "attributes": {
            "id": "/subscriptions/edccbd3e-fb14-444d-92ae-e43da2008c69/resourceGroups/rg-aks-apim-0420/providers/Microsoft.Network/privateDnsZones/internal.webapi/virtualNetworkLinks/link-vnet",
            "name": "link-vnet",
            "private_dns_zone_name": "internal.webapi",
            "registration_enabled": false,
            "resource_group_name": "rg-aks-apim-0420",
            "tags": {},
            "timeouts": null,
            "virtual_network_id": "/subscriptions/edccbd3e-fb14-444d-92ae-e43da2008c69/resourceGroups/rg-aks-apim-0420/providers/Microsoft.Network/virtualNetworks/vnet-spoke"
          },
          "sensitive_attributes": [],
          "private": "eyJlMmJmYjczMC1lY2FhLTExZTYtOGY4OC0zNDM2M2JjN2M0YzAiOnsiY3JlYXRlIjoxODAwMDAwMDAwMDAwLCJkZWxldGUiOjE4MDAwMDAwMDAwMDAsInJlYWQiOjMwMDAwMDAwMDAwMCwidXBkYXRlIjoxODAwMDAwMDAwMDAwfX0=",
          "dependencies": [
            "azurerm_private_dns_zone.private_dns_zone",
            "azurerm_resource_group.rg",
            "azurerm_virtual_network.vnet-spoke"
          ]
        }
      ]
    },
    {
      "mode": "managed",
      "type": "azurerm_public_ip",
      "name": "pip-apim",
      "provider": "provider[\"registry.terraform.io/hashicorp/azurerm\"]",
      "instances": [
        {
          "schema_version": 0,
          "attributes": {
            "allocation_method": "Static",
            "ddos_protection_mode": "VirtualNetworkInherited",
            "ddos_protection_plan_id": null,
            "domain_name_label": "apim-extern-0420",
            "edge_zone": "",
            "fqdn": "apim-extern-0420.eastasia.cloudapp.azure.com",
            "id": "/subscriptions/edccbd3e-fb14-444d-92ae-e43da2008c69/resourceGroups/rg-aks-apim-0420/providers/Microsoft.Network/publicIPAddresses/pip-apim",
            "idle_timeout_in_minutes": 4,
            "ip_address": "20.2.211.56",
            "ip_tags": {},
            "ip_version": "IPv4",
            "location": "eastasia",
            "name": "pip-apim",
            "public_ip_prefix_id": null,
            "resource_group_name": "rg-aks-apim-0420",
            "reverse_fqdn": "",
            "sku": "Standard",
            "sku_tier": "Regional",
            "tags": {},
            "timeouts": null,
            "zones": [
              "1"
            ]
          },
          "sensitive_attributes": [],
          "private": "eyJlMmJmYjczMC1lY2FhLTExZTYtOGY4OC0zNDM2M2JjN2M0YzAiOnsiY3JlYXRlIjoxODAwMDAwMDAwMDAwLCJkZWxldGUiOjE4MDAwMDAwMDAwMDAsInJlYWQiOjMwMDAwMDAwMDAwMCwidXBkYXRlIjoxODAwMDAwMDAwMDAwfX0=",
          "dependencies": [
            "azurerm_resource_group.rg"
          ]
        }
      ]
    },
    {
      "mode": "managed",
      "type": "azurerm_resource_group",
      "name": "rg",
      "provider": "provider[\"registry.terraform.io/hashicorp/azurerm\"]",
      "instances": [
        {
          "schema_version": 0,
          "attributes": {
            "id": "/subscriptions/edccbd3e-fb14-444d-92ae-e43da2008c69/resourceGroups/rg-aks-apim-0420",
            "location": "eastasia",
            "managed_by": "",
            "name": "rg-aks-apim-0420",
            "tags": {},
            "timeouts": null
          },
          "sensitive_attributes": [],
          "private": "eyJlMmJmYjczMC1lY2FhLTExZTYtOGY4OC0zNDM2M2JjN2M0YzAiOnsiY3JlYXRlIjo1NDAwMDAwMDAwMDAwLCJkZWxldGUiOjU0MDAwMDAwMDAwMDAsInJlYWQiOjMwMDAwMDAwMDAwMCwidXBkYXRlIjo1NDAwMDAwMDAwMDAwfX0="
        }
      ]
    },
    {
      "mode": "managed",
      "type": "azurerm_role_assignment",
      "name": "keyvault-admin",
      "provider": "provider[\"registry.terraform.io/hashicorp/azurerm\"]",
      "instances": [
        {
          "schema_version": 0,
          "attributes": {
            "condition": "",
            "condition_version": "",
            "delegated_managed_identity_resource_id": "",
            "description": "",
            "id": "/subscriptions/edccbd3e-fb14-444d-92ae-e43da2008c69/resourceGroups/rg-aks-apim-0420/providers/Microsoft.KeyVault/vaults/kv4aks0420/providers/Microsoft.Authorization/roleAssignments/bf8df6fa-f9a3-b3b0-c662-193edcd3c673",
            "name": "bf8df6fa-f9a3-b3b0-c662-193edcd3c673",
            "principal_id": "88a0ae9a-cadc-4e1e-ad6c-7e6adfa0d263",
            "principal_type": "User",
            "role_definition_id": "/subscriptions/edccbd3e-fb14-444d-92ae-e43da2008c69/providers/Microsoft.Authorization/roleDefinitions/00482a5a-887f-4fb3-b363-3b7fe8e74483",
            "role_definition_name": "Key Vault Administrator",
            "scope": "/subscriptions/edccbd3e-fb14-444d-92ae-e43da2008c69/resourceGroups/rg-aks-apim-0420/providers/Microsoft.KeyVault/vaults/kv4aks0420",
            "skip_service_principal_aad_check": null,
            "timeouts": null
          },
          "sensitive_attributes": [],
          "private": "eyJlMmJmYjczMC1lY2FhLTExZTYtOGY4OC0zNDM2M2JjN2M0YzAiOnsiY3JlYXRlIjoxODAwMDAwMDAwMDAwLCJkZWxldGUiOjE4MDAwMDAwMDAwMDAsInJlYWQiOjMwMDAwMDAwMDAwMH19",
          "dependencies": [
            "azurerm_key_vault.keyvault",
            "azurerm_resource_group.rg",
            "data.azurerm_client_config.current"
          ]
        }
      ]
    },
    {
      "mode": "managed",
      "type": "azurerm_role_assignment",
      "name": "keyvault-secrets-officer",
      "provider": "provider[\"registry.terraform.io/hashicorp/azurerm\"]",
      "instances": [
        {
          "schema_version": 0,
          "attributes": {
            "condition": "",
            "condition_version": "",
            "delegated_managed_identity_resource_id": "",
            "description": "",
            "id": "/subscriptions/edccbd3e-fb14-444d-92ae-e43da2008c69/resourceGroups/rg-aks-apim-0420/providers/Microsoft.KeyVault/vaults/kv4aks0420/providers/Microsoft.Authorization/roleAssignments/be2b1110-559e-4a99-1402-0570955bfce5",
            "name": "be2b1110-559e-4a99-1402-0570955bfce5",
            "principal_id": "88a0ae9a-cadc-4e1e-ad6c-7e6adfa0d263",
            "principal_type": "User",
            "role_definition_id": "/subscriptions/edccbd3e-fb14-444d-92ae-e43da2008c69/providers/Microsoft.Authorization/roleDefinitions/b86a8fe4-44ce-4948-aee5-eccb2c155cd7",
            "role_definition_name": "Key Vault Secrets Officer",
            "scope": "/subscriptions/edccbd3e-fb14-444d-92ae-e43da2008c69/resourceGroups/rg-aks-apim-0420/providers/Microsoft.KeyVault/vaults/kv4aks0420",
            "skip_service_principal_aad_check": null,
            "timeouts": null
          },
          "sensitive_attributes": [],
          "private": "eyJlMmJmYjczMC1lY2FhLTExZTYtOGY4OC0zNDM2M2JjN2M0YzAiOnsiY3JlYXRlIjoxODAwMDAwMDAwMDAwLCJkZWxldGUiOjE4MDAwMDAwMDAwMDAsInJlYWQiOjMwMDAwMDAwMDAwMH19",
          "dependencies": [
            "azurerm_key_vault.keyvault",
            "azurerm_resource_group.rg",
            "data.azurerm_client_config.current"
          ]
        }
      ]
    },
    {
      "mode": "managed",
      "type": "azurerm_role_assignment",
      "name": "network-contributor",
      "provider": "provider[\"registry.terraform.io/hashicorp/azurerm\"]",
      "instances": [
        {
          "schema_version": 0,
          "attributes": {
            "condition": "",
            "condition_version": "",
            "delegated_managed_identity_resource_id": "",
            "description": "",
            "id": "/subscriptions/edccbd3e-fb14-444d-92ae-e43da2008c69/resourceGroups/rg-aks-apim-0420/providers/Microsoft.Network/virtualNetworks/vnet-spoke/subnets/snet-aks/providers/Microsoft.Authorization/roleAssignments/3d2ee37d-3f81-e7a3-f83f-2573a61e210e",
            "name": "3d2ee37d-3f81-e7a3-f83f-2573a61e210e",
            "principal_id": "c42679ab-cb3e-41ce-9ef9-301c352c9279",
            "principal_type": "ServicePrincipal",
            "role_definition_id": "/subscriptions/edccbd3e-fb14-444d-92ae-e43da2008c69/providers/Microsoft.Authorization/roleDefinitions/4d97b98b-1d4f-4787-a291-c67834d212e7",
            "role_definition_name": "Network Contributor",
            "scope": "/subscriptions/edccbd3e-fb14-444d-92ae-e43da2008c69/resourceGroups/rg-aks-apim-0420/providers/Microsoft.Network/virtualNetworks/vnet-spoke/subnets/snet-aks",
            "skip_service_principal_aad_check": null,
            "timeouts": null
          },
          "sensitive_attributes": [],
          "private": "eyJlMmJmYjczMC1lY2FhLTExZTYtOGY4OC0zNDM2M2JjN2M0YzAiOnsiY3JlYXRlIjoxODAwMDAwMDAwMDAwLCJkZWxldGUiOjE4MDAwMDAwMDAwMDAsInJlYWQiOjMwMDAwMDAwMDAwMH19",
          "dependencies": [
            "azurerm_kubernetes_cluster.aks",
            "azurerm_resource_group.rg",
            "azurerm_subnet.snet-aks",
            "azurerm_virtual_network.vnet-spoke",
            "data.azurerm_client_config.current"
          ]
        }
      ]
    },
    {
      "mode": "managed",
      "type": "azurerm_subnet",
      "name": "snet-aks",
      "provider": "provider[\"registry.terraform.io/hashicorp/azurerm\"]",
      "instances": [
        {
          "schema_version": 0,
          "attributes": {
            "address_prefixes": [
              "10.10.0.0/24"
            ],
            "default_outbound_access_enabled": true,
            "delegation": [],
            "enforce_private_link_endpoint_network_policies": false,
            "enforce_private_link_service_network_policies": false,
            "id": "/subscriptions/edccbd3e-fb14-444d-92ae-e43da2008c69/resourceGroups/rg-aks-apim-0420/providers/Microsoft.Network/virtualNetworks/vnet-spoke/subnets/snet-aks",
            "name": "snet-aks",
            "private_endpoint_network_policies": "Enabled",
            "private_endpoint_network_policies_enabled": true,
            "private_link_service_network_policies_enabled": true,
            "resource_group_name": "rg-aks-apim-0420",
            "service_endpoint_policy_ids": [],
            "service_endpoints": [],
            "timeouts": null,
            "virtual_network_name": "vnet-spoke"
          },
          "sensitive_attributes": [],
          "private": "eyJlMmJmYjczMC1lY2FhLTExZTYtOGY4OC0zNDM2M2JjN2M0YzAiOnsiY3JlYXRlIjoxODAwMDAwMDAwMDAwLCJkZWxldGUiOjE4MDAwMDAwMDAwMDAsInJlYWQiOjMwMDAwMDAwMDAwMCwidXBkYXRlIjoxODAwMDAwMDAwMDAwfX0=",
          "dependencies": [
            "azurerm_resource_group.rg",
            "azurerm_virtual_network.vnet-spoke"
          ]
        }
      ]
    },
    {
      "mode": "managed",
      "type": "azurerm_subnet",
      "name": "snet-apim",
      "provider": "provider[\"registry.terraform.io/hashicorp/azurerm\"]",
      "instances": [
        {
          "schema_version": 0,
          "attributes": {
            "address_prefixes": [
              "10.10.1.0/24"
            ],
            "default_outbound_access_enabled": true,
            "delegation": [],
            "enforce_private_link_endpoint_network_policies": false,
            "enforce_private_link_service_network_policies": false,
            "id": "/subscriptions/edccbd3e-fb14-444d-92ae-e43da2008c69/resourceGroups/rg-aks-apim-0420/providers/Microsoft.Network/virtualNetworks/vnet-spoke/subnets/snet-apim",
            "name": "snet-apim",
            "private_endpoint_network_policies": "Enabled",
            "private_endpoint_network_policies_enabled": true,
            "private_link_service_network_policies_enabled": true,
            "resource_group_name": "rg-aks-apim-0420",
            "service_endpoint_policy_ids": [],
            "service_endpoints": [],
            "timeouts": null,
            "virtual_network_name": "vnet-spoke"
          },
          "sensitive_attributes": [],
          "private": "eyJlMmJmYjczMC1lY2FhLTExZTYtOGY4OC0zNDM2M2JjN2M0YzAiOnsiY3JlYXRlIjoxODAwMDAwMDAwMDAwLCJkZWxldGUiOjE4MDAwMDAwMDAwMDAsInJlYWQiOjMwMDAwMDAwMDAwMCwidXBkYXRlIjoxODAwMDAwMDAwMDAwfX0=",
          "dependencies": [
            "azurerm_resource_group.rg",
            "azurerm_virtual_network.vnet-spoke"
          ]
        }
      ]
    },
    {
      "mode": "managed",
      "type": "azurerm_subnet_network_security_group_association",
      "name": "nsg-association",
      "provider": "provider[\"registry.terraform.io/hashicorp/azurerm\"]",
      "instances": [
        {
          "schema_version": 0,
          "attributes": {
            "id": "/subscriptions/edccbd3e-fb14-444d-92ae-e43da2008c69/resourceGroups/rg-aks-apim-0420/providers/Microsoft.Network/virtualNetworks/vnet-spoke/subnets/snet-apim",
            "network_security_group_id": "/subscriptions/edccbd3e-fb14-444d-92ae-e43da2008c69/resourceGroups/rg-aks-apim-0420/providers/Microsoft.Network/networkSecurityGroups/nsg-apim",
            "subnet_id": "/subscriptions/edccbd3e-fb14-444d-92ae-e43da2008c69/resourceGroups/rg-aks-apim-0420/providers/Microsoft.Network/virtualNetworks/vnet-spoke/subnets/snet-apim",
            "timeouts": null
          },
          "sensitive_attributes": [],
          "private": "eyJlMmJmYjczMC1lY2FhLTExZTYtOGY4OC0zNDM2M2JjN2M0YzAiOnsiY3JlYXRlIjoxODAwMDAwMDAwMDAwLCJkZWxldGUiOjE4MDAwMDAwMDAwMDAsInJlYWQiOjMwMDAwMDAwMDAwMH19",
          "dependencies": [
            "azurerm_network_security_group.nsg-apim",
            "azurerm_resource_group.rg",
            "azurerm_subnet.snet-apim",
            "azurerm_virtual_network.vnet-spoke"
          ]
        }
      ]
    },
    {
      "mode": "managed",
      "type": "azurerm_virtual_network",
      "name": "vnet-spoke",
      "provider": "provider[\"registry.terraform.io/hashicorp/azurerm\"]",
      "instances": [
        {
          "schema_version": 0,
          "attributes": {
            "address_space": [
              "10.10.0.0/16"
            ],
            "bgp_community": "",
            "ddos_protection_plan": [],
            "dns_servers": [],
            "edge_zone": "",
            "encryption": [],
            "flow_timeout_in_minutes": 0,
            "guid": "6b96c078-2d02-4715-8e2c-d887c0ffe36d",
            "id": "/subscriptions/edccbd3e-fb14-444d-92ae-e43da2008c69/resourceGroups/rg-aks-apim-0420/providers/Microsoft.Network/virtualNetworks/vnet-spoke",
            "location": "eastasia",
            "name": "vnet-spoke",
            "resource_group_name": "rg-aks-apim-0420",
            "subnet": [
              {
                "address_prefix": "10.10.0.0/24",
                "id": "/subscriptions/edccbd3e-fb14-444d-92ae-e43da2008c69/resourceGroups/rg-aks-apim-0420/providers/Microsoft.Network/virtualNetworks/vnet-spoke/subnets/snet-aks",
                "name": "snet-aks",
                "security_group": ""
              },
              {
                "address_prefix": "10.10.1.0/24",
                "id": "/subscriptions/edccbd3e-fb14-444d-92ae-e43da2008c69/resourceGroups/rg-aks-apim-0420/providers/Microsoft.Network/virtualNetworks/vnet-spoke/subnets/snet-apim",
                "name": "snet-apim",
                "security_group": "/subscriptions/edccbd3e-fb14-444d-92ae-e43da2008c69/resourceGroups/rg-aks-apim-0420/providers/Microsoft.Network/networkSecurityGroups/nsg-apim"
              }
            ],
            "tags": {},
            "timeouts": null
          },
          "sensitive_attributes": [],
          "private": "eyJlMmJmYjczMC1lY2FhLTExZTYtOGY4OC0zNDM2M2JjN2M0YzAiOnsiY3JlYXRlIjoxODAwMDAwMDAwMDAwLCJkZWxldGUiOjE4MDAwMDAwMDAwMDAsInJlYWQiOjMwMDAwMDAwMDAwMCwidXBkYXRlIjoxODAwMDAwMDAwMDAwfX0=",
          "dependencies": [
            "azurerm_resource_group.rg"
          ]
        }
      ]
    },
    {
      "mode": "managed",
      "type": "terraform_data",
      "name": "aks-get-credentials",
      "provider": "provider[\"terraform.io/builtin/terraform\"]",
      "instances": [
        {
          "schema_version": 0,
          "attributes": {
            "id": "072857c1-a587-0566-a282-e2ed14b1b9f9",
            "input": null,
            "output": null,
            "triggers_replace": {
              "value": [
                "/subscriptions/edccbd3e-fb14-444d-92ae-e43da2008c69/resourceGroups/rg-aks-apim-0420/providers/Microsoft.ContainerService/managedClusters/aks-cluster-01"
              ],
              "type": [
                "tuple",
                [
                  "string"
                ]
              ]
            }
          },
          "sensitive_attributes": [],
          "dependencies": [
            "azurerm_kubernetes_cluster.aks",
            "azurerm_resource_group.rg",
            "azurerm_subnet.snet-aks",
            "azurerm_virtual_network.vnet-spoke",
            "data.azurerm_client_config.current"
          ]
        }
      ]
    }
  ],
  "check_results": null
}
